Microsoft Visual Studio Solution File, Format Version 12.00
# Visual Studio Version 17
VisualStudioVersion = 17.12.35323.107
MinimumVisualStudioVersion = 10.0.40219.1
Project("{FAE04EC0-301F-11D3-BF4B-00C04F79EFBC}") = "StrideGumSample", "StrideGumSample\StrideGumSample.csproj", "{03BD334E-6E27-4BF8-94C0-A4F75FE6B247}"
EndProject
Project("{FAE04EC0-301F-11D3-BF4B-00C04F79EFBC}") = "StrideGum", "..\..\Runtimes\StrideGum\StrideGum.csproj", "{0FBE1A2C-E811-48D6-8D73-2AE10D823E05}"
EndProject
Project("{FAE04EC0-301F-11D3-BF4B-00C04F79EFBC}") = "SkiaGum", "..\..\Runtimes\SkiaGum\SkiaGum.csproj", "{C8415A14-F48F-47E3-914D-79C44434CB77}"
EndProject
Project("{2150E333-8FDC-42A3-9474-1A3956D46DE8}") = "LibraryProjects", "LibraryProjects", "{269E6100-C1A6-41C2-971C-7C5B32987775}"
EndProject
Project("{FAE04EC0-301F-11D3-BF4B-00C04F79EFBC}") = "GumCommon", "..\..\GumCommon\GumCommon.csproj", "{2ABFB42D-954D-4429-8B01-397581BC8C9D}"
EndProject
Global
	GlobalSection(SolutionConfigurationPlatforms) = preSolution
		Debug|Any CPU = Debug|Any CPU
		Release|Any CPU = Release|Any CPU
	EndGlobalSection
	GlobalSection(ProjectConfigurationPlatforms) = postSolution
		{03BD334E-6E27-4BF8-94C0-A4F75FE6B247}.Debug|Any CPU.ActiveCfg = Debug|Any CPU
		{03BD334E-6E27-4BF8-94C0-A4F75FE6B247}.Debug|Any CPU.Build.0 = Debug|Any CPU
		{03BD334E-6E27-4BF8-94C0-A4F75FE6B247}.Release|Any CPU.ActiveCfg = Release|Any CPU
		{03BD334E-6E27-4BF8-94C0-A4F75FE6B247}.Release|Any CPU.Build.0 = Release|Any CPU
		{0FBE1A2C-E811-48D6-8D73-2AE10D823E05}.Debug|Any CPU.ActiveCfg = Debug|Any CPU
		{0FBE1A2C-E811-48D6-8D73-2AE10D823E05}.Debug|Any CPU.Build.0 = Debug|Any CPU
		{0FBE1A2C-E811-48D6-8D73-2AE10D823E05}.Release|Any CPU.ActiveCfg = Release|Any CPU
		{0FBE1A2C-E811-48D6-8D73-2AE10D823E05}.Release|Any CPU.Build.0 = Release|Any CPU
		{C8415A14-F48F-47E3-914D-79C44434CB77}.Debug|Any CPU.ActiveCfg = Debug|Any CPU
		{C8415A14-F48F-47E3-914D-79C44434CB77}.Debug|Any CPU.Build.0 = Debug|Any CPU
		{C8415A14-F48F-47E3-914D-79C44434CB77}.Release|Any CPU.ActiveCfg = Release|Any CPU
		{C8415A14-F48F-47E3-914D-79C44434CB77}.Release|Any CPU.Build.0 = Release|Any CPU
		{2ABFB42D-954D-4429-8B01-397581BC8C9D}.Debug|Any CPU.ActiveCfg = Debug|Any CPU
		{2ABFB42D-954D-4429-8B01-397581BC8C9D}.Debug|Any CPU.Build.0 = Debug|Any CPU
		{2ABFB42D-954D-4429-8B01-397581BC8C9D}.Release|Any CPU.ActiveCfg = Release|Any CPU
		{2ABFB42D-954D-4429-8B01-397581BC8C9D}.Release|Any CPU.Build.0 = Release|Any CPU
	EndGlobalSection
	GlobalSection(SolutionProperties) = preSolution
		HideSolutionNode = FALSE
	EndGlobalSection
	GlobalSection(NestedProjects) = preSolution
		{0FBE1A2C-E811-48D6-8D73-2AE10D823E05} = {269E6100-C1A6-41C2-971C-7C5B32987775}
		{C8415A14-F48F-47E3-914D-79C44434CB77} = {269E6100-C1A6-41C2-971C-7C5B32987775}
		{2ABFB42D-954D-4429-8B01-397581BC8C9D} = {269E6100-C1A6-41C2-971C-7C5B32987775}
	EndGlobalSection
	GlobalSection(ExtensibilityGlobals) = postSolution
		SolutionGuid = {C8399387-D5EE-457B-AE02-EDBF36C880B9}
	EndGlobalSection
EndGlobal
