
Microsoft Visual Studio Solution File, Format Version 12.00
# Visual Studio Version 17
VisualStudioVersion = 17.0.31903.59
MinimumVisualStudioVersion = 10.0.40219.1
Project("{FAE04EC0-301F-11D3-BF4B-00C04F79EFBC}") = "CodeGen_Raylib_ByReference", "CodeGen_Raylib_ByReference.csproj", "{7C5F2ED8-E428-4DD6-BC87-CB07DC0C74A2}"
EndProject
Project("{FAE04EC0-301F-11D3-BF4B-00C04F79EFBC}") = "RaylibGum", "..\..\Runtimes\RaylibGum\RaylibGum.csproj", "{940DC802-FEFF-411A-A350-63B05A0A07A8}"
EndProject
Project("{FAE04EC0-301F-11D3-BF4B-00C04F79EFBC}") = "GumCommon", "..\..\GumCommon\GumCommon.csproj", "{5E8886BD-273E-4C3F-9EEF-0B1A67CBFF80}"
EndProject
Global
	GlobalSection(SolutionConfigurationPlatforms) = preSolution
		Debug|Any CPU = Debug|Any CPU
		Debug|x64 = Debug|x64
		Debug|x86 = Debug|x86
		Release|Any CPU = Release|Any CPU
		Release|x64 = Release|x64
		Release|x86 = Release|x86
	EndGlobalSection
	GlobalSection(ProjectConfigurationPlatforms) = postSolution
		{7C5F2ED8-E428-4DD6-BC87-CB07DC0C74A2}.Debug|Any CPU.ActiveCfg = Debug|Any CPU
		{7C5F2ED8-E428-4DD6-BC87-CB07DC0C74A2}.Debug|Any CPU.Build.0 = Debug|Any CPU
		{7C5F2ED8-E428-4DD6-BC87-CB07DC0C74A2}.Debug|x64.ActiveCfg = Debug|Any CPU
		{7C5F2ED8-E428-4DD6-BC87-CB07DC0C74A2}.Debug|x64.Build.0 = Debug|Any CPU
		{7C5F2ED8-E428-4DD6-BC87-CB07DC0C74A2}.Debug|x86.ActiveCfg = Debug|Any CPU
		{7C5F2ED8-E428-4DD6-BC87-CB07DC0C74A2}.Debug|x86.Build.0 = Debug|Any CPU
		{7C5F2ED8-E428-4DD6-BC87-CB07DC0C74A2}.Release|Any CPU.ActiveCfg = Release|Any CPU
		{7C5F2ED8-E428-4DD6-BC87-CB07DC0C74A2}.Release|Any CPU.Build.0 = Release|Any CPU
		{7C5F2ED8-E428-4DD6-BC87-CB07DC0C74A2}.Release|x64.ActiveCfg = Release|Any CPU
		{7C5F2ED8-E428-4DD6-BC87-CB07DC0C74A2}.Release|x64.Build.0 = Release|Any CPU
		{7C5F2ED8-E428-4DD6-BC87-CB07DC0C74A2}.Release|x86.ActiveCfg = Release|Any CPU
		{7C5F2ED8-E428-4DD6-BC87-CB07DC0C74A2}.Release|x86.Build.0 = Release|Any CPU
		{940DC802-FEFF-411A-A350-63B05A0A07A8}.Debug|Any CPU.ActiveCfg = Debug|Any CPU
		{940DC802-FEFF-411A-A350-63B05A0A07A8}.Debug|Any CPU.Build.0 = Debug|Any CPU
		{940DC802-FEFF-411A-A350-63B05A0A07A8}.Debug|x64.ActiveCfg = Debug|Any CPU
		{940DC802-FEFF-411A-A350-63B05A0A07A8}.Debug|x64.Build.0 = Debug|Any CPU
		{940DC802-FEFF-411A-A350-63B05A0A07A8}.Debug|x86.ActiveCfg = Debug|Any CPU
		{940DC802-FEFF-411A-A350-63B05A0A07A8}.Debug|x86.Build.0 = Debug|Any CPU
		{940DC802-FEFF-411A-A350-63B05A0A07A8}.Release|Any CPU.ActiveCfg = Release|Any CPU
		{940DC802-FEFF-411A-A350-63B05A0A07A8}.Release|Any CPU.Build.0 = Release|Any CPU
		{940DC802-FEFF-411A-A350-63B05A0A07A8}.Release|x64.ActiveCfg = Release|Any CPU
		{940DC802-FEFF-411A-A350-63B05A0A07A8}.Release|x64.Build.0 = Release|Any CPU
		{940DC802-FEFF-411A-A350-63B05A0A07A8}.Release|x86.ActiveCfg = Release|Any CPU
		{940DC802-FEFF-411A-A350-63B05A0A07A8}.Release|x86.Build.0 = Release|Any CPU
		{5E8886BD-273E-4C3F-9EEF-0B1A67CBFF80}.Debug|Any CPU.ActiveCfg = Debug|Any CPU
		{5E8886BD-273E-4C3F-9EEF-0B1A67CBFF80}.Debug|Any CPU.Build.0 = Debug|Any CPU
		{5E8886BD-273E-4C3F-9EEF-0B1A67CBFF80}.Debug|x64.ActiveCfg = Debug|Any CPU
		{5E8886BD-273E-4C3F-9EEF-0B1A67CBFF80}.Debug|x64.Build.0 = Debug|Any CPU
		{5E8886BD-273E-4C3F-9EEF-0B1A67CBFF80}.Debug|x86.ActiveCfg = Debug|Any CPU
		{5E8886BD-273E-4C3F-9EEF-0B1A67CBFF80}.Debug|x86.Build.0 = Debug|Any CPU
		{5E8886BD-273E-4C3F-9EEF-0B1A67CBFF80}.Release|Any CPU.ActiveCfg = Release|Any CPU
		{5E8886BD-273E-4C3F-9EEF-0B1A67CBFF80}.Release|Any CPU.Build.0 = Release|Any CPU
		{5E8886BD-273E-4C3F-9EEF-0B1A67CBFF80}.Release|x64.ActiveCfg = Release|Any CPU
		{5E8886BD-273E-4C3F-9EEF-0B1A67CBFF80}.Release|x64.Build.0 = Release|Any CPU
		{5E8886BD-273E-4C3F-9EEF-0B1A67CBFF80}.Release|x86.ActiveCfg = Release|Any CPU
		{5E8886BD-273E-4C3F-9EEF-0B1A67CBFF80}.Release|x86.Build.0 = Release|Any CPU
	EndGlobalSection
	GlobalSection(SolutionProperties) = preSolution
		HideSolutionNode = FALSE
	EndGlobalSection
EndGlobal
