
Microsoft Visual Studio Solution File, Format Version 12.00
# Visual Studio 15
VisualStudioVersion = 15.0.27703.2047
MinimumVisualStudioVersion = 10.0.40219.1
Project("{FAE04EC0-301F-11D3-BF4B-00C04F79EFBC}") = "Gum", "Gum\Gum.csproj", "{121AC5A5-8F6A-42B2-8863-DEBC45B052BC}"
EndProject
Project("{FAE04EC0-301F-11D3-BF4B-00C04F79EFBC}") = "GumDataTypes", "GumDataTypes\GumDataTypes.csproj", "{5971A187-F6B2-4D65-A277-5613DED1F50F}"
EndProject
Project("{FAE04EC0-301F-11D3-BF4B-00C04F79EFBC}") = "XnaAndWinforms", "XnaAndWinforms\XnaAndWinforms.csproj", "{C39A973C-66D6-4A6C-82B5-AE0042F210F8}"
EndProject
Project("{FAE04EC0-301F-11D3-BF4B-00C04F79EFBC}") = "RenderingLibrary", "RenderingLibrary\RenderingLibrary.csproj", "{A86EE399-7C93-42E1-80ED-CA4CBF4CA573}"
EndProject
Project("{FAE04EC0-301F-11D3-BF4B-00C04F79EFBC}") = "InputLibrary", "InputLibrary\InputLibrary.csproj", "{938D9A00-8529-4CE8-9077-E0A3994A73EA}"
EndProject
Project("{FAE04EC0-301F-11D3-BF4B-00C04F79EFBC}") = "GumUnitTests", "GumUnitTests\GumUnitTests.csproj", "{74DC82B5-76F6-4B25-AD4E-A8413E669EED}"
EndProject
Project("{FAE04EC0-301F-11D3-BF4B-00C04F79EFBC}") = "CommonFormsAndControls", "CommonFormsAndControls\CommonFormsAndControls.csproj", "{54BFE18A-84B4-48AB-92E0-0774EA019202}"
EndProject
Project("{FAE04EC0-301F-11D3-BF4B-00C04F79EFBC}") = "CsvLibrary", "CsvLibrary\CsvLibrary.csproj", "{277A9E05-C5DF-4A30-AD43-F7C16A6893ED}"
EndProject
Project("{FAE04EC0-301F-11D3-BF4B-00C04F79EFBC}") = "ToolsUtilities", "ToolsUtilities\ToolsUtilities.csproj", "{B941A93F-6093-4DC6-AD11-91A058B6C2CC}"
EndProject
Project("{2150E333-8FDC-42A3-9474-1A3956D46DE8}") = "Gum Projects", "Gum Projects", "{20FE6025-9144-4FFB-9F0E-97947EF3F7F0}"
EndProject
Project("{2150E333-8FDC-42A3-9474-1A3956D46DE8}") = "Plugins", "Plugins", "{28BBCA70-AFC9-4C9B-9114-E0E23FA01C3F}"
EndProject
Project("{FAE04EC0-301F-11D3-BF4B-00C04F79EFBC}") = "StateAnimationPlugin", "StateAnimationPlugin\StateAnimationPlugin.csproj", "{991D5E91-45C6-44DE-AA07-9A3FF695AB9E}"
EndProject
Project("{FAE04EC0-301F-11D3-BF4B-00C04F79EFBC}") = "PerformanceMeasurementPlugin", "PerformanceMeasurementPlugin\PerformanceMeasurementPlugin.csproj", "{8D388562-F5F6-4000-9489-33761112B974}"
EndProject
Project("{FAE04EC0-301F-11D3-BF4B-00C04F79EFBC}") = "WpfDataUi", "WpfDataUi\WpfDataUi.csproj", "{47241002-7EB5-433B-B931-A530BB6B84EE}"
EndProject
Project("{2150E333-8FDC-42A3-9474-1A3956D46DE8}") = "Glue Plugin", "Glue Plugin", "{CEC227EF-1CB8-4791-97B0-26BEC1D8AA51}"
EndProject
Project("{FAE04EC0-301F-11D3-BF4B-00C04F79EFBC}") = "GluePlugin", "GluePlugin\GluePlugin.csproj", "{B2C382CD-04F0-427D-B55B-574A9FEEFDD6}"
EndProject
Project("{FAE04EC0-301F-11D3-BF4B-00C04F79EFBC}") = "GlueSaveClasses", "..\FlatRedBall\FRBDK\Glue\GlueSaveClasses\GlueSaveClasses.csproj", "{545FF183-4D9D-4121-9A04-1D354B0B0DBA}"
EndProject
Project("{FAE04EC0-301F-11D3-BF4B-00C04F79EFBC}") = "EditorObjectsXna4", "..\FlatRedBall\FRBDK\FRBDK Supporting Projects\EditorObjects\EditorObjectsXna4.csproj", "{E1D670B6-AD42-4B84-AFF8-D568097BE03D}"
EndProject
Project("{FAE04EC0-301F-11D3-BF4B-00C04F79EFBC}") = "FlatRedBallXna4", "..\FlatRedBall\Engines\FlatRedBallXNA\FlatRedBall\FlatRedBallXna4.csproj", "{E1CB7D7B-E2EC-4DEB-92E2-6EF0B76F40F0}"
EndProject
Project("{2150E333-8FDC-42A3-9474-1A3956D46DE8}") = "TextureCoordinateSelection", "TextureCoordinateSelection", "{EF9947AE-A1C0-442C-8134-D015B7B4DE23}"
EndProject
Project("{FAE04EC0-301F-11D3-BF4B-00C04F79EFBC}") = "FlatRedBall.SpecializedXnaControls", "FlatRedBall.SpecializedXnaControls\FlatRedBall.SpecializedXnaControls.csproj", "{8C80BA7B-1CBA-4579-9382-D9DC6C365070}"
EndProject
Project("{FAE04EC0-301F-11D3-BF4B-00C04F79EFBC}") = "TextureCoordinateSelectionPlugin", "TextureCoordinateSelectionPlugin\TextureCoordinateSelectionPlugin.csproj", "{C6157099-F5FD-4632-8097-4071FE2BD982}"
EndProject
Global
	GlobalSection(SharedMSBuildProjectFiles) = preSolution
		..\FlatRedBall\Engines\FlatRedBallXNA\FlatRedBall\FlatRedBallShared.projitems*{e1cb7d7b-e2ec-4deb-92e2-6ef0b76f40f0}*SharedItemsImports = 4
	EndGlobalSection
	GlobalSection(SolutionConfigurationPlatforms) = preSolution
		AutomatedBuild|Any CPU = AutomatedBuild|Any CPU
		AutomatedBuild|x86 = AutomatedBuild|x86
		Debug Docs|Any CPU = Debug Docs|Any CPU
		Debug Docs|x86 = Debug Docs|x86
		Debug|Any CPU = Debug|Any CPU
		Debug|x86 = Debug|x86
		Debug2|Any CPU = Debug2|Any CPU
		Debug2|x86 = Debug2|x86
		DebugProfile|Any CPU = DebugProfile|Any CPU
		DebugProfile|x86 = DebugProfile|x86
		Profile|Any CPU = Profile|Any CPU
		Profile|x86 = Profile|x86
		Release|Any CPU = Release|Any CPU
		Release|x86 = Release|x86
		Submission Phone|Any CPU = Submission Phone|Any CPU
		Submission Phone|x86 = Submission Phone|x86
		Submission|Any CPU = Submission|Any CPU
		Submission|x86 = Submission|x86
		UnitTest|Any CPU = UnitTest|Any CPU
		UnitTest|x86 = UnitTest|x86
		UnitTests|Any CPU = UnitTests|Any CPU
		UnitTests|x86 = UnitTests|x86
	EndGlobalSection
	GlobalSection(ProjectConfigurationPlatforms) = postSolution
		{121AC5A5-8F6A-42B2-8863-DEBC45B052BC}.AutomatedBuild|Any CPU.ActiveCfg = UnitTest|x86
		{121AC5A5-8F6A-42B2-8863-DEBC45B052BC}.AutomatedBuild|Any CPU.Build.0 = UnitTest|x86
		{121AC5A5-8F6A-42B2-8863-DEBC45B052BC}.AutomatedBuild|x86.ActiveCfg = UnitTest|x86
		{121AC5A5-8F6A-42B2-8863-DEBC45B052BC}.AutomatedBuild|x86.Build.0 = UnitTest|x86
		{121AC5A5-8F6A-42B2-8863-DEBC45B052BC}.Debug Docs|Any CPU.ActiveCfg = UnitTest|x86
		{121AC5A5-8F6A-42B2-8863-DEBC45B052BC}.Debug Docs|Any CPU.Build.0 = UnitTest|x86
		{121AC5A5-8F6A-42B2-8863-DEBC45B052BC}.Debug Docs|x86.ActiveCfg = Debug2|x86
		{121AC5A5-8F6A-42B2-8863-DEBC45B052BC}.Debug Docs|x86.Build.0 = Debug2|x86
		{121AC5A5-8F6A-42B2-8863-DEBC45B052BC}.Debug|Any CPU.ActiveCfg = Debug|x86
		{121AC5A5-8F6A-42B2-8863-DEBC45B052BC}.Debug|x86.ActiveCfg = Debug|x86
		{121AC5A5-8F6A-42B2-8863-DEBC45B052BC}.Debug|x86.Build.0 = Debug|x86
		{121AC5A5-8F6A-42B2-8863-DEBC45B052BC}.Debug2|Any CPU.ActiveCfg = Debug2|x86
		{121AC5A5-8F6A-42B2-8863-DEBC45B052BC}.Debug2|x86.ActiveCfg = Debug2|x86
		{121AC5A5-8F6A-42B2-8863-DEBC45B052BC}.Debug2|x86.Build.0 = Debug2|x86
		{121AC5A5-8F6A-42B2-8863-DEBC45B052BC}.DebugProfile|Any CPU.ActiveCfg = UnitTest|x86
		{121AC5A5-8F6A-42B2-8863-DEBC45B052BC}.DebugProfile|Any CPU.Build.0 = UnitTest|x86
		{121AC5A5-8F6A-42B2-8863-DEBC45B052BC}.DebugProfile|x86.ActiveCfg = Debug2|x86
		{121AC5A5-8F6A-42B2-8863-DEBC45B052BC}.DebugProfile|x86.Build.0 = Debug2|x86
		{121AC5A5-8F6A-42B2-8863-DEBC45B052BC}.Profile|Any CPU.ActiveCfg = UnitTest|x86
		{121AC5A5-8F6A-42B2-8863-DEBC45B052BC}.Profile|Any CPU.Build.0 = UnitTest|x86
		{121AC5A5-8F6A-42B2-8863-DEBC45B052BC}.Profile|x86.ActiveCfg = UnitTest|x86
		{121AC5A5-8F6A-42B2-8863-DEBC45B052BC}.Profile|x86.Build.0 = UnitTest|x86
		{121AC5A5-8F6A-42B2-8863-DEBC45B052BC}.Release|Any CPU.ActiveCfg = Release|x86
		{121AC5A5-8F6A-42B2-8863-DEBC45B052BC}.Release|x86.ActiveCfg = Release|x86
		{121AC5A5-8F6A-42B2-8863-DEBC45B052BC}.Release|x86.Build.0 = Release|x86
		{121AC5A5-8F6A-42B2-8863-DEBC45B052BC}.Submission Phone|Any CPU.ActiveCfg = UnitTest|x86
		{121AC5A5-8F6A-42B2-8863-DEBC45B052BC}.Submission Phone|Any CPU.Build.0 = UnitTest|x86
		{121AC5A5-8F6A-42B2-8863-DEBC45B052BC}.Submission Phone|x86.ActiveCfg = UnitTest|x86
		{121AC5A5-8F6A-42B2-8863-DEBC45B052BC}.Submission Phone|x86.Build.0 = UnitTest|x86
		{121AC5A5-8F6A-42B2-8863-DEBC45B052BC}.Submission|Any CPU.ActiveCfg = UnitTest|x86
		{121AC5A5-8F6A-42B2-8863-DEBC45B052BC}.Submission|Any CPU.Build.0 = UnitTest|x86
		{121AC5A5-8F6A-42B2-8863-DEBC45B052BC}.Submission|x86.ActiveCfg = UnitTest|x86
		{121AC5A5-8F6A-42B2-8863-DEBC45B052BC}.Submission|x86.Build.0 = UnitTest|x86
		{121AC5A5-8F6A-42B2-8863-DEBC45B052BC}.UnitTest|Any CPU.ActiveCfg = UnitTest|x86
		{121AC5A5-8F6A-42B2-8863-DEBC45B052BC}.UnitTest|x86.ActiveCfg = UnitTest|x86
		{121AC5A5-8F6A-42B2-8863-DEBC45B052BC}.UnitTest|x86.Build.0 = UnitTest|x86
		{121AC5A5-8F6A-42B2-8863-DEBC45B052BC}.UnitTests|Any CPU.ActiveCfg = UnitTest|x86
		{121AC5A5-8F6A-42B2-8863-DEBC45B052BC}.UnitTests|Any CPU.Build.0 = UnitTest|x86
		{121AC5A5-8F6A-42B2-8863-DEBC45B052BC}.UnitTests|x86.ActiveCfg = UnitTest|x86
		{121AC5A5-8F6A-42B2-8863-DEBC45B052BC}.UnitTests|x86.Build.0 = UnitTest|x86
		{5971A187-F6B2-4D65-A277-5613DED1F50F}.AutomatedBuild|Any CPU.ActiveCfg = Release|x86
		{5971A187-F6B2-4D65-A277-5613DED1F50F}.AutomatedBuild|Any CPU.Build.0 = Release|x86
		{5971A187-F6B2-4D65-A277-5613DED1F50F}.AutomatedBuild|x86.ActiveCfg = Release|x86
		{5971A187-F6B2-4D65-A277-5613DED1F50F}.AutomatedBuild|x86.Build.0 = Release|x86
		{5971A187-F6B2-4D65-A277-5613DED1F50F}.Debug Docs|Any CPU.ActiveCfg = Release|x86
		{5971A187-F6B2-4D65-A277-5613DED1F50F}.Debug Docs|Any CPU.Build.0 = Release|x86
		{5971A187-F6B2-4D65-A277-5613DED1F50F}.Debug Docs|x86.ActiveCfg = Debug2|x86
		{5971A187-F6B2-4D65-A277-5613DED1F50F}.Debug Docs|x86.Build.0 = Debug2|x86
		{5971A187-F6B2-4D65-A277-5613DED1F50F}.Debug|Any CPU.ActiveCfg = Debug|x86
		{5971A187-F6B2-4D65-A277-5613DED1F50F}.Debug|x86.ActiveCfg = Debug|x86
		{5971A187-F6B2-4D65-A277-5613DED1F50F}.Debug|x86.Build.0 = Debug|x86
		{5971A187-F6B2-4D65-A277-5613DED1F50F}.Debug2|Any CPU.ActiveCfg = Debug2|x86
		{5971A187-F6B2-4D65-A277-5613DED1F50F}.Debug2|x86.ActiveCfg = Debug2|x86
		{5971A187-F6B2-4D65-A277-5613DED1F50F}.Debug2|x86.Build.0 = Debug2|x86
		{5971A187-F6B2-4D65-A277-5613DED1F50F}.DebugProfile|Any CPU.ActiveCfg = Release|x86
		{5971A187-F6B2-4D65-A277-5613DED1F50F}.DebugProfile|Any CPU.Build.0 = Release|x86
		{5971A187-F6B2-4D65-A277-5613DED1F50F}.DebugProfile|x86.ActiveCfg = Debug2|x86
		{5971A187-F6B2-4D65-A277-5613DED1F50F}.DebugProfile|x86.Build.0 = Debug2|x86
		{5971A187-F6B2-4D65-A277-5613DED1F50F}.Profile|Any CPU.ActiveCfg = Release|x86
		{5971A187-F6B2-4D65-A277-5613DED1F50F}.Profile|Any CPU.Build.0 = Release|x86
		{5971A187-F6B2-4D65-A277-5613DED1F50F}.Profile|x86.ActiveCfg = Release|x86
		{5971A187-F6B2-4D65-A277-5613DED1F50F}.Profile|x86.Build.0 = Release|x86
		{5971A187-F6B2-4D65-A277-5613DED1F50F}.Release|Any CPU.ActiveCfg = Release|x86
		{5971A187-F6B2-4D65-A277-5613DED1F50F}.Release|x86.ActiveCfg = Release|x86
		{5971A187-F6B2-4D65-A277-5613DED1F50F}.Release|x86.Build.0 = Release|x86
		{5971A187-F6B2-4D65-A277-5613DED1F50F}.Submission Phone|Any CPU.ActiveCfg = Release|x86
		{5971A187-F6B2-4D65-A277-5613DED1F50F}.Submission Phone|Any CPU.Build.0 = Release|x86
		{5971A187-F6B2-4D65-A277-5613DED1F50F}.Submission Phone|x86.ActiveCfg = Release|x86
		{5971A187-F6B2-4D65-A277-5613DED1F50F}.Submission Phone|x86.Build.0 = Release|x86
		{5971A187-F6B2-4D65-A277-5613DED1F50F}.Submission|Any CPU.ActiveCfg = Release|x86
		{5971A187-F6B2-4D65-A277-5613DED1F50F}.Submission|Any CPU.Build.0 = Release|x86
		{5971A187-F6B2-4D65-A277-5613DED1F50F}.Submission|x86.ActiveCfg = Release|x86
		{5971A187-F6B2-4D65-A277-5613DED1F50F}.Submission|x86.Build.0 = Release|x86
		{5971A187-F6B2-4D65-A277-5613DED1F50F}.UnitTest|Any CPU.ActiveCfg = Release|x86
		{5971A187-F6B2-4D65-A277-5613DED1F50F}.UnitTest|Any CPU.Build.0 = Release|x86
		{5971A187-F6B2-4D65-A277-5613DED1F50F}.UnitTest|x86.ActiveCfg = Debug|x86
		{5971A187-F6B2-4D65-A277-5613DED1F50F}.UnitTest|x86.Build.0 = Debug|x86
		{5971A187-F6B2-4D65-A277-5613DED1F50F}.UnitTests|Any CPU.ActiveCfg = Release|x86
		{5971A187-F6B2-4D65-A277-5613DED1F50F}.UnitTests|Any CPU.Build.0 = Release|x86
		{5971A187-F6B2-4D65-A277-5613DED1F50F}.UnitTests|x86.ActiveCfg = Release|x86
		{5971A187-F6B2-4D65-A277-5613DED1F50F}.UnitTests|x86.Build.0 = Release|x86
		{C39A973C-66D6-4A6C-82B5-AE0042F210F8}.AutomatedBuild|Any CPU.ActiveCfg = AutomatedBuild|x86
		{C39A973C-66D6-4A6C-82B5-AE0042F210F8}.AutomatedBuild|x86.ActiveCfg = AutomatedBuild|x86
		{C39A973C-66D6-4A6C-82B5-AE0042F210F8}.AutomatedBuild|x86.Build.0 = AutomatedBuild|x86
		{C39A973C-66D6-4A6C-82B5-AE0042F210F8}.Debug Docs|Any CPU.ActiveCfg = AutomatedBuild|x86
		{C39A973C-66D6-4A6C-82B5-AE0042F210F8}.Debug Docs|Any CPU.Build.0 = AutomatedBuild|x86
		{C39A973C-66D6-4A6C-82B5-AE0042F210F8}.Debug Docs|x86.ActiveCfg = Debug2|x86
		{C39A973C-66D6-4A6C-82B5-AE0042F210F8}.Debug Docs|x86.Build.0 = Debug2|x86
		{C39A973C-66D6-4A6C-82B5-AE0042F210F8}.Debug|Any CPU.ActiveCfg = Debug|x86
		{C39A973C-66D6-4A6C-82B5-AE0042F210F8}.Debug|x86.ActiveCfg = Debug|x86
		{C39A973C-66D6-4A6C-82B5-AE0042F210F8}.Debug|x86.Build.0 = Debug|x86
		{C39A973C-66D6-4A6C-82B5-AE0042F210F8}.Debug2|Any CPU.ActiveCfg = Debug2|x86
		{C39A973C-66D6-4A6C-82B5-AE0042F210F8}.Debug2|x86.ActiveCfg = Debug2|x86
		{C39A973C-66D6-4A6C-82B5-AE0042F210F8}.Debug2|x86.Build.0 = Debug2|x86
		{C39A973C-66D6-4A6C-82B5-AE0042F210F8}.DebugProfile|Any CPU.ActiveCfg = AutomatedBuild|x86
		{C39A973C-66D6-4A6C-82B5-AE0042F210F8}.DebugProfile|Any CPU.Build.0 = AutomatedBuild|x86
		{C39A973C-66D6-4A6C-82B5-AE0042F210F8}.DebugProfile|x86.ActiveCfg = Debug2|x86
		{C39A973C-66D6-4A6C-82B5-AE0042F210F8}.DebugProfile|x86.Build.0 = Debug2|x86
		{C39A973C-66D6-4A6C-82B5-AE0042F210F8}.Profile|Any CPU.ActiveCfg = AutomatedBuild|x86
		{C39A973C-66D6-4A6C-82B5-AE0042F210F8}.Profile|Any CPU.Build.0 = AutomatedBuild|x86
		{C39A973C-66D6-4A6C-82B5-AE0042F210F8}.Profile|x86.ActiveCfg = AutomatedBuild|x86
		{C39A973C-66D6-4A6C-82B5-AE0042F210F8}.Profile|x86.Build.0 = AutomatedBuild|x86
		{C39A973C-66D6-4A6C-82B5-AE0042F210F8}.Release|Any CPU.ActiveCfg = Release|x86
		{C39A973C-66D6-4A6C-82B5-AE0042F210F8}.Release|x86.ActiveCfg = Release|x86
		{C39A973C-66D6-4A6C-82B5-AE0042F210F8}.Release|x86.Build.0 = Release|x86
		{C39A973C-66D6-4A6C-82B5-AE0042F210F8}.Submission Phone|Any CPU.ActiveCfg = AutomatedBuild|x86
		{C39A973C-66D6-4A6C-82B5-AE0042F210F8}.Submission Phone|Any CPU.Build.0 = AutomatedBuild|x86
		{C39A973C-66D6-4A6C-82B5-AE0042F210F8}.Submission Phone|x86.ActiveCfg = AutomatedBuild|x86
		{C39A973C-66D6-4A6C-82B5-AE0042F210F8}.Submission Phone|x86.Build.0 = AutomatedBuild|x86
		{C39A973C-66D6-4A6C-82B5-AE0042F210F8}.Submission|Any CPU.ActiveCfg = AutomatedBuild|x86
		{C39A973C-66D6-4A6C-82B5-AE0042F210F8}.Submission|Any CPU.Build.0 = AutomatedBuild|x86
		{C39A973C-66D6-4A6C-82B5-AE0042F210F8}.Submission|x86.ActiveCfg = AutomatedBuild|x86
		{C39A973C-66D6-4A6C-82B5-AE0042F210F8}.Submission|x86.Build.0 = AutomatedBuild|x86
		{C39A973C-66D6-4A6C-82B5-AE0042F210F8}.UnitTest|Any CPU.ActiveCfg = AutomatedBuild|x86
		{C39A973C-66D6-4A6C-82B5-AE0042F210F8}.UnitTest|Any CPU.Build.0 = AutomatedBuild|x86
		{C39A973C-66D6-4A6C-82B5-AE0042F210F8}.UnitTest|x86.ActiveCfg = AutomatedBuild|x86
		{C39A973C-66D6-4A6C-82B5-AE0042F210F8}.UnitTest|x86.Build.0 = AutomatedBuild|x86
		{C39A973C-66D6-4A6C-82B5-AE0042F210F8}.UnitTests|Any CPU.ActiveCfg = AutomatedBuild|x86
		{C39A973C-66D6-4A6C-82B5-AE0042F210F8}.UnitTests|Any CPU.Build.0 = AutomatedBuild|x86
		{C39A973C-66D6-4A6C-82B5-AE0042F210F8}.UnitTests|x86.ActiveCfg = AutomatedBuild|x86
		{C39A973C-66D6-4A6C-82B5-AE0042F210F8}.UnitTests|x86.Build.0 = AutomatedBuild|x86
		{A86EE399-7C93-42E1-80ED-CA4CBF4CA573}.AutomatedBuild|Any CPU.ActiveCfg = AutomatedBuild|x86
		{A86EE399-7C93-42E1-80ED-CA4CBF4CA573}.AutomatedBuild|x86.ActiveCfg = AutomatedBuild|x86
		{A86EE399-7C93-42E1-80ED-CA4CBF4CA573}.AutomatedBuild|x86.Build.0 = AutomatedBuild|x86
		{A86EE399-7C93-42E1-80ED-CA4CBF4CA573}.Debug Docs|Any CPU.ActiveCfg = AutomatedBuild|x86
		{A86EE399-7C93-42E1-80ED-CA4CBF4CA573}.Debug Docs|Any CPU.Build.0 = AutomatedBuild|x86
		{A86EE399-7C93-42E1-80ED-CA4CBF4CA573}.Debug Docs|x86.ActiveCfg = Debug2|x86
		{A86EE399-7C93-42E1-80ED-CA4CBF4CA573}.Debug Docs|x86.Build.0 = Debug2|x86
		{A86EE399-7C93-42E1-80ED-CA4CBF4CA573}.Debug|Any CPU.ActiveCfg = Debug|x86
		{A86EE399-7C93-42E1-80ED-CA4CBF4CA573}.Debug|x86.ActiveCfg = Debug|x86
		{A86EE399-7C93-42E1-80ED-CA4CBF4CA573}.Debug|x86.Build.0 = Debug|x86
		{A86EE399-7C93-42E1-80ED-CA4CBF4CA573}.Debug2|Any CPU.ActiveCfg = Debug2|x86
		{A86EE399-7C93-42E1-80ED-CA4CBF4CA573}.Debug2|x86.ActiveCfg = Debug2|x86
		{A86EE399-7C93-42E1-80ED-CA4CBF4CA573}.Debug2|x86.Build.0 = Debug2|x86
		{A86EE399-7C93-42E1-80ED-CA4CBF4CA573}.DebugProfile|Any CPU.ActiveCfg = AutomatedBuild|x86
		{A86EE399-7C93-42E1-80ED-CA4CBF4CA573}.DebugProfile|Any CPU.Build.0 = AutomatedBuild|x86
		{A86EE399-7C93-42E1-80ED-CA4CBF4CA573}.DebugProfile|x86.ActiveCfg = Debug2|x86
		{A86EE399-7C93-42E1-80ED-CA4CBF4CA573}.DebugProfile|x86.Build.0 = Debug2|x86
		{A86EE399-7C93-42E1-80ED-CA4CBF4CA573}.Profile|Any CPU.ActiveCfg = AutomatedBuild|x86
		{A86EE399-7C93-42E1-80ED-CA4CBF4CA573}.Profile|Any CPU.Build.0 = AutomatedBuild|x86
		{A86EE399-7C93-42E1-80ED-CA4CBF4CA573}.Profile|x86.ActiveCfg = AutomatedBuild|x86
		{A86EE399-7C93-42E1-80ED-CA4CBF4CA573}.Profile|x86.Build.0 = AutomatedBuild|x86
		{A86EE399-7C93-42E1-80ED-CA4CBF4CA573}.Release|Any CPU.ActiveCfg = Release|x86
		{A86EE399-7C93-42E1-80ED-CA4CBF4CA573}.Release|x86.ActiveCfg = Release|x86
		{A86EE399-7C93-42E1-80ED-CA4CBF4CA573}.Release|x86.Build.0 = Release|x86
		{A86EE399-7C93-42E1-80ED-CA4CBF4CA573}.Submission Phone|Any CPU.ActiveCfg = AutomatedBuild|x86
		{A86EE399-7C93-42E1-80ED-CA4CBF4CA573}.Submission Phone|Any CPU.Build.0 = AutomatedBuild|x86
		{A86EE399-7C93-42E1-80ED-CA4CBF4CA573}.Submission Phone|x86.ActiveCfg = AutomatedBuild|x86
		{A86EE399-7C93-42E1-80ED-CA4CBF4CA573}.Submission Phone|x86.Build.0 = AutomatedBuild|x86
		{A86EE399-7C93-42E1-80ED-CA4CBF4CA573}.Submission|Any CPU.ActiveCfg = AutomatedBuild|x86
		{A86EE399-7C93-42E1-80ED-CA4CBF4CA573}.Submission|Any CPU.Build.0 = AutomatedBuild|x86
		{A86EE399-7C93-42E1-80ED-CA4CBF4CA573}.Submission|x86.ActiveCfg = AutomatedBuild|x86
		{A86EE399-7C93-42E1-80ED-CA4CBF4CA573}.Submission|x86.Build.0 = AutomatedBuild|x86
		{A86EE399-7C93-42E1-80ED-CA4CBF4CA573}.UnitTest|Any CPU.ActiveCfg = UnitTest|x86
		{A86EE399-7C93-42E1-80ED-CA4CBF4CA573}.UnitTest|x86.ActiveCfg = UnitTest|x86
		{A86EE399-7C93-42E1-80ED-CA4CBF4CA573}.UnitTest|x86.Build.0 = UnitTest|x86
		{A86EE399-7C93-42E1-80ED-CA4CBF4CA573}.UnitTests|Any CPU.ActiveCfg = AutomatedBuild|x86
		{A86EE399-7C93-42E1-80ED-CA4CBF4CA573}.UnitTests|Any CPU.Build.0 = AutomatedBuild|x86
		{A86EE399-7C93-42E1-80ED-CA4CBF4CA573}.UnitTests|x86.ActiveCfg = UnitTest|x86
		{A86EE399-7C93-42E1-80ED-CA4CBF4CA573}.UnitTests|x86.Build.0 = UnitTest|x86
		{938D9A00-8529-4CE8-9077-E0A3994A73EA}.AutomatedBuild|Any CPU.ActiveCfg = AutomatedBuild|x86
		{938D9A00-8529-4CE8-9077-E0A3994A73EA}.AutomatedBuild|x86.ActiveCfg = AutomatedBuild|x86
		{938D9A00-8529-4CE8-9077-E0A3994A73EA}.AutomatedBuild|x86.Build.0 = AutomatedBuild|x86
		{938D9A00-8529-4CE8-9077-E0A3994A73EA}.Debug Docs|Any CPU.ActiveCfg = AutomatedBuild|x86
		{938D9A00-8529-4CE8-9077-E0A3994A73EA}.Debug Docs|Any CPU.Build.0 = AutomatedBuild|x86
		{938D9A00-8529-4CE8-9077-E0A3994A73EA}.Debug Docs|x86.ActiveCfg = Debug2|x86
		{938D9A00-8529-4CE8-9077-E0A3994A73EA}.Debug Docs|x86.Build.0 = Debug2|x86
		{938D9A00-8529-4CE8-9077-E0A3994A73EA}.Debug|Any CPU.ActiveCfg = Debug|x86
		{938D9A00-8529-4CE8-9077-E0A3994A73EA}.Debug|x86.ActiveCfg = Debug|x86
		{938D9A00-8529-4CE8-9077-E0A3994A73EA}.Debug|x86.Build.0 = Debug|x86
		{938D9A00-8529-4CE8-9077-E0A3994A73EA}.Debug2|Any CPU.ActiveCfg = Debug2|x86
		{938D9A00-8529-4CE8-9077-E0A3994A73EA}.Debug2|x86.ActiveCfg = Debug2|x86
		{938D9A00-8529-4CE8-9077-E0A3994A73EA}.Debug2|x86.Build.0 = Debug2|x86
		{938D9A00-8529-4CE8-9077-E0A3994A73EA}.DebugProfile|Any CPU.ActiveCfg = AutomatedBuild|x86
		{938D9A00-8529-4CE8-9077-E0A3994A73EA}.DebugProfile|Any CPU.Build.0 = AutomatedBuild|x86
		{938D9A00-8529-4CE8-9077-E0A3994A73EA}.DebugProfile|x86.ActiveCfg = Debug2|x86
		{938D9A00-8529-4CE8-9077-E0A3994A73EA}.DebugProfile|x86.Build.0 = Debug2|x86
		{938D9A00-8529-4CE8-9077-E0A3994A73EA}.Profile|Any CPU.ActiveCfg = AutomatedBuild|x86
		{938D9A00-8529-4CE8-9077-E0A3994A73EA}.Profile|Any CPU.Build.0 = AutomatedBuild|x86
		{938D9A00-8529-4CE8-9077-E0A3994A73EA}.Profile|x86.ActiveCfg = AutomatedBuild|x86
		{938D9A00-8529-4CE8-9077-E0A3994A73EA}.Profile|x86.Build.0 = AutomatedBuild|x86
		{938D9A00-8529-4CE8-9077-E0A3994A73EA}.Release|Any CPU.ActiveCfg = Release|x86
		{938D9A00-8529-4CE8-9077-E0A3994A73EA}.Release|x86.ActiveCfg = Release|x86
		{938D9A00-8529-4CE8-9077-E0A3994A73EA}.Release|x86.Build.0 = Release|x86
		{938D9A00-8529-4CE8-9077-E0A3994A73EA}.Submission Phone|Any CPU.ActiveCfg = AutomatedBuild|x86
		{938D9A00-8529-4CE8-9077-E0A3994A73EA}.Submission Phone|Any CPU.Build.0 = AutomatedBuild|x86
		{938D9A00-8529-4CE8-9077-E0A3994A73EA}.Submission Phone|x86.ActiveCfg = AutomatedBuild|x86
		{938D9A00-8529-4CE8-9077-E0A3994A73EA}.Submission Phone|x86.Build.0 = AutomatedBuild|x86
		{938D9A00-8529-4CE8-9077-E0A3994A73EA}.Submission|Any CPU.ActiveCfg = AutomatedBuild|x86
		{938D9A00-8529-4CE8-9077-E0A3994A73EA}.Submission|Any CPU.Build.0 = AutomatedBuild|x86
		{938D9A00-8529-4CE8-9077-E0A3994A73EA}.Submission|x86.ActiveCfg = AutomatedBuild|x86
		{938D9A00-8529-4CE8-9077-E0A3994A73EA}.Submission|x86.Build.0 = AutomatedBuild|x86
		{938D9A00-8529-4CE8-9077-E0A3994A73EA}.UnitTest|Any CPU.ActiveCfg = AutomatedBuild|x86
		{938D9A00-8529-4CE8-9077-E0A3994A73EA}.UnitTest|Any CPU.Build.0 = AutomatedBuild|x86
		{938D9A00-8529-4CE8-9077-E0A3994A73EA}.UnitTest|x86.ActiveCfg = AutomatedBuild|x86
		{938D9A00-8529-4CE8-9077-E0A3994A73EA}.UnitTest|x86.Build.0 = AutomatedBuild|x86
		{938D9A00-8529-4CE8-9077-E0A3994A73EA}.UnitTests|Any CPU.ActiveCfg = AutomatedBuild|x86
		{938D9A00-8529-4CE8-9077-E0A3994A73EA}.UnitTests|Any CPU.Build.0 = AutomatedBuild|x86
		{938D9A00-8529-4CE8-9077-E0A3994A73EA}.UnitTests|x86.ActiveCfg = AutomatedBuild|x86
		{938D9A00-8529-4CE8-9077-E0A3994A73EA}.UnitTests|x86.Build.0 = AutomatedBuild|x86
		{74DC82B5-76F6-4B25-AD4E-A8413E669EED}.AutomatedBuild|Any CPU.ActiveCfg = Release|x86
		{74DC82B5-76F6-4B25-AD4E-A8413E669EED}.AutomatedBuild|Any CPU.Build.0 = Release|x86
		{74DC82B5-76F6-4B25-AD4E-A8413E669EED}.AutomatedBuild|x86.ActiveCfg = Release|x86
		{74DC82B5-76F6-4B25-AD4E-A8413E669EED}.AutomatedBuild|x86.Build.0 = Release|x86
		{74DC82B5-76F6-4B25-AD4E-A8413E669EED}.Debug Docs|Any CPU.ActiveCfg = Release|x86
		{74DC82B5-76F6-4B25-AD4E-A8413E669EED}.Debug Docs|Any CPU.Build.0 = Release|x86
		{74DC82B5-76F6-4B25-AD4E-A8413E669EED}.Debug Docs|x86.ActiveCfg = Debug2|x86
		{74DC82B5-76F6-4B25-AD4E-A8413E669EED}.Debug Docs|x86.Build.0 = Debug2|x86
		{74DC82B5-76F6-4B25-AD4E-A8413E669EED}.Debug|Any CPU.ActiveCfg = Debug|x86
		{74DC82B5-76F6-4B25-AD4E-A8413E669EED}.Debug|x86.ActiveCfg = Debug|x86
		{74DC82B5-76F6-4B25-AD4E-A8413E669EED}.Debug2|Any CPU.ActiveCfg = Debug2|x86
		{74DC82B5-76F6-4B25-AD4E-A8413E669EED}.Debug2|x86.ActiveCfg = Debug2|x86
		{74DC82B5-76F6-4B25-AD4E-A8413E669EED}.DebugProfile|Any CPU.ActiveCfg = Release|x86
		{74DC82B5-76F6-4B25-AD4E-A8413E669EED}.DebugProfile|Any CPU.Build.0 = Release|x86
		{74DC82B5-76F6-4B25-AD4E-A8413E669EED}.DebugProfile|x86.ActiveCfg = Debug2|x86
		{74DC82B5-76F6-4B25-AD4E-A8413E669EED}.DebugProfile|x86.Build.0 = Debug2|x86
		{74DC82B5-76F6-4B25-AD4E-A8413E669EED}.Profile|Any CPU.ActiveCfg = Release|x86
		{74DC82B5-76F6-4B25-AD4E-A8413E669EED}.Profile|Any CPU.Build.0 = Release|x86
		{74DC82B5-76F6-4B25-AD4E-A8413E669EED}.Profile|x86.ActiveCfg = Release|x86
		{74DC82B5-76F6-4B25-AD4E-A8413E669EED}.Profile|x86.Build.0 = Release|x86
		{74DC82B5-76F6-4B25-AD4E-A8413E669EED}.Release|Any CPU.ActiveCfg = Release|x86
		{74DC82B5-76F6-4B25-AD4E-A8413E669EED}.Release|x86.ActiveCfg = Release|x86
		{74DC82B5-76F6-4B25-AD4E-A8413E669EED}.Submission Phone|Any CPU.ActiveCfg = Release|x86
		{74DC82B5-76F6-4B25-AD4E-A8413E669EED}.Submission Phone|Any CPU.Build.0 = Release|x86
		{74DC82B5-76F6-4B25-AD4E-A8413E669EED}.Submission Phone|x86.ActiveCfg = Release|x86
		{74DC82B5-76F6-4B25-AD4E-A8413E669EED}.Submission Phone|x86.Build.0 = Release|x86
		{74DC82B5-76F6-4B25-AD4E-A8413E669EED}.Submission|Any CPU.ActiveCfg = Release|x86
		{74DC82B5-76F6-4B25-AD4E-A8413E669EED}.Submission|Any CPU.Build.0 = Release|x86
		{74DC82B5-76F6-4B25-AD4E-A8413E669EED}.Submission|x86.ActiveCfg = Release|x86
		{74DC82B5-76F6-4B25-AD4E-A8413E669EED}.Submission|x86.Build.0 = Release|x86
		{74DC82B5-76F6-4B25-AD4E-A8413E669EED}.UnitTest|Any CPU.ActiveCfg = Release|x86
		{74DC82B5-76F6-4B25-AD4E-A8413E669EED}.UnitTest|Any CPU.Build.0 = Release|x86
		{74DC82B5-76F6-4B25-AD4E-A8413E669EED}.UnitTest|x86.ActiveCfg = Debug|x86
		{74DC82B5-76F6-4B25-AD4E-A8413E669EED}.UnitTest|x86.Build.0 = Debug|x86
		{74DC82B5-76F6-4B25-AD4E-A8413E669EED}.UnitTests|Any CPU.ActiveCfg = Release|x86
		{74DC82B5-76F6-4B25-AD4E-A8413E669EED}.UnitTests|Any CPU.Build.0 = Release|x86
		{74DC82B5-76F6-4B25-AD4E-A8413E669EED}.UnitTests|x86.ActiveCfg = Release|x86
		{74DC82B5-76F6-4B25-AD4E-A8413E669EED}.UnitTests|x86.Build.0 = Release|x86
		{54BFE18A-84B4-48AB-92E0-0774EA019202}.AutomatedBuild|Any CPU.ActiveCfg = Release|x86
		{54BFE18A-84B4-48AB-92E0-0774EA019202}.AutomatedBuild|Any CPU.Build.0 = Release|x86
		{54BFE18A-84B4-48AB-92E0-0774EA019202}.AutomatedBuild|x86.ActiveCfg = Release|x86
		{54BFE18A-84B4-48AB-92E0-0774EA019202}.AutomatedBuild|x86.Build.0 = Release|x86
		{54BFE18A-84B4-48AB-92E0-0774EA019202}.Debug Docs|Any CPU.ActiveCfg = Release|x86
		{54BFE18A-84B4-48AB-92E0-0774EA019202}.Debug Docs|Any CPU.Build.0 = Release|x86
		{54BFE18A-84B4-48AB-92E0-0774EA019202}.Debug Docs|x86.ActiveCfg = Debug2|x86
		{54BFE18A-84B4-48AB-92E0-0774EA019202}.Debug Docs|x86.Build.0 = Debug2|x86
		{54BFE18A-84B4-48AB-92E0-0774EA019202}.Debug|Any CPU.ActiveCfg = Debug|x86
		{54BFE18A-84B4-48AB-92E0-0774EA019202}.Debug|x86.ActiveCfg = Debug|x86
		{54BFE18A-84B4-48AB-92E0-0774EA019202}.Debug|x86.Build.0 = Debug|x86
		{54BFE18A-84B4-48AB-92E0-0774EA019202}.Debug2|Any CPU.ActiveCfg = Debug2|x86
		{54BFE18A-84B4-48AB-92E0-0774EA019202}.Debug2|x86.ActiveCfg = Debug2|x86
		{54BFE18A-84B4-48AB-92E0-0774EA019202}.Debug2|x86.Build.0 = Debug2|x86
		{54BFE18A-84B4-48AB-92E0-0774EA019202}.DebugProfile|Any CPU.ActiveCfg = Release|x86
		{54BFE18A-84B4-48AB-92E0-0774EA019202}.DebugProfile|Any CPU.Build.0 = Release|x86
		{54BFE18A-84B4-48AB-92E0-0774EA019202}.DebugProfile|x86.ActiveCfg = Debug2|x86
		{54BFE18A-84B4-48AB-92E0-0774EA019202}.DebugProfile|x86.Build.0 = Debug2|x86
		{54BFE18A-84B4-48AB-92E0-0774EA019202}.Profile|Any CPU.ActiveCfg = Release|x86
		{54BFE18A-84B4-48AB-92E0-0774EA019202}.Profile|Any CPU.Build.0 = Release|x86
		{54BFE18A-84B4-48AB-92E0-0774EA019202}.Profile|x86.ActiveCfg = Release|x86
		{54BFE18A-84B4-48AB-92E0-0774EA019202}.Profile|x86.Build.0 = Release|x86
		{54BFE18A-84B4-48AB-92E0-0774EA019202}.Release|Any CPU.ActiveCfg = Release|x86
		{54BFE18A-84B4-48AB-92E0-0774EA019202}.Release|x86.ActiveCfg = Release|x86
		{54BFE18A-84B4-48AB-92E0-0774EA019202}.Release|x86.Build.0 = Release|x86
		{54BFE18A-84B4-48AB-92E0-0774EA019202}.Submission Phone|Any CPU.ActiveCfg = Release|x86
		{54BFE18A-84B4-48AB-92E0-0774EA019202}.Submission Phone|Any CPU.Build.0 = Release|x86
		{54BFE18A-84B4-48AB-92E0-0774EA019202}.Submission Phone|x86.ActiveCfg = Release|x86
		{54BFE18A-84B4-48AB-92E0-0774EA019202}.Submission Phone|x86.Build.0 = Release|x86
		{54BFE18A-84B4-48AB-92E0-0774EA019202}.Submission|Any CPU.ActiveCfg = Release|x86
		{54BFE18A-84B4-48AB-92E0-0774EA019202}.Submission|Any CPU.Build.0 = Release|x86
		{54BFE18A-84B4-48AB-92E0-0774EA019202}.Submission|x86.ActiveCfg = Release|x86
		{54BFE18A-84B4-48AB-92E0-0774EA019202}.Submission|x86.Build.0 = Release|x86
		{54BFE18A-84B4-48AB-92E0-0774EA019202}.UnitTest|Any CPU.ActiveCfg = Release|x86
		{54BFE18A-84B4-48AB-92E0-0774EA019202}.UnitTest|Any CPU.Build.0 = Release|x86
		{54BFE18A-84B4-48AB-92E0-0774EA019202}.UnitTest|x86.ActiveCfg = Debug|x86
		{54BFE18A-84B4-48AB-92E0-0774EA019202}.UnitTest|x86.Build.0 = Debug|x86
		{54BFE18A-84B4-48AB-92E0-0774EA019202}.UnitTests|Any CPU.ActiveCfg = Release|x86
		{54BFE18A-84B4-48AB-92E0-0774EA019202}.UnitTests|Any CPU.Build.0 = Release|x86
		{54BFE18A-84B4-48AB-92E0-0774EA019202}.UnitTests|x86.ActiveCfg = Release|x86
		{54BFE18A-84B4-48AB-92E0-0774EA019202}.UnitTests|x86.Build.0 = Release|x86
		{277A9E05-C5DF-4A30-AD43-F7C16A6893ED}.AutomatedBuild|Any CPU.ActiveCfg = Release|x86
		{277A9E05-C5DF-4A30-AD43-F7C16A6893ED}.AutomatedBuild|Any CPU.Build.0 = Release|x86
		{277A9E05-C5DF-4A30-AD43-F7C16A6893ED}.AutomatedBuild|x86.ActiveCfg = Release|x86
		{277A9E05-C5DF-4A30-AD43-F7C16A6893ED}.AutomatedBuild|x86.Build.0 = Release|x86
		{277A9E05-C5DF-4A30-AD43-F7C16A6893ED}.Debug Docs|Any CPU.ActiveCfg = Release|x86
		{277A9E05-C5DF-4A30-AD43-F7C16A6893ED}.Debug Docs|Any CPU.Build.0 = Release|x86
		{277A9E05-C5DF-4A30-AD43-F7C16A6893ED}.Debug Docs|x86.ActiveCfg = Debug2|x86
		{277A9E05-C5DF-4A30-AD43-F7C16A6893ED}.Debug Docs|x86.Build.0 = Debug2|x86
		{277A9E05-C5DF-4A30-AD43-F7C16A6893ED}.Debug|Any CPU.ActiveCfg = Debug|x86
		{277A9E05-C5DF-4A30-AD43-F7C16A6893ED}.Debug|x86.ActiveCfg = Debug|x86
		{277A9E05-C5DF-4A30-AD43-F7C16A6893ED}.Debug|x86.Build.0 = Debug|x86
		{277A9E05-C5DF-4A30-AD43-F7C16A6893ED}.Debug2|Any CPU.ActiveCfg = Debug2|x86
		{277A9E05-C5DF-4A30-AD43-F7C16A6893ED}.Debug2|x86.ActiveCfg = Debug2|x86
		{277A9E05-C5DF-4A30-AD43-F7C16A6893ED}.Debug2|x86.Build.0 = Debug2|x86
		{277A9E05-C5DF-4A30-AD43-F7C16A6893ED}.DebugProfile|Any CPU.ActiveCfg = Release|x86
		{277A9E05-C5DF-4A30-AD43-F7C16A6893ED}.DebugProfile|Any CPU.Build.0 = Release|x86
		{277A9E05-C5DF-4A30-AD43-F7C16A6893ED}.DebugProfile|x86.ActiveCfg = Debug2|x86
		{277A9E05-C5DF-4A30-AD43-F7C16A6893ED}.DebugProfile|x86.Build.0 = Debug2|x86
		{277A9E05-C5DF-4A30-AD43-F7C16A6893ED}.Profile|Any CPU.ActiveCfg = Release|x86
		{277A9E05-C5DF-4A30-AD43-F7C16A6893ED}.Profile|Any CPU.Build.0 = Release|x86
		{277A9E05-C5DF-4A30-AD43-F7C16A6893ED}.Profile|x86.ActiveCfg = Release|x86
		{277A9E05-C5DF-4A30-AD43-F7C16A6893ED}.Profile|x86.Build.0 = Release|x86
		{277A9E05-C5DF-4A30-AD43-F7C16A6893ED}.Release|Any CPU.ActiveCfg = Release|x86
		{277A9E05-C5DF-4A30-AD43-F7C16A6893ED}.Release|x86.ActiveCfg = Release|x86
		{277A9E05-C5DF-4A30-AD43-F7C16A6893ED}.Release|x86.Build.0 = Release|x86
		{277A9E05-C5DF-4A30-AD43-F7C16A6893ED}.Submission Phone|Any CPU.ActiveCfg = Release|x86
		{277A9E05-C5DF-4A30-AD43-F7C16A6893ED}.Submission Phone|Any CPU.Build.0 = Release|x86
		{277A9E05-C5DF-4A30-AD43-F7C16A6893ED}.Submission Phone|x86.ActiveCfg = Release|x86
		{277A9E05-C5DF-4A30-AD43-F7C16A6893ED}.Submission Phone|x86.Build.0 = Release|x86
		{277A9E05-C5DF-4A30-AD43-F7C16A6893ED}.Submission|Any CPU.ActiveCfg = Release|x86
		{277A9E05-C5DF-4A30-AD43-F7C16A6893ED}.Submission|Any CPU.Build.0 = Release|x86
		{277A9E05-C5DF-4A30-AD43-F7C16A6893ED}.Submission|x86.ActiveCfg = Release|x86
		{277A9E05-C5DF-4A30-AD43-F7C16A6893ED}.Submission|x86.Build.0 = Release|x86
		{277A9E05-C5DF-4A30-AD43-F7C16A6893ED}.UnitTest|Any CPU.ActiveCfg = Release|x86
		{277A9E05-C5DF-4A30-AD43-F7C16A6893ED}.UnitTest|Any CPU.Build.0 = Release|x86
		{277A9E05-C5DF-4A30-AD43-F7C16A6893ED}.UnitTest|x86.ActiveCfg = Debug|x86
		{277A9E05-C5DF-4A30-AD43-F7C16A6893ED}.UnitTest|x86.Build.0 = Debug|x86
		{277A9E05-C5DF-4A30-AD43-F7C16A6893ED}.UnitTests|Any CPU.ActiveCfg = Release|x86
		{277A9E05-C5DF-4A30-AD43-F7C16A6893ED}.UnitTests|Any CPU.Build.0 = Release|x86
		{277A9E05-C5DF-4A30-AD43-F7C16A6893ED}.UnitTests|x86.ActiveCfg = Release|x86
		{277A9E05-C5DF-4A30-AD43-F7C16A6893ED}.UnitTests|x86.Build.0 = Release|x86
		{B941A93F-6093-4DC6-AD11-91A058B6C2CC}.AutomatedBuild|Any CPU.ActiveCfg = AutomatedBuild|x86
		{B941A93F-6093-4DC6-AD11-91A058B6C2CC}.AutomatedBuild|x86.ActiveCfg = AutomatedBuild|x86
		{B941A93F-6093-4DC6-AD11-91A058B6C2CC}.AutomatedBuild|x86.Build.0 = AutomatedBuild|x86
		{B941A93F-6093-4DC6-AD11-91A058B6C2CC}.Debug Docs|Any CPU.ActiveCfg = AutomatedBuild|x86
		{B941A93F-6093-4DC6-AD11-91A058B6C2CC}.Debug Docs|Any CPU.Build.0 = AutomatedBuild|x86
		{B941A93F-6093-4DC6-AD11-91A058B6C2CC}.Debug Docs|x86.ActiveCfg = Debug2|x86
		{B941A93F-6093-4DC6-AD11-91A058B6C2CC}.Debug Docs|x86.Build.0 = Debug2|x86
		{B941A93F-6093-4DC6-AD11-91A058B6C2CC}.Debug|Any CPU.ActiveCfg = Debug|x86
		{B941A93F-6093-4DC6-AD11-91A058B6C2CC}.Debug|x86.ActiveCfg = Debug|x86
		{B941A93F-6093-4DC6-AD11-91A058B6C2CC}.Debug|x86.Build.0 = Debug|x86
		{B941A93F-6093-4DC6-AD11-91A058B6C2CC}.Debug2|Any CPU.ActiveCfg = Debug2|x86
		{B941A93F-6093-4DC6-AD11-91A058B6C2CC}.Debug2|x86.ActiveCfg = Debug2|x86
		{B941A93F-6093-4DC6-AD11-91A058B6C2CC}.Debug2|x86.Build.0 = Debug2|x86
		{B941A93F-6093-4DC6-AD11-91A058B6C2CC}.DebugProfile|Any CPU.ActiveCfg = AutomatedBuild|x86
		{B941A93F-6093-4DC6-AD11-91A058B6C2CC}.DebugProfile|Any CPU.Build.0 = AutomatedBuild|x86
		{B941A93F-6093-4DC6-AD11-91A058B6C2CC}.DebugProfile|x86.ActiveCfg = Debug2|x86
		{B941A93F-6093-4DC6-AD11-91A058B6C2CC}.DebugProfile|x86.Build.0 = Debug2|x86
		{B941A93F-6093-4DC6-AD11-91A058B6C2CC}.Profile|Any CPU.ActiveCfg = AutomatedBuild|x86
		{B941A93F-6093-4DC6-AD11-91A058B6C2CC}.Profile|Any CPU.Build.0 = AutomatedBuild|x86
		{B941A93F-6093-4DC6-AD11-91A058B6C2CC}.Profile|x86.ActiveCfg = AutomatedBuild|x86
		{B941A93F-6093-4DC6-AD11-91A058B6C2CC}.Profile|x86.Build.0 = AutomatedBuild|x86
		{B941A93F-6093-4DC6-AD11-91A058B6C2CC}.Release|Any CPU.ActiveCfg = Release|x86
		{B941A93F-6093-4DC6-AD11-91A058B6C2CC}.Release|x86.ActiveCfg = Release|x86
		{B941A93F-6093-4DC6-AD11-91A058B6C2CC}.Release|x86.Build.0 = Release|x86
		{B941A93F-6093-4DC6-AD11-91A058B6C2CC}.Submission Phone|Any CPU.ActiveCfg = AutomatedBuild|x86
		{B941A93F-6093-4DC6-AD11-91A058B6C2CC}.Submission Phone|Any CPU.Build.0 = AutomatedBuild|x86
		{B941A93F-6093-4DC6-AD11-91A058B6C2CC}.Submission Phone|x86.ActiveCfg = AutomatedBuild|x86
		{B941A93F-6093-4DC6-AD11-91A058B6C2CC}.Submission Phone|x86.Build.0 = AutomatedBuild|x86
		{B941A93F-6093-4DC6-AD11-91A058B6C2CC}.Submission|Any CPU.ActiveCfg = AutomatedBuild|x86
		{B941A93F-6093-4DC6-AD11-91A058B6C2CC}.Submission|Any CPU.Build.0 = AutomatedBuild|x86
		{B941A93F-6093-4DC6-AD11-91A058B6C2CC}.Submission|x86.ActiveCfg = AutomatedBuild|x86
		{B941A93F-6093-4DC6-AD11-91A058B6C2CC}.Submission|x86.Build.0 = AutomatedBuild|x86
		{B941A93F-6093-4DC6-AD11-91A058B6C2CC}.UnitTest|Any CPU.ActiveCfg = AutomatedBuild|x86
		{B941A93F-6093-4DC6-AD11-91A058B6C2CC}.UnitTest|Any CPU.Build.0 = AutomatedBuild|x86
		{B941A93F-6093-4DC6-AD11-91A058B6C2CC}.UnitTest|x86.ActiveCfg = AutomatedBuild|x86
		{B941A93F-6093-4DC6-AD11-91A058B6C2CC}.UnitTest|x86.Build.0 = AutomatedBuild|x86
		{B941A93F-6093-4DC6-AD11-91A058B6C2CC}.UnitTests|Any CPU.ActiveCfg = AutomatedBuild|x86
		{B941A93F-6093-4DC6-AD11-91A058B6C2CC}.UnitTests|Any CPU.Build.0 = AutomatedBuild|x86
		{B941A93F-6093-4DC6-AD11-91A058B6C2CC}.UnitTests|x86.ActiveCfg = AutomatedBuild|x86
		{B941A93F-6093-4DC6-AD11-91A058B6C2CC}.UnitTests|x86.Build.0 = AutomatedBuild|x86
		{991D5E91-45C6-44DE-AA07-9A3FF695AB9E}.AutomatedBuild|Any CPU.ActiveCfg = Release|x86
		{991D5E91-45C6-44DE-AA07-9A3FF695AB9E}.AutomatedBuild|Any CPU.Build.0 = Release|x86
		{991D5E91-45C6-44DE-AA07-9A3FF695AB9E}.AutomatedBuild|x86.ActiveCfg = Release|x86
		{991D5E91-45C6-44DE-AA07-9A3FF695AB9E}.AutomatedBuild|x86.Build.0 = Release|x86
		{991D5E91-45C6-44DE-AA07-9A3FF695AB9E}.Debug Docs|Any CPU.ActiveCfg = Release|x86
		{991D5E91-45C6-44DE-AA07-9A3FF695AB9E}.Debug Docs|Any CPU.Build.0 = Release|x86
		{991D5E91-45C6-44DE-AA07-9A3FF695AB9E}.Debug Docs|x86.ActiveCfg = Debug2|x86
		{991D5E91-45C6-44DE-AA07-9A3FF695AB9E}.Debug Docs|x86.Build.0 = Debug2|x86
		{991D5E91-45C6-44DE-AA07-9A3FF695AB9E}.Debug|Any CPU.ActiveCfg = Debug|x86
		{991D5E91-45C6-44DE-AA07-9A3FF695AB9E}.Debug|x86.ActiveCfg = Debug|x86
		{991D5E91-45C6-44DE-AA07-9A3FF695AB9E}.Debug|x86.Build.0 = Debug|x86
		{991D5E91-45C6-44DE-AA07-9A3FF695AB9E}.Debug2|Any CPU.ActiveCfg = Debug2|x86
		{991D5E91-45C6-44DE-AA07-9A3FF695AB9E}.Debug2|x86.ActiveCfg = Debug2|x86
		{991D5E91-45C6-44DE-AA07-9A3FF695AB9E}.Debug2|x86.Build.0 = Debug2|x86
		{991D5E91-45C6-44DE-AA07-9A3FF695AB9E}.DebugProfile|Any CPU.ActiveCfg = Release|x86
		{991D5E91-45C6-44DE-AA07-9A3FF695AB9E}.DebugProfile|Any CPU.Build.0 = Release|x86
		{991D5E91-45C6-44DE-AA07-9A3FF695AB9E}.DebugProfile|x86.ActiveCfg = Debug2|x86
		{991D5E91-45C6-44DE-AA07-9A3FF695AB9E}.DebugProfile|x86.Build.0 = Debug2|x86
		{991D5E91-45C6-44DE-AA07-9A3FF695AB9E}.Profile|Any CPU.ActiveCfg = Release|x86
		{991D5E91-45C6-44DE-AA07-9A3FF695AB9E}.Profile|Any CPU.Build.0 = Release|x86
		{991D5E91-45C6-44DE-AA07-9A3FF695AB9E}.Profile|x86.ActiveCfg = Release|x86
		{991D5E91-45C6-44DE-AA07-9A3FF695AB9E}.Profile|x86.Build.0 = Release|x86
		{991D5E91-45C6-44DE-AA07-9A3FF695AB9E}.Release|Any CPU.ActiveCfg = Release|x86
		{991D5E91-45C6-44DE-AA07-9A3FF695AB9E}.Release|x86.ActiveCfg = Release|x86
		{991D5E91-45C6-44DE-AA07-9A3FF695AB9E}.Release|x86.Build.0 = Release|x86
		{991D5E91-45C6-44DE-AA07-9A3FF695AB9E}.Submission Phone|Any CPU.ActiveCfg = Release|x86
		{991D5E91-45C6-44DE-AA07-9A3FF695AB9E}.Submission Phone|Any CPU.Build.0 = Release|x86
		{991D5E91-45C6-44DE-AA07-9A3FF695AB9E}.Submission Phone|x86.ActiveCfg = Release|x86
		{991D5E91-45C6-44DE-AA07-9A3FF695AB9E}.Submission Phone|x86.Build.0 = Release|x86
		{991D5E91-45C6-44DE-AA07-9A3FF695AB9E}.Submission|Any CPU.ActiveCfg = Release|x86
		{991D5E91-45C6-44DE-AA07-9A3FF695AB9E}.Submission|Any CPU.Build.0 = Release|x86
		{991D5E91-45C6-44DE-AA07-9A3FF695AB9E}.Submission|x86.ActiveCfg = Release|x86
		{991D5E91-45C6-44DE-AA07-9A3FF695AB9E}.Submission|x86.Build.0 = Release|x86
		{991D5E91-45C6-44DE-AA07-9A3FF695AB9E}.UnitTest|Any CPU.ActiveCfg = Release|x86
		{991D5E91-45C6-44DE-AA07-9A3FF695AB9E}.UnitTest|Any CPU.Build.0 = Release|x86
		{991D5E91-45C6-44DE-AA07-9A3FF695AB9E}.UnitTest|x86.ActiveCfg = Debug|x86
		{991D5E91-45C6-44DE-AA07-9A3FF695AB9E}.UnitTest|x86.Build.0 = Debug|x86
		{991D5E91-45C6-44DE-AA07-9A3FF695AB9E}.UnitTests|Any CPU.ActiveCfg = Release|x86
		{991D5E91-45C6-44DE-AA07-9A3FF695AB9E}.UnitTests|Any CPU.Build.0 = Release|x86
		{991D5E91-45C6-44DE-AA07-9A3FF695AB9E}.UnitTests|x86.ActiveCfg = Release|x86
		{991D5E91-45C6-44DE-AA07-9A3FF695AB9E}.UnitTests|x86.Build.0 = Release|x86
		{8D388562-F5F6-4000-9489-33761112B974}.AutomatedBuild|Any CPU.ActiveCfg = Release|x86
		{8D388562-F5F6-4000-9489-33761112B974}.AutomatedBuild|Any CPU.Build.0 = Release|x86
		{8D388562-F5F6-4000-9489-33761112B974}.AutomatedBuild|x86.ActiveCfg = Release|x86
		{8D388562-F5F6-4000-9489-33761112B974}.AutomatedBuild|x86.Build.0 = Release|x86
		{8D388562-F5F6-4000-9489-33761112B974}.Debug Docs|Any CPU.ActiveCfg = Release|x86
		{8D388562-F5F6-4000-9489-33761112B974}.Debug Docs|Any CPU.Build.0 = Release|x86
		{8D388562-F5F6-4000-9489-33761112B974}.Debug Docs|x86.ActiveCfg = Debug2|x86
		{8D388562-F5F6-4000-9489-33761112B974}.Debug Docs|x86.Build.0 = Debug2|x86
		{8D388562-F5F6-4000-9489-33761112B974}.Debug|Any CPU.ActiveCfg = Debug|x86
		{8D388562-F5F6-4000-9489-33761112B974}.Debug|x86.ActiveCfg = Debug|x86
		{8D388562-F5F6-4000-9489-33761112B974}.Debug|x86.Build.0 = Debug|x86
		{8D388562-F5F6-4000-9489-33761112B974}.Debug2|Any CPU.ActiveCfg = Debug2|x86
		{8D388562-F5F6-4000-9489-33761112B974}.Debug2|x86.ActiveCfg = Debug2|x86
		{8D388562-F5F6-4000-9489-33761112B974}.Debug2|x86.Build.0 = Debug2|x86
		{8D388562-F5F6-4000-9489-33761112B974}.DebugProfile|Any CPU.ActiveCfg = Release|x86
		{8D388562-F5F6-4000-9489-33761112B974}.DebugProfile|Any CPU.Build.0 = Release|x86
		{8D388562-F5F6-4000-9489-33761112B974}.DebugProfile|x86.ActiveCfg = Debug2|x86
		{8D388562-F5F6-4000-9489-33761112B974}.DebugProfile|x86.Build.0 = Debug2|x86
		{8D388562-F5F6-4000-9489-33761112B974}.Profile|Any CPU.ActiveCfg = Release|x86
		{8D388562-F5F6-4000-9489-33761112B974}.Profile|Any CPU.Build.0 = Release|x86
		{8D388562-F5F6-4000-9489-33761112B974}.Profile|x86.ActiveCfg = Release|x86
		{8D388562-F5F6-4000-9489-33761112B974}.Profile|x86.Build.0 = Release|x86
		{8D388562-F5F6-4000-9489-33761112B974}.Release|Any CPU.ActiveCfg = Release|x86
		{8D388562-F5F6-4000-9489-33761112B974}.Release|x86.ActiveCfg = Release|x86
		{8D388562-F5F6-4000-9489-33761112B974}.Release|x86.Build.0 = Release|x86
		{8D388562-F5F6-4000-9489-33761112B974}.Submission Phone|Any CPU.ActiveCfg = Release|x86
		{8D388562-F5F6-4000-9489-33761112B974}.Submission Phone|Any CPU.Build.0 = Release|x86
		{8D388562-F5F6-4000-9489-33761112B974}.Submission Phone|x86.ActiveCfg = Release|x86
		{8D388562-F5F6-4000-9489-33761112B974}.Submission Phone|x86.Build.0 = Release|x86
		{8D388562-F5F6-4000-9489-33761112B974}.Submission|Any CPU.ActiveCfg = Release|x86
		{8D388562-F5F6-4000-9489-33761112B974}.Submission|Any CPU.Build.0 = Release|x86
		{8D388562-F5F6-4000-9489-33761112B974}.Submission|x86.ActiveCfg = Release|x86
		{8D388562-F5F6-4000-9489-33761112B974}.Submission|x86.Build.0 = Release|x86
		{8D388562-F5F6-4000-9489-33761112B974}.UnitTest|Any CPU.ActiveCfg = Release|x86
		{8D388562-F5F6-4000-9489-33761112B974}.UnitTest|Any CPU.Build.0 = Release|x86
		{8D388562-F5F6-4000-9489-33761112B974}.UnitTest|x86.ActiveCfg = Debug|x86
		{8D388562-F5F6-4000-9489-33761112B974}.UnitTest|x86.Build.0 = Debug|x86
		{8D388562-F5F6-4000-9489-33761112B974}.UnitTests|Any CPU.ActiveCfg = Release|x86
		{8D388562-F5F6-4000-9489-33761112B974}.UnitTests|Any CPU.Build.0 = Release|x86
		{8D388562-F5F6-4000-9489-33761112B974}.UnitTests|x86.ActiveCfg = Release|x86
		{8D388562-F5F6-4000-9489-33761112B974}.UnitTests|x86.Build.0 = Release|x86
		{47241002-7EB5-433B-B931-A530BB6B84EE}.AutomatedBuild|Any CPU.ActiveCfg = Release|x86
		{47241002-7EB5-433B-B931-A530BB6B84EE}.AutomatedBuild|Any CPU.Build.0 = Release|x86
		{47241002-7EB5-433B-B931-A530BB6B84EE}.AutomatedBuild|x86.ActiveCfg = Release|x86
		{47241002-7EB5-433B-B931-A530BB6B84EE}.AutomatedBuild|x86.Build.0 = Release|x86
		{47241002-7EB5-433B-B931-A530BB6B84EE}.Debug Docs|Any CPU.ActiveCfg = Release|x86
		{47241002-7EB5-433B-B931-A530BB6B84EE}.Debug Docs|Any CPU.Build.0 = Release|x86
		{47241002-7EB5-433B-B931-A530BB6B84EE}.Debug Docs|x86.ActiveCfg = Debug2|x86
		{47241002-7EB5-433B-B931-A530BB6B84EE}.Debug Docs|x86.Build.0 = Debug2|x86
		{47241002-7EB5-433B-B931-A530BB6B84EE}.Debug|Any CPU.ActiveCfg = Debug|x86
		{47241002-7EB5-433B-B931-A530BB6B84EE}.Debug|x86.ActiveCfg = Debug|x86
		{47241002-7EB5-433B-B931-A530BB6B84EE}.Debug|x86.Build.0 = Debug|x86
		{47241002-7EB5-433B-B931-A530BB6B84EE}.Debug2|Any CPU.ActiveCfg = Debug2|x86
		{47241002-7EB5-433B-B931-A530BB6B84EE}.Debug2|x86.ActiveCfg = Debug2|x86
		{47241002-7EB5-433B-B931-A530BB6B84EE}.Debug2|x86.Build.0 = Debug2|x86
		{47241002-7EB5-433B-B931-A530BB6B84EE}.DebugProfile|Any CPU.ActiveCfg = Release|x86
		{47241002-7EB5-433B-B931-A530BB6B84EE}.DebugProfile|Any CPU.Build.0 = Release|x86
		{47241002-7EB5-433B-B931-A530BB6B84EE}.DebugProfile|x86.ActiveCfg = Debug2|x86
		{47241002-7EB5-433B-B931-A530BB6B84EE}.DebugProfile|x86.Build.0 = Debug2|x86
		{47241002-7EB5-433B-B931-A530BB6B84EE}.Profile|Any CPU.ActiveCfg = Release|x86
		{47241002-7EB5-433B-B931-A530BB6B84EE}.Profile|Any CPU.Build.0 = Release|x86
		{47241002-7EB5-433B-B931-A530BB6B84EE}.Profile|x86.ActiveCfg = Release|x86
		{47241002-7EB5-433B-B931-A530BB6B84EE}.Profile|x86.Build.0 = Release|x86
		{47241002-7EB5-433B-B931-A530BB6B84EE}.Release|Any CPU.ActiveCfg = Release|x86
		{47241002-7EB5-433B-B931-A530BB6B84EE}.Release|x86.ActiveCfg = Release|x86
		{47241002-7EB5-433B-B931-A530BB6B84EE}.Release|x86.Build.0 = Release|x86
		{47241002-7EB5-433B-B931-A530BB6B84EE}.Submission Phone|Any CPU.ActiveCfg = Release|x86
		{47241002-7EB5-433B-B931-A530BB6B84EE}.Submission Phone|Any CPU.Build.0 = Release|x86
		{47241002-7EB5-433B-B931-A530BB6B84EE}.Submission Phone|x86.ActiveCfg = Release|x86
		{47241002-7EB5-433B-B931-A530BB6B84EE}.Submission Phone|x86.Build.0 = Release|x86
		{47241002-7EB5-433B-B931-A530BB6B84EE}.Submission|Any CPU.ActiveCfg = Release|x86
		{47241002-7EB5-433B-B931-A530BB6B84EE}.Submission|Any CPU.Build.0 = Release|x86
		{47241002-7EB5-433B-B931-A530BB6B84EE}.Submission|x86.ActiveCfg = Release|x86
		{47241002-7EB5-433B-B931-A530BB6B84EE}.Submission|x86.Build.0 = Release|x86
		{47241002-7EB5-433B-B931-A530BB6B84EE}.UnitTest|Any CPU.ActiveCfg = Release|x86
		{47241002-7EB5-433B-B931-A530BB6B84EE}.UnitTest|Any CPU.Build.0 = Release|x86
		{47241002-7EB5-433B-B931-A530BB6B84EE}.UnitTest|x86.ActiveCfg = Debug|x86
		{47241002-7EB5-433B-B931-A530BB6B84EE}.UnitTest|x86.Build.0 = Debug|x86
		{47241002-7EB5-433B-B931-A530BB6B84EE}.UnitTests|Any CPU.ActiveCfg = Release|x86
		{47241002-7EB5-433B-B931-A530BB6B84EE}.UnitTests|Any CPU.Build.0 = Release|x86
		{47241002-7EB5-433B-B931-A530BB6B84EE}.UnitTests|x86.ActiveCfg = Release|x86
		{47241002-7EB5-433B-B931-A530BB6B84EE}.UnitTests|x86.Build.0 = Release|x86
		{B2C382CD-04F0-427D-B55B-574A9FEEFDD6}.AutomatedBuild|Any CPU.ActiveCfg = Release|Any CPU
		{B2C382CD-04F0-427D-B55B-574A9FEEFDD6}.AutomatedBuild|Any CPU.Build.0 = Release|Any CPU
		{B2C382CD-04F0-427D-B55B-574A9FEEFDD6}.AutomatedBuild|x86.ActiveCfg = Release|Any CPU
		{B2C382CD-04F0-427D-B55B-574A9FEEFDD6}.AutomatedBuild|x86.Build.0 = Release|Any CPU
		{B2C382CD-04F0-427D-B55B-574A9FEEFDD6}.Debug Docs|Any CPU.ActiveCfg = Debug|Any CPU
		{B2C382CD-04F0-427D-B55B-574A9FEEFDD6}.Debug Docs|Any CPU.Build.0 = Debug|Any CPU
		{B2C382CD-04F0-427D-B55B-574A9FEEFDD6}.Debug Docs|x86.ActiveCfg = Debug|Any CPU
		{B2C382CD-04F0-427D-B55B-574A9FEEFDD6}.Debug Docs|x86.Build.0 = Debug|Any CPU
		{B2C382CD-04F0-427D-B55B-574A9FEEFDD6}.Debug|Any CPU.ActiveCfg = Debug|Any CPU
		{B2C382CD-04F0-427D-B55B-574A9FEEFDD6}.Debug|Any CPU.Build.0 = Debug|Any CPU
		{B2C382CD-04F0-427D-B55B-574A9FEEFDD6}.Debug|x86.ActiveCfg = Debug|Any CPU
		{B2C382CD-04F0-427D-B55B-574A9FEEFDD6}.Debug|x86.Build.0 = Debug|Any CPU
		{B2C382CD-04F0-427D-B55B-574A9FEEFDD6}.Debug2|Any CPU.ActiveCfg = Debug|Any CPU
		{B2C382CD-04F0-427D-B55B-574A9FEEFDD6}.Debug2|Any CPU.Build.0 = Debug|Any CPU
		{B2C382CD-04F0-427D-B55B-574A9FEEFDD6}.Debug2|x86.ActiveCfg = Debug|Any CPU
		{B2C382CD-04F0-427D-B55B-574A9FEEFDD6}.Debug2|x86.Build.0 = Debug|Any CPU
		{B2C382CD-04F0-427D-B55B-574A9FEEFDD6}.DebugProfile|Any CPU.ActiveCfg = Debug|Any CPU
		{B2C382CD-04F0-427D-B55B-574A9FEEFDD6}.DebugProfile|Any CPU.Build.0 = Debug|Any CPU
		{B2C382CD-04F0-427D-B55B-574A9FEEFDD6}.DebugProfile|x86.ActiveCfg = Debug|Any CPU
		{B2C382CD-04F0-427D-B55B-574A9FEEFDD6}.DebugProfile|x86.Build.0 = Debug|Any CPU
		{B2C382CD-04F0-427D-B55B-574A9FEEFDD6}.Profile|Any CPU.ActiveCfg = Release|Any CPU
		{B2C382CD-04F0-427D-B55B-574A9FEEFDD6}.Profile|Any CPU.Build.0 = Release|Any CPU
		{B2C382CD-04F0-427D-B55B-574A9FEEFDD6}.Profile|x86.ActiveCfg = Release|Any CPU
		{B2C382CD-04F0-427D-B55B-574A9FEEFDD6}.Profile|x86.Build.0 = Release|Any CPU
		{B2C382CD-04F0-427D-B55B-574A9FEEFDD6}.Release|Any CPU.ActiveCfg = Release|Any CPU
		{B2C382CD-04F0-427D-B55B-574A9FEEFDD6}.Release|Any CPU.Build.0 = Release|Any CPU
		{B2C382CD-04F0-427D-B55B-574A9FEEFDD6}.Release|x86.ActiveCfg = Release|Any CPU
		{B2C382CD-04F0-427D-B55B-574A9FEEFDD6}.Release|x86.Build.0 = Release|Any CPU
		{B2C382CD-04F0-427D-B55B-574A9FEEFDD6}.Submission Phone|Any CPU.ActiveCfg = Release|Any CPU
		{B2C382CD-04F0-427D-B55B-574A9FEEFDD6}.Submission Phone|Any CPU.Build.0 = Release|Any CPU
		{B2C382CD-04F0-427D-B55B-574A9FEEFDD6}.Submission Phone|x86.ActiveCfg = Release|Any CPU
		{B2C382CD-04F0-427D-B55B-574A9FEEFDD6}.Submission Phone|x86.Build.0 = Release|Any CPU
		{B2C382CD-04F0-427D-B55B-574A9FEEFDD6}.Submission|Any CPU.ActiveCfg = Release|Any CPU
		{B2C382CD-04F0-427D-B55B-574A9FEEFDD6}.Submission|Any CPU.Build.0 = Release|Any CPU
		{B2C382CD-04F0-427D-B55B-574A9FEEFDD6}.Submission|x86.ActiveCfg = Release|Any CPU
		{B2C382CD-04F0-427D-B55B-574A9FEEFDD6}.Submission|x86.Build.0 = Release|Any CPU
		{B2C382CD-04F0-427D-B55B-574A9FEEFDD6}.UnitTest|Any CPU.ActiveCfg = Release|Any CPU
		{B2C382CD-04F0-427D-B55B-574A9FEEFDD6}.UnitTest|Any CPU.Build.0 = Release|Any CPU
		{B2C382CD-04F0-427D-B55B-574A9FEEFDD6}.UnitTest|x86.ActiveCfg = Release|Any CPU
		{B2C382CD-04F0-427D-B55B-574A9FEEFDD6}.UnitTest|x86.Build.0 = Release|Any CPU
		{B2C382CD-04F0-427D-B55B-574A9FEEFDD6}.UnitTests|Any CPU.ActiveCfg = Release|Any CPU
		{B2C382CD-04F0-427D-B55B-574A9FEEFDD6}.UnitTests|Any CPU.Build.0 = Release|Any CPU
		{B2C382CD-04F0-427D-B55B-574A9FEEFDD6}.UnitTests|x86.ActiveCfg = Release|Any CPU
		{B2C382CD-04F0-427D-B55B-574A9FEEFDD6}.UnitTests|x86.Build.0 = Release|Any CPU
		{545FF183-4D9D-4121-9A04-1D354B0B0DBA}.AutomatedBuild|Any CPU.ActiveCfg = AutomatedBuild|Any CPU
		{545FF183-4D9D-4121-9A04-1D354B0B0DBA}.AutomatedBuild|Any CPU.Build.0 = AutomatedBuild|Any CPU
		{545FF183-4D9D-4121-9A04-1D354B0B0DBA}.AutomatedBuild|x86.ActiveCfg = AutomatedBuild|x86
		{545FF183-4D9D-4121-9A04-1D354B0B0DBA}.AutomatedBuild|x86.Build.0 = AutomatedBuild|x86
		{545FF183-4D9D-4121-9A04-1D354B0B0DBA}.Debug Docs|Any CPU.ActiveCfg = Debug2|Any CPU
		{545FF183-4D9D-4121-9A04-1D354B0B0DBA}.Debug Docs|Any CPU.Build.0 = Debug2|Any CPU
		{545FF183-4D9D-4121-9A04-1D354B0B0DBA}.Debug Docs|x86.ActiveCfg = Debug2|x86
		{545FF183-4D9D-4121-9A04-1D354B0B0DBA}.Debug Docs|x86.Build.0 = Debug2|x86
		{545FF183-4D9D-4121-9A04-1D354B0B0DBA}.Debug|Any CPU.ActiveCfg = Debug|Any CPU
		{545FF183-4D9D-4121-9A04-1D354B0B0DBA}.Debug|Any CPU.Build.0 = Debug|Any CPU
		{545FF183-4D9D-4121-9A04-1D354B0B0DBA}.Debug|x86.ActiveCfg = Debug|x86
		{545FF183-4D9D-4121-9A04-1D354B0B0DBA}.Debug|x86.Build.0 = Debug|x86
		{545FF183-4D9D-4121-9A04-1D354B0B0DBA}.Debug2|Any CPU.ActiveCfg = Debug2|Any CPU
		{545FF183-4D9D-4121-9A04-1D354B0B0DBA}.Debug2|Any CPU.Build.0 = Debug2|Any CPU
		{545FF183-4D9D-4121-9A04-1D354B0B0DBA}.Debug2|x86.ActiveCfg = Debug2|x86
		{545FF183-4D9D-4121-9A04-1D354B0B0DBA}.Debug2|x86.Build.0 = Debug2|x86
		{545FF183-4D9D-4121-9A04-1D354B0B0DBA}.DebugProfile|Any CPU.ActiveCfg = Debug2|Any CPU
		{545FF183-4D9D-4121-9A04-1D354B0B0DBA}.DebugProfile|Any CPU.Build.0 = Debug2|Any CPU
		{545FF183-4D9D-4121-9A04-1D354B0B0DBA}.DebugProfile|x86.ActiveCfg = Debug2|x86
		{545FF183-4D9D-4121-9A04-1D354B0B0DBA}.DebugProfile|x86.Build.0 = Debug2|x86
		{545FF183-4D9D-4121-9A04-1D354B0B0DBA}.Profile|Any CPU.ActiveCfg = Debug2|Any CPU
		{545FF183-4D9D-4121-9A04-1D354B0B0DBA}.Profile|Any CPU.Build.0 = Debug2|Any CPU
		{545FF183-4D9D-4121-9A04-1D354B0B0DBA}.Profile|x86.ActiveCfg = Debug2|x86
		{545FF183-4D9D-4121-9A04-1D354B0B0DBA}.Profile|x86.Build.0 = Debug2|x86
		{545FF183-4D9D-4121-9A04-1D354B0B0DBA}.Release|Any CPU.ActiveCfg = Release|Any CPU
		{545FF183-4D9D-4121-9A04-1D354B0B0DBA}.Release|Any CPU.Build.0 = Release|Any CPU
		{545FF183-4D9D-4121-9A04-1D354B0B0DBA}.Release|x86.ActiveCfg = Release|x86
		{545FF183-4D9D-4121-9A04-1D354B0B0DBA}.Release|x86.Build.0 = Release|x86
		{545FF183-4D9D-4121-9A04-1D354B0B0DBA}.Submission Phone|Any CPU.ActiveCfg = Debug2|Any CPU
		{545FF183-4D9D-4121-9A04-1D354B0B0DBA}.Submission Phone|Any CPU.Build.0 = Debug2|Any CPU
		{545FF183-4D9D-4121-9A04-1D354B0B0DBA}.Submission Phone|x86.ActiveCfg = Debug2|x86
		{545FF183-4D9D-4121-9A04-1D354B0B0DBA}.Submission Phone|x86.Build.0 = Debug2|x86
		{545FF183-4D9D-4121-9A04-1D354B0B0DBA}.Submission|Any CPU.ActiveCfg = Debug2|Any CPU
		{545FF183-4D9D-4121-9A04-1D354B0B0DBA}.Submission|Any CPU.Build.0 = Debug2|Any CPU
		{545FF183-4D9D-4121-9A04-1D354B0B0DBA}.Submission|x86.ActiveCfg = Debug2|x86
		{545FF183-4D9D-4121-9A04-1D354B0B0DBA}.Submission|x86.Build.0 = Debug2|x86
		{545FF183-4D9D-4121-9A04-1D354B0B0DBA}.UnitTest|Any CPU.ActiveCfg = Debug2|Any CPU
		{545FF183-4D9D-4121-9A04-1D354B0B0DBA}.UnitTest|Any CPU.Build.0 = Debug2|Any CPU
		{545FF183-4D9D-4121-9A04-1D354B0B0DBA}.UnitTest|x86.ActiveCfg = Debug2|x86
		{545FF183-4D9D-4121-9A04-1D354B0B0DBA}.UnitTest|x86.Build.0 = Debug2|x86
		{545FF183-4D9D-4121-9A04-1D354B0B0DBA}.UnitTests|Any CPU.ActiveCfg = Debug2|Any CPU
		{545FF183-4D9D-4121-9A04-1D354B0B0DBA}.UnitTests|Any CPU.Build.0 = Debug2|Any CPU
		{545FF183-4D9D-4121-9A04-1D354B0B0DBA}.UnitTests|x86.ActiveCfg = Debug2|x86
		{545FF183-4D9D-4121-9A04-1D354B0B0DBA}.UnitTests|x86.Build.0 = Debug2|x86
		{E1D670B6-AD42-4B84-AFF8-D568097BE03D}.AutomatedBuild|Any CPU.ActiveCfg = AutomatedBuild|Any CPU
		{E1D670B6-AD42-4B84-AFF8-D568097BE03D}.AutomatedBuild|Any CPU.Build.0 = AutomatedBuild|Any CPU
		{E1D670B6-AD42-4B84-AFF8-D568097BE03D}.AutomatedBuild|x86.ActiveCfg = AutomatedBuild|x86
		{E1D670B6-AD42-4B84-AFF8-D568097BE03D}.AutomatedBuild|x86.Build.0 = AutomatedBuild|x86
		{E1D670B6-AD42-4B84-AFF8-D568097BE03D}.Debug Docs|Any CPU.ActiveCfg = Debug2|Any CPU
		{E1D670B6-AD42-4B84-AFF8-D568097BE03D}.Debug Docs|Any CPU.Build.0 = Debug2|Any CPU
		{E1D670B6-AD42-4B84-AFF8-D568097BE03D}.Debug Docs|x86.ActiveCfg = Debug2|x86
		{E1D670B6-AD42-4B84-AFF8-D568097BE03D}.Debug Docs|x86.Build.0 = Debug2|x86
		{E1D670B6-AD42-4B84-AFF8-D568097BE03D}.Debug|Any CPU.ActiveCfg = Debug|Any CPU
		{E1D670B6-AD42-4B84-AFF8-D568097BE03D}.Debug|Any CPU.Build.0 = Debug|Any CPU
		{E1D670B6-AD42-4B84-AFF8-D568097BE03D}.Debug|x86.ActiveCfg = Debug|x86
		{E1D670B6-AD42-4B84-AFF8-D568097BE03D}.Debug|x86.Build.0 = Debug|x86
		{E1D670B6-AD42-4B84-AFF8-D568097BE03D}.Debug2|Any CPU.ActiveCfg = Debug2|Any CPU
		{E1D670B6-AD42-4B84-AFF8-D568097BE03D}.Debug2|Any CPU.Build.0 = Debug2|Any CPU
		{E1D670B6-AD42-4B84-AFF8-D568097BE03D}.Debug2|x86.ActiveCfg = Debug2|x86
		{E1D670B6-AD42-4B84-AFF8-D568097BE03D}.Debug2|x86.Build.0 = Debug2|x86
		{E1D670B6-AD42-4B84-AFF8-D568097BE03D}.DebugProfile|Any CPU.ActiveCfg = Debug2|Any CPU
		{E1D670B6-AD42-4B84-AFF8-D568097BE03D}.DebugProfile|Any CPU.Build.0 = Debug2|Any CPU
		{E1D670B6-AD42-4B84-AFF8-D568097BE03D}.DebugProfile|x86.ActiveCfg = Debug2|x86
		{E1D670B6-AD42-4B84-AFF8-D568097BE03D}.DebugProfile|x86.Build.0 = Debug2|x86
		{E1D670B6-AD42-4B84-AFF8-D568097BE03D}.Profile|Any CPU.ActiveCfg = Debug2|Any CPU
		{E1D670B6-AD42-4B84-AFF8-D568097BE03D}.Profile|Any CPU.Build.0 = Debug2|Any CPU
		{E1D670B6-AD42-4B84-AFF8-D568097BE03D}.Profile|x86.ActiveCfg = Debug2|x86
		{E1D670B6-AD42-4B84-AFF8-D568097BE03D}.Profile|x86.Build.0 = Debug2|x86
		{E1D670B6-AD42-4B84-AFF8-D568097BE03D}.Release|Any CPU.ActiveCfg = Release|Any CPU
		{E1D670B6-AD42-4B84-AFF8-D568097BE03D}.Release|Any CPU.Build.0 = Release|Any CPU
		{E1D670B6-AD42-4B84-AFF8-D568097BE03D}.Release|x86.ActiveCfg = Release|x86
		{E1D670B6-AD42-4B84-AFF8-D568097BE03D}.Release|x86.Build.0 = Release|x86
		{E1D670B6-AD42-4B84-AFF8-D568097BE03D}.Submission Phone|Any CPU.ActiveCfg = Debug2|Any CPU
		{E1D670B6-AD42-4B84-AFF8-D568097BE03D}.Submission Phone|Any CPU.Build.0 = Debug2|Any CPU
		{E1D670B6-AD42-4B84-AFF8-D568097BE03D}.Submission Phone|x86.ActiveCfg = Debug2|x86
		{E1D670B6-AD42-4B84-AFF8-D568097BE03D}.Submission Phone|x86.Build.0 = Debug2|x86
		{E1D670B6-AD42-4B84-AFF8-D568097BE03D}.Submission|Any CPU.ActiveCfg = Debug2|Any CPU
		{E1D670B6-AD42-4B84-AFF8-D568097BE03D}.Submission|Any CPU.Build.0 = Debug2|Any CPU
		{E1D670B6-AD42-4B84-AFF8-D568097BE03D}.Submission|x86.ActiveCfg = Debug2|x86
		{E1D670B6-AD42-4B84-AFF8-D568097BE03D}.Submission|x86.Build.0 = Debug2|x86
		{E1D670B6-AD42-4B84-AFF8-D568097BE03D}.UnitTest|Any CPU.ActiveCfg = UnitTests|Any CPU
		{E1D670B6-AD42-4B84-AFF8-D568097BE03D}.UnitTest|Any CPU.Build.0 = UnitTests|Any CPU
		{E1D670B6-AD42-4B84-AFF8-D568097BE03D}.UnitTest|x86.ActiveCfg = UnitTests|x86
		{E1D670B6-AD42-4B84-AFF8-D568097BE03D}.UnitTest|x86.Build.0 = UnitTests|x86
		{E1D670B6-AD42-4B84-AFF8-D568097BE03D}.UnitTests|Any CPU.ActiveCfg = UnitTests|Any CPU
		{E1D670B6-AD42-4B84-AFF8-D568097BE03D}.UnitTests|Any CPU.Build.0 = UnitTests|Any CPU
		{E1D670B6-AD42-4B84-AFF8-D568097BE03D}.UnitTests|x86.ActiveCfg = UnitTests|x86
		{E1D670B6-AD42-4B84-AFF8-D568097BE03D}.UnitTests|x86.Build.0 = UnitTests|x86
		{E1CB7D7B-E2EC-4DEB-92E2-6EF0B76F40F0}.AutomatedBuild|Any CPU.ActiveCfg = AutomatedBuild|x86
		{E1CB7D7B-E2EC-4DEB-92E2-6EF0B76F40F0}.AutomatedBuild|x86.ActiveCfg = AutomatedBuild|x86
		{E1CB7D7B-E2EC-4DEB-92E2-6EF0B76F40F0}.AutomatedBuild|x86.Build.0 = AutomatedBuild|x86
		{E1CB7D7B-E2EC-4DEB-92E2-6EF0B76F40F0}.Debug Docs|Any CPU.ActiveCfg = Debug Docs|x86
		{E1CB7D7B-E2EC-4DEB-92E2-6EF0B76F40F0}.Debug Docs|x86.ActiveCfg = Debug Docs|x86
		{E1CB7D7B-E2EC-4DEB-92E2-6EF0B76F40F0}.Debug Docs|x86.Build.0 = Debug Docs|x86
		{E1CB7D7B-E2EC-4DEB-92E2-6EF0B76F40F0}.Debug|Any CPU.ActiveCfg = Debug|x86
		{E1CB7D7B-E2EC-4DEB-92E2-6EF0B76F40F0}.Debug|x86.ActiveCfg = Debug|x86
		{E1CB7D7B-E2EC-4DEB-92E2-6EF0B76F40F0}.Debug|x86.Build.0 = Debug|x86
		{E1CB7D7B-E2EC-4DEB-92E2-6EF0B76F40F0}.Debug2|Any CPU.ActiveCfg = Debug2|x86
		{E1CB7D7B-E2EC-4DEB-92E2-6EF0B76F40F0}.Debug2|x86.ActiveCfg = Debug2|x86
		{E1CB7D7B-E2EC-4DEB-92E2-6EF0B76F40F0}.Debug2|x86.Build.0 = Debug2|x86
		{E1CB7D7B-E2EC-4DEB-92E2-6EF0B76F40F0}.DebugProfile|Any CPU.ActiveCfg = DebugProfile|x86
		{E1CB7D7B-E2EC-4DEB-92E2-6EF0B76F40F0}.DebugProfile|x86.ActiveCfg = DebugProfile|x86
		{E1CB7D7B-E2EC-4DEB-92E2-6EF0B76F40F0}.DebugProfile|x86.Build.0 = DebugProfile|x86
		{E1CB7D7B-E2EC-4DEB-92E2-6EF0B76F40F0}.Profile|Any CPU.ActiveCfg = Profile|x86
		{E1CB7D7B-E2EC-4DEB-92E2-6EF0B76F40F0}.Profile|x86.ActiveCfg = Profile|x86
		{E1CB7D7B-E2EC-4DEB-92E2-6EF0B76F40F0}.Profile|x86.Build.0 = Profile|x86
		{E1CB7D7B-E2EC-4DEB-92E2-6EF0B76F40F0}.Release|Any CPU.ActiveCfg = Release|x86
		{E1CB7D7B-E2EC-4DEB-92E2-6EF0B76F40F0}.Release|x86.ActiveCfg = Release|x86
		{E1CB7D7B-E2EC-4DEB-92E2-6EF0B76F40F0}.Release|x86.Build.0 = Release|x86
		{E1CB7D7B-E2EC-4DEB-92E2-6EF0B76F40F0}.Submission Phone|Any CPU.ActiveCfg = Submission Phone|x86
		{E1CB7D7B-E2EC-4DEB-92E2-6EF0B76F40F0}.Submission Phone|x86.ActiveCfg = Submission Phone|x86
		{E1CB7D7B-E2EC-4DEB-92E2-6EF0B76F40F0}.Submission Phone|x86.Build.0 = Submission Phone|x86
		{E1CB7D7B-E2EC-4DEB-92E2-6EF0B76F40F0}.Submission|Any CPU.ActiveCfg = Submission|x86
		{E1CB7D7B-E2EC-4DEB-92E2-6EF0B76F40F0}.Submission|x86.ActiveCfg = Submission|x86
		{E1CB7D7B-E2EC-4DEB-92E2-6EF0B76F40F0}.Submission|x86.Build.0 = Submission|x86
		{E1CB7D7B-E2EC-4DEB-92E2-6EF0B76F40F0}.UnitTest|Any CPU.ActiveCfg = Debug2|x86
		{E1CB7D7B-E2EC-4DEB-92E2-6EF0B76F40F0}.UnitTest|Any CPU.Build.0 = Debug2|x86
		{E1CB7D7B-E2EC-4DEB-92E2-6EF0B76F40F0}.UnitTest|x86.ActiveCfg = UnitTests|x86
		{E1CB7D7B-E2EC-4DEB-92E2-6EF0B76F40F0}.UnitTest|x86.Build.0 = UnitTests|x86
		{E1CB7D7B-E2EC-4DEB-92E2-6EF0B76F40F0}.UnitTests|Any CPU.ActiveCfg = UnitTests|x86
		{E1CB7D7B-E2EC-4DEB-92E2-6EF0B76F40F0}.UnitTests|x86.ActiveCfg = UnitTests|x86
		{E1CB7D7B-E2EC-4DEB-92E2-6EF0B76F40F0}.UnitTests|x86.Build.0 = UnitTests|x86
		{8C80BA7B-1CBA-4579-9382-D9DC6C365070}.AutomatedBuild|Any CPU.ActiveCfg = AutomatedBuild|Any CPU
		{8C80BA7B-1CBA-4579-9382-D9DC6C365070}.AutomatedBuild|Any CPU.Build.0 = AutomatedBuild|Any CPU
		{8C80BA7B-1CBA-4579-9382-D9DC6C365070}.AutomatedBuild|x86.ActiveCfg = AutomatedBuild|x86
		{8C80BA7B-1CBA-4579-9382-D9DC6C365070}.AutomatedBuild|x86.Build.0 = AutomatedBuild|x86
		{8C80BA7B-1CBA-4579-9382-D9DC6C365070}.Debug Docs|Any CPU.ActiveCfg = Debug|Any CPU
		{8C80BA7B-1CBA-4579-9382-D9DC6C365070}.Debug Docs|Any CPU.Build.0 = Debug|Any CPU
		{8C80BA7B-1CBA-4579-9382-D9DC6C365070}.Debug Docs|x86.ActiveCfg = Debug|x86
		{8C80BA7B-1CBA-4579-9382-D9DC6C365070}.Debug Docs|x86.Build.0 = Debug|x86
		{8C80BA7B-1CBA-4579-9382-D9DC6C365070}.Debug|Any CPU.ActiveCfg = Debug|Any CPU
		{8C80BA7B-1CBA-4579-9382-D9DC6C365070}.Debug|Any CPU.Build.0 = Debug|Any CPU
		{8C80BA7B-1CBA-4579-9382-D9DC6C365070}.Debug|x86.ActiveCfg = Debug|x86
		{8C80BA7B-1CBA-4579-9382-D9DC6C365070}.Debug|x86.Build.0 = Debug|x86
		{8C80BA7B-1CBA-4579-9382-D9DC6C365070}.Debug2|Any CPU.ActiveCfg = Debug|Any CPU
		{8C80BA7B-1CBA-4579-9382-D9DC6C365070}.Debug2|Any CPU.Build.0 = Debug|Any CPU
		{8C80BA7B-1CBA-4579-9382-D9DC6C365070}.Debug2|x86.ActiveCfg = Debug|x86
		{8C80BA7B-1CBA-4579-9382-D9DC6C365070}.Debug2|x86.Build.0 = Debug|x86
		{8C80BA7B-1CBA-4579-9382-D9DC6C365070}.DebugProfile|Any CPU.ActiveCfg = Debug|Any CPU
		{8C80BA7B-1CBA-4579-9382-D9DC6C365070}.DebugProfile|Any CPU.Build.0 = Debug|Any CPU
		{8C80BA7B-1CBA-4579-9382-D9DC6C365070}.DebugProfile|x86.ActiveCfg = Debug|x86
		{8C80BA7B-1CBA-4579-9382-D9DC6C365070}.DebugProfile|x86.Build.0 = Debug|x86
		{8C80BA7B-1CBA-4579-9382-D9DC6C365070}.Profile|Any CPU.ActiveCfg = AutomatedBuild|Any CPU
		{8C80BA7B-1CBA-4579-9382-D9DC6C365070}.Profile|Any CPU.Build.0 = AutomatedBuild|Any CPU
		{8C80BA7B-1CBA-4579-9382-D9DC6C365070}.Profile|x86.ActiveCfg = AutomatedBuild|x86
		{8C80BA7B-1CBA-4579-9382-D9DC6C365070}.Profile|x86.Build.0 = AutomatedBuild|x86
		{8C80BA7B-1CBA-4579-9382-D9DC6C365070}.Release|Any CPU.ActiveCfg = Release|Any CPU
		{8C80BA7B-1CBA-4579-9382-D9DC6C365070}.Release|Any CPU.Build.0 = Release|Any CPU
		{8C80BA7B-1CBA-4579-9382-D9DC6C365070}.Release|x86.ActiveCfg = Release|x86
		{8C80BA7B-1CBA-4579-9382-D9DC6C365070}.Release|x86.Build.0 = Release|x86
		{8C80BA7B-1CBA-4579-9382-D9DC6C365070}.Submission Phone|Any CPU.ActiveCfg = AutomatedBuild|Any CPU
		{8C80BA7B-1CBA-4579-9382-D9DC6C365070}.Submission Phone|Any CPU.Build.0 = AutomatedBuild|Any CPU
		{8C80BA7B-1CBA-4579-9382-D9DC6C365070}.Submission Phone|x86.ActiveCfg = AutomatedBuild|x86
		{8C80BA7B-1CBA-4579-9382-D9DC6C365070}.Submission Phone|x86.Build.0 = AutomatedBuild|x86
		{8C80BA7B-1CBA-4579-9382-D9DC6C365070}.Submission|Any CPU.ActiveCfg = AutomatedBuild|Any CPU
		{8C80BA7B-1CBA-4579-9382-D9DC6C365070}.Submission|Any CPU.Build.0 = AutomatedBuild|Any CPU
		{8C80BA7B-1CBA-4579-9382-D9DC6C365070}.Submission|x86.ActiveCfg = AutomatedBuild|x86
		{8C80BA7B-1CBA-4579-9382-D9DC6C365070}.Submission|x86.Build.0 = AutomatedBuild|x86
		{8C80BA7B-1CBA-4579-9382-D9DC6C365070}.UnitTest|Any CPU.ActiveCfg = AutomatedBuild|Any CPU
		{8C80BA7B-1CBA-4579-9382-D9DC6C365070}.UnitTest|Any CPU.Build.0 = AutomatedBuild|Any CPU
		{8C80BA7B-1CBA-4579-9382-D9DC6C365070}.UnitTest|x86.ActiveCfg = AutomatedBuild|x86
		{8C80BA7B-1CBA-4579-9382-D9DC6C365070}.UnitTest|x86.Build.0 = AutomatedBuild|x86
		{8C80BA7B-1CBA-4579-9382-D9DC6C365070}.UnitTests|Any CPU.ActiveCfg = AutomatedBuild|Any CPU
		{8C80BA7B-1CBA-4579-9382-D9DC6C365070}.UnitTests|Any CPU.Build.0 = AutomatedBuild|Any CPU
		{8C80BA7B-1CBA-4579-9382-D9DC6C365070}.UnitTests|x86.ActiveCfg = AutomatedBuild|x86
		{8C80BA7B-1CBA-4579-9382-D9DC6C365070}.UnitTests|x86.Build.0 = AutomatedBuild|x86
		{C6157099-F5FD-4632-8097-4071FE2BD982}.AutomatedBuild|Any CPU.ActiveCfg = Release|Any CPU
		{C6157099-F5FD-4632-8097-4071FE2BD982}.AutomatedBuild|Any CPU.Build.0 = Release|Any CPU
		{C6157099-F5FD-4632-8097-4071FE2BD982}.AutomatedBuild|x86.ActiveCfg = Release|Any CPU
		{C6157099-F5FD-4632-8097-4071FE2BD982}.AutomatedBuild|x86.Build.0 = Release|Any CPU
		{C6157099-F5FD-4632-8097-4071FE2BD982}.Debug Docs|Any CPU.ActiveCfg = Debug|Any CPU
		{C6157099-F5FD-4632-8097-4071FE2BD982}.Debug Docs|Any CPU.Build.0 = Debug|Any CPU
		{C6157099-F5FD-4632-8097-4071FE2BD982}.Debug Docs|x86.ActiveCfg = Debug|Any CPU
		{C6157099-F5FD-4632-8097-4071FE2BD982}.Debug Docs|x86.Build.0 = Debug|Any CPU
		{C6157099-F5FD-4632-8097-4071FE2BD982}.Debug|Any CPU.ActiveCfg = Debug|Any CPU
		{C6157099-F5FD-4632-8097-4071FE2BD982}.Debug|Any CPU.Build.0 = Debug|Any CPU
		{C6157099-F5FD-4632-8097-4071FE2BD982}.Debug|x86.ActiveCfg = Debug|Any CPU
		{C6157099-F5FD-4632-8097-4071FE2BD982}.Debug|x86.Build.0 = Debug|Any CPU
		{C6157099-F5FD-4632-8097-4071FE2BD982}.Debug2|Any CPU.ActiveCfg = Debug|Any CPU
		{C6157099-F5FD-4632-8097-4071FE2BD982}.Debug2|Any CPU.Build.0 = Debug|Any CPU
		{C6157099-F5FD-4632-8097-4071FE2BD982}.Debug2|x86.ActiveCfg = Debug|Any CPU
		{C6157099-F5FD-4632-8097-4071FE2BD982}.Debug2|x86.Build.0 = Debug|Any CPU
		{C6157099-F5FD-4632-8097-4071FE2BD982}.DebugProfile|Any CPU.ActiveCfg = Debug|Any CPU
		{C6157099-F5FD-4632-8097-4071FE2BD982}.DebugProfile|Any CPU.Build.0 = Debug|Any CPU
		{C6157099-F5FD-4632-8097-4071FE2BD982}.DebugProfile|x86.ActiveCfg = Debug|Any CPU
		{C6157099-F5FD-4632-8097-4071FE2BD982}.DebugProfile|x86.Build.0 = Debug|Any CPU
		{C6157099-F5FD-4632-8097-4071FE2BD982}.Profile|Any CPU.ActiveCfg = Release|Any CPU
		{C6157099-F5FD-4632-8097-4071FE2BD982}.Profile|Any CPU.Build.0 = Release|Any CPU
		{C6157099-F5FD-4632-8097-4071FE2BD982}.Profile|x86.ActiveCfg = Release|Any CPU
		{C6157099-F5FD-4632-8097-4071FE2BD982}.Profile|x86.Build.0 = Release|Any CPU
		{C6157099-F5FD-4632-8097-4071FE2BD982}.Release|Any CPU.ActiveCfg = Release|Any CPU
		{C6157099-F5FD-4632-8097-4071FE2BD982}.Release|Any CPU.Build.0 = Release|Any CPU
		{C6157099-F5FD-4632-8097-4071FE2BD982}.Release|x86.ActiveCfg = Release|Any CPU
		{C6157099-F5FD-4632-8097-4071FE2BD982}.Release|x86.Build.0 = Release|Any CPU
		{C6157099-F5FD-4632-8097-4071FE2BD982}.Submission Phone|Any CPU.ActiveCfg = Release|Any CPU
		{C6157099-F5FD-4632-8097-4071FE2BD982}.Submission Phone|Any CPU.Build.0 = Release|Any CPU
		{C6157099-F5FD-4632-8097-4071FE2BD982}.Submission Phone|x86.ActiveCfg = Release|Any CPU
		{C6157099-F5FD-4632-8097-4071FE2BD982}.Submission Phone|x86.Build.0 = Release|Any CPU
		{C6157099-F5FD-4632-8097-4071FE2BD982}.Submission|Any CPU.ActiveCfg = Release|Any CPU
		{C6157099-F5FD-4632-8097-4071FE2BD982}.Submission|Any CPU.Build.0 = Release|Any CPU
		{C6157099-F5FD-4632-8097-4071FE2BD982}.Submission|x86.ActiveCfg = Release|Any CPU
		{C6157099-F5FD-4632-8097-4071FE2BD982}.Submission|x86.Build.0 = Release|Any CPU
		{C6157099-F5FD-4632-8097-4071FE2BD982}.UnitTest|Any CPU.ActiveCfg = Release|Any CPU
		{C6157099-F5FD-4632-8097-4071FE2BD982}.UnitTest|Any CPU.Build.0 = Release|Any CPU
		{C6157099-F5FD-4632-8097-4071FE2BD982}.UnitTest|x86.ActiveCfg = Release|Any CPU
		{C6157099-F5FD-4632-8097-4071FE2BD982}.UnitTest|x86.Build.0 = Release|Any CPU
		{C6157099-F5FD-4632-8097-4071FE2BD982}.UnitTests|Any CPU.ActiveCfg = Release|Any CPU
		{C6157099-F5FD-4632-8097-4071FE2BD982}.UnitTests|Any CPU.Build.0 = Release|Any CPU
		{C6157099-F5FD-4632-8097-4071FE2BD982}.UnitTests|x86.ActiveCfg = Release|Any CPU
		{C6157099-F5FD-4632-8097-4071FE2BD982}.UnitTests|x86.Build.0 = Release|Any CPU
	EndGlobalSection
	GlobalSection(SolutionProperties) = preSolution
		HideSolutionNode = FALSE
	EndGlobalSection
	GlobalSection(NestedProjects) = preSolution
		{121AC5A5-8F6A-42B2-8863-DEBC45B052BC} = {20FE6025-9144-4FFB-9F0E-97947EF3F7F0}
		{5971A187-F6B2-4D65-A277-5613DED1F50F} = {20FE6025-9144-4FFB-9F0E-97947EF3F7F0}
		{C39A973C-66D6-4A6C-82B5-AE0042F210F8} = {20FE6025-9144-4FFB-9F0E-97947EF3F7F0}
		{A86EE399-7C93-42E1-80ED-CA4CBF4CA573} = {20FE6025-9144-4FFB-9F0E-97947EF3F7F0}
		{938D9A00-8529-4CE8-9077-E0A3994A73EA} = {20FE6025-9144-4FFB-9F0E-97947EF3F7F0}
		{74DC82B5-76F6-4B25-AD4E-A8413E669EED} = {20FE6025-9144-4FFB-9F0E-97947EF3F7F0}
		{54BFE18A-84B4-48AB-92E0-0774EA019202} = {20FE6025-9144-4FFB-9F0E-97947EF3F7F0}
		{277A9E05-C5DF-4A30-AD43-F7C16A6893ED} = {20FE6025-9144-4FFB-9F0E-97947EF3F7F0}
		{B941A93F-6093-4DC6-AD11-91A058B6C2CC} = {20FE6025-9144-4FFB-9F0E-97947EF3F7F0}
		{28BBCA70-AFC9-4C9B-9114-E0E23FA01C3F} = {20FE6025-9144-4FFB-9F0E-97947EF3F7F0}
		{991D5E91-45C6-44DE-AA07-9A3FF695AB9E} = {28BBCA70-AFC9-4C9B-9114-E0E23FA01C3F}
		{8D388562-F5F6-4000-9489-33761112B974} = {28BBCA70-AFC9-4C9B-9114-E0E23FA01C3F}
		{47241002-7EB5-433B-B931-A530BB6B84EE} = {20FE6025-9144-4FFB-9F0E-97947EF3F7F0}
		{B2C382CD-04F0-427D-B55B-574A9FEEFDD6} = {CEC227EF-1CB8-4791-97B0-26BEC1D8AA51}
		{545FF183-4D9D-4121-9A04-1D354B0B0DBA} = {CEC227EF-1CB8-4791-97B0-26BEC1D8AA51}
		{E1D670B6-AD42-4B84-AFF8-D568097BE03D} = {CEC227EF-1CB8-4791-97B0-26BEC1D8AA51}
		{E1CB7D7B-E2EC-4DEB-92E2-6EF0B76F40F0} = {CEC227EF-1CB8-4791-97B0-26BEC1D8AA51}
		{EF9947AE-A1C0-442C-8134-D015B7B4DE23} = {28BBCA70-AFC9-4C9B-9114-E0E23FA01C3F}
		{8C80BA7B-1CBA-4579-9382-D9DC6C365070} = {EF9947AE-A1C0-442C-8134-D015B7B4DE23}
		{C6157099-F5FD-4632-8097-4071FE2BD982} = {EF9947AE-A1C0-442C-8134-D015B7B4DE23}
	EndGlobalSection
	GlobalSection(ExtensibilityGlobals) = postSolution
		SolutionGuid = {D012B824-9998-41F2-98BC-436F6F8601AB}
	EndGlobalSection
EndGlobal
