
Microsoft Visual Studio Solution File, Format Version 12.00
# Visual Studio 15
VisualStudioVersion = 15.0.27703.2047
MinimumVisualStudioVersion = 10.0.40219.1
Project("{FAE04EC0-301F-11D3-BF4B-00C04F79EFBC}") = "Gum", "Gum\Gum.csproj", "{121AC5A5-8F6A-42B2-8863-DEBC45B052BC}"
EndProject
Project("{FAE04EC0-301F-11D3-BF4B-00C04F79EFBC}") = "GumDataTypes", "GumDataTypes\GumDataTypes.csproj", "{5971A187-F6B2-4D65-A277-5613DED1F50F}"
EndProject
Project("{FAE04EC0-301F-11D3-BF4B-00C04F79EFBC}") = "XnaAndWinforms", "XnaAndWinforms\XnaAndWinforms.csproj", "{C39A973C-66D6-4A6C-82B5-AE0042F210F8}"
EndProject
Project("{FAE04EC0-301F-11D3-BF4B-00C04F79EFBC}") = "RenderingLibrary", "RenderingLibrary\RenderingLibrary.csproj", "{A86EE399-7C93-42E1-80ED-CA4CBF4CA573}"
EndProject
Project("{FAE04EC0-301F-11D3-BF4B-00C04F79EFBC}") = "InputLibrary", "InputLibrary\InputLibrary.csproj", "{938D9A00-8529-4CE8-9077-E0A3994A73EA}"
EndProject
Project("{FAE04EC0-301F-11D3-BF4B-00C04F79EFBC}") = "GumUnitTests", "GumUnitTests\GumUnitTests.csproj", "{74DC82B5-76F6-4B25-AD4E-A8413E669EED}"
EndProject
Project("{FAE04EC0-301F-11D3-BF4B-00C04F79EFBC}") = "CommonFormsAndControls", "CommonFormsAndControls\CommonFormsAndControls.csproj", "{54BFE18A-84B4-48AB-92E0-0774EA019202}"
EndProject
Project("{FAE04EC0-301F-11D3-BF4B-00C04F79EFBC}") = "CsvLibrary", "CsvLibrary\CsvLibrary.csproj", "{277A9E05-C5DF-4A30-AD43-F7C16A6893ED}"
EndProject
Project("{FAE04EC0-301F-11D3-BF4B-00C04F79EFBC}") = "ToolsUtilities", "ToolsUtilities\ToolsUtilities.csproj", "{B941A93F-6093-4DC6-AD11-91A058B6C2CC}"
EndProject
Project("{2150E333-8FDC-42A3-9474-1A3956D46DE8}") = "Gum Projects", "Gum Projects", "{20FE6025-9144-4FFB-9F0E-97947EF3F7F0}"
EndProject
Project("{2150E333-8FDC-42A3-9474-1A3956D46DE8}") = "Plugins", "Plugins", "{28BBCA70-AFC9-4C9B-9114-E0E23FA01C3F}"
EndProject
Project("{FAE04EC0-301F-11D3-BF4B-00C04F79EFBC}") = "StateAnimationPlugin", "StateAnimationPlugin\StateAnimationPlugin.csproj", "{991D5E91-45C6-44DE-AA07-9A3FF695AB9E}"
EndProject
Project("{FAE04EC0-301F-11D3-BF4B-00C04F79EFBC}") = "PerformanceMeasurementPlugin", "PerformanceMeasurementPlugin\PerformanceMeasurementPlugin.csproj", "{8D388562-F5F6-4000-9489-33761112B974}"
EndProject
Project("{FAE04EC0-301F-11D3-BF4B-00C04F79EFBC}") = "WpfDataUi", "WpfDataUi\WpfDataUi.csproj", "{47241002-7EB5-433B-B931-A530BB6B84EE}"
EndProject
Project("{2150E333-8FDC-42A3-9474-1A3956D46DE8}") = "TextureCoordinateSelection", "TextureCoordinateSelection", "{5023613E-6272-411C-884C-1B78E4C89455}"
EndProject
Project("{FAE04EC0-301F-11D3-BF4B-00C04F79EFBC}") = "TextureCoordinateSelectionPlugin", "TextureCoordinateSelectionPlugin\TextureCoordinateSelectionPlugin.csproj", "{C6157099-F5FD-4632-8097-4071FE2BD982}"
EndProject
Project("{FAE04EC0-301F-11D3-BF4B-00C04F79EFBC}") = "FlatRedBall.SpecializedXnaControls", "FlatRedBall.SpecializedXnaControls\FlatRedBall.SpecializedXnaControls.csproj", "{8C80BA7B-1CBA-4579-9382-D9DC6C365070}"
EndProject
Global
	GlobalSection(SolutionConfigurationPlatforms) = preSolution
		Debug|x86 = Debug|x86
		Release|x86 = Release|x86
	EndGlobalSection
	GlobalSection(ProjectConfigurationPlatforms) = postSolution
		{121AC5A5-8F6A-42B2-8863-DEBC45B052BC}.Debug|x86.ActiveCfg = Debug|x86
		{121AC5A5-8F6A-42B2-8863-DEBC45B052BC}.Debug|x86.Build.0 = Debug|x86
		{121AC5A5-8F6A-42B2-8863-DEBC45B052BC}.Release|x86.ActiveCfg = Release|x86
		{121AC5A5-8F6A-42B2-8863-DEBC45B052BC}.Release|x86.Build.0 = Release|x86
		{5971A187-F6B2-4D65-A277-5613DED1F50F}.Debug|x86.ActiveCfg = Debug|x86
		{5971A187-F6B2-4D65-A277-5613DED1F50F}.Debug|x86.Build.0 = Debug|x86
		{5971A187-F6B2-4D65-A277-5613DED1F50F}.Release|x86.ActiveCfg = Release|x86
		{5971A187-F6B2-4D65-A277-5613DED1F50F}.Release|x86.Build.0 = Release|x86
		{C39A973C-66D6-4A6C-82B5-AE0042F210F8}.Debug|x86.ActiveCfg = Debug|x86
		{C39A973C-66D6-4A6C-82B5-AE0042F210F8}.Debug|x86.Build.0 = Debug|x86
		{C39A973C-66D6-4A6C-82B5-AE0042F210F8}.Release|x86.ActiveCfg = Release|x86
		{C39A973C-66D6-4A6C-82B5-AE0042F210F8}.Release|x86.Build.0 = Release|x86
		{A86EE399-7C93-42E1-80ED-CA4CBF4CA573}.Debug|x86.ActiveCfg = Debug|x86
		{A86EE399-7C93-42E1-80ED-CA4CBF4CA573}.Debug|x86.Build.0 = Debug|x86
		{A86EE399-7C93-42E1-80ED-CA4CBF4CA573}.Release|x86.ActiveCfg = Release|x86
		{A86EE399-7C93-42E1-80ED-CA4CBF4CA573}.Release|x86.Build.0 = Release|x86
		{938D9A00-8529-4CE8-9077-E0A3994A73EA}.Debug|x86.ActiveCfg = Debug|x86
		{938D9A00-8529-4CE8-9077-E0A3994A73EA}.Debug|x86.Build.0 = Debug|x86
		{938D9A00-8529-4CE8-9077-E0A3994A73EA}.Release|x86.ActiveCfg = Release|x86
		{938D9A00-8529-4CE8-9077-E0A3994A73EA}.Release|x86.Build.0 = Release|x86
		{74DC82B5-76F6-4B25-AD4E-A8413E669EED}.Debug|x86.ActiveCfg = Debug|x86
		{74DC82B5-76F6-4B25-AD4E-A8413E669EED}.Release|x86.ActiveCfg = Release|x86
		{54BFE18A-84B4-48AB-92E0-0774EA019202}.Debug|x86.ActiveCfg = Debug|x86
		{54BFE18A-84B4-48AB-92E0-0774EA019202}.Debug|x86.Build.0 = Debug|x86
		{54BFE18A-84B4-48AB-92E0-0774EA019202}.Release|x86.ActiveCfg = Release|x86
		{54BFE18A-84B4-48AB-92E0-0774EA019202}.Release|x86.Build.0 = Release|x86
		{277A9E05-C5DF-4A30-AD43-F7C16A6893ED}.Debug|x86.ActiveCfg = Debug|x86
		{277A9E05-C5DF-4A30-AD43-F7C16A6893ED}.Debug|x86.Build.0 = Debug|x86
		{277A9E05-C5DF-4A30-AD43-F7C16A6893ED}.Release|x86.ActiveCfg = Release|x86
		{277A9E05-C5DF-4A30-AD43-F7C16A6893ED}.Release|x86.Build.0 = Release|x86
		{B941A93F-6093-4DC6-AD11-91A058B6C2CC}.Debug|x86.ActiveCfg = Debug|x86
		{B941A93F-6093-4DC6-AD11-91A058B6C2CC}.Debug|x86.Build.0 = Debug|x86
		{B941A93F-6093-4DC6-AD11-91A058B6C2CC}.Release|x86.ActiveCfg = Release|x86
		{B941A93F-6093-4DC6-AD11-91A058B6C2CC}.Release|x86.Build.0 = Release|x86
		{991D5E91-45C6-44DE-AA07-9A3FF695AB9E}.Debug|x86.ActiveCfg = Debug|x86
		{991D5E91-45C6-44DE-AA07-9A3FF695AB9E}.Debug|x86.Build.0 = Debug|x86
		{991D5E91-45C6-44DE-AA07-9A3FF695AB9E}.Release|x86.ActiveCfg = Release|x86
		{991D5E91-45C6-44DE-AA07-9A3FF695AB9E}.Release|x86.Build.0 = Release|x86
		{8D388562-F5F6-4000-9489-33761112B974}.Debug|x86.ActiveCfg = Debug|x86
		{8D388562-F5F6-4000-9489-33761112B974}.Debug|x86.Build.0 = Debug|x86
		{8D388562-F5F6-4000-9489-33761112B974}.Release|x86.ActiveCfg = Release|x86
		{8D388562-F5F6-4000-9489-33761112B974}.Release|x86.Build.0 = Release|x86
		{47241002-7EB5-433B-B931-A530BB6B84EE}.Debug|x86.ActiveCfg = Debug|x86
		{47241002-7EB5-433B-B931-A530BB6B84EE}.Debug|x86.Build.0 = Debug|x86
		{47241002-7EB5-433B-B931-A530BB6B84EE}.Release|x86.ActiveCfg = Release|x86
		{47241002-7EB5-433B-B931-A530BB6B84EE}.Release|x86.Build.0 = Release|x86
		{C6157099-F5FD-4632-8097-4071FE2BD982}.Debug|x86.ActiveCfg = Debug|Any CPU
		{C6157099-F5FD-4632-8097-4071FE2BD982}.Debug|x86.Build.0 = Debug|Any CPU
		{C6157099-F5FD-4632-8097-4071FE2BD982}.Release|x86.ActiveCfg = Release|Any CPU
		{C6157099-F5FD-4632-8097-4071FE2BD982}.Release|x86.Build.0 = Release|Any CPU
		{8C80BA7B-1CBA-4579-9382-D9DC6C365070}.Debug|x86.ActiveCfg = Debug|x86
		{8C80BA7B-1CBA-4579-9382-D9DC6C365070}.Debug|x86.Build.0 = Debug|x86
		{8C80BA7B-1CBA-4579-9382-D9DC6C365070}.Release|x86.ActiveCfg = Release|x86
		{8C80BA7B-1CBA-4579-9382-D9DC6C365070}.Release|x86.Build.0 = Release|x86
	EndGlobalSection
	GlobalSection(SolutionProperties) = preSolution
		HideSolutionNode = FALSE
	EndGlobalSection
	GlobalSection(NestedProjects) = preSolution
		{121AC5A5-8F6A-42B2-8863-DEBC45B052BC} = {20FE6025-9144-4FFB-9F0E-97947EF3F7F0}
		{5971A187-F6B2-4D65-A277-5613DED1F50F} = {20FE6025-9144-4FFB-9F0E-97947EF3F7F0}
		{C39A973C-66D6-4A6C-82B5-AE0042F210F8} = {20FE6025-9144-4FFB-9F0E-97947EF3F7F0}
		{A86EE399-7C93-42E1-80ED-CA4CBF4CA573} = {20FE6025-9144-4FFB-9F0E-97947EF3F7F0}
		{938D9A00-8529-4CE8-9077-E0A3994A73EA} = {20FE6025-9144-4FFB-9F0E-97947EF3F7F0}
		{74DC82B5-76F6-4B25-AD4E-A8413E669EED} = {20FE6025-9144-4FFB-9F0E-97947EF3F7F0}
		{54BFE18A-84B4-48AB-92E0-0774EA019202} = {20FE6025-9144-4FFB-9F0E-97947EF3F7F0}
		{277A9E05-C5DF-4A30-AD43-F7C16A6893ED} = {20FE6025-9144-4FFB-9F0E-97947EF3F7F0}
		{B941A93F-6093-4DC6-AD11-91A058B6C2CC} = {20FE6025-9144-4FFB-9F0E-97947EF3F7F0}
		{28BBCA70-AFC9-4C9B-9114-E0E23FA01C3F} = {20FE6025-9144-4FFB-9F0E-97947EF3F7F0}
		{991D5E91-45C6-44DE-AA07-9A3FF695AB9E} = {28BBCA70-AFC9-4C9B-9114-E0E23FA01C3F}
		{8D388562-F5F6-4000-9489-33761112B974} = {28BBCA70-AFC9-4C9B-9114-E0E23FA01C3F}
		{47241002-7EB5-433B-B931-A530BB6B84EE} = {20FE6025-9144-4FFB-9F0E-97947EF3F7F0}
		{5023613E-6272-411C-884C-1B78E4C89455} = {28BBCA70-AFC9-4C9B-9114-E0E23FA01C3F}
		{C6157099-F5FD-4632-8097-4071FE2BD982} = {5023613E-6272-411C-884C-1B78E4C89455}
		{8C80BA7B-1CBA-4579-9382-D9DC6C365070} = {5023613E-6272-411C-884C-1B78E4C89455}
	EndGlobalSection
	GlobalSection(ExtensibilityGlobals) = postSolution
		SolutionGuid = {691B2E2F-58CB-4FD2-8480-695E8DE0CCE2}
	EndGlobalSection
EndGlobal
