
Microsoft Visual Studio Solution File, Format Version 12.00
# Visual Studio Version 17
VisualStudioVersion = 17.5.33516.290
MinimumVisualStudioVersion = 10.0.40219.1
Project("{FAE04EC0-301F-11D3-BF4B-00C04F79EFBC}") = "Gum", "Gum\Gum.csproj", "{121AC5A5-8F6A-42B2-8863-DEBC45B052BC}"
EndProject
Project("{FAE04EC0-301F-11D3-BF4B-00C04F79EFBC}") = "GumDataTypes", "GumDataTypes\GumDataTypes.csproj", "{5971A187-F6B2-4D65-A277-5613DED1F50F}"
EndProject
Project("{FAE04EC0-301F-11D3-BF4B-00C04F79EFBC}") = "XnaAndWinforms", "XnaAndWinforms\XnaAndWinforms.csproj", "{C39A973C-66D6-4A6C-82B5-AE0042F210F8}"
EndProject
Project("{FAE04EC0-301F-11D3-BF4B-00C04F79EFBC}") = "RenderingLibrary", "RenderingLibrary\RenderingLibrary.csproj", "{A86EE399-7C93-42E1-80ED-CA4CBF4CA573}"
EndProject
Project("{FAE04EC0-301F-11D3-BF4B-00C04F79EFBC}") = "InputLibrary", "InputLibrary\InputLibrary.csproj", "{938D9A00-8529-4CE8-9077-E0A3994A73EA}"
EndProject
Project("{FAE04EC0-301F-11D3-BF4B-00C04F79EFBC}") = "CommonFormsAndControls", "CommonFormsAndControls\CommonFormsAndControls.csproj", "{54BFE18A-84B4-48AB-92E0-0774EA019202}"
EndProject
Project("{FAE04EC0-301F-11D3-BF4B-00C04F79EFBC}") = "CsvLibrary", "CsvLibrary\CsvLibrary.csproj", "{277A9E05-C5DF-4A30-AD43-F7C16A6893ED}"
EndProject
Project("{2150E333-8FDC-42A3-9474-1A3956D46DE8}") = "Gum Projects", "Gum Projects", "{20FE6025-9144-4FFB-9F0E-97947EF3F7F0}"
EndProject
Project("{2150E333-8FDC-42A3-9474-1A3956D46DE8}") = "Plugins", "Plugins", "{28BBCA70-AFC9-4C9B-9114-E0E23FA01C3F}"
EndProject
Project("{FAE04EC0-301F-11D3-BF4B-00C04F79EFBC}") = "StateAnimationPlugin", "StateAnimationPlugin\StateAnimationPlugin.csproj", "{991D5E91-45C6-44DE-AA07-9A3FF695AB9E}"
EndProject
Project("{FAE04EC0-301F-11D3-BF4B-00C04F79EFBC}") = "PerformanceMeasurementPlugin", "PerformanceMeasurementPlugin\PerformanceMeasurementPlugin.csproj", "{8D388562-F5F6-4000-9489-33761112B974}"
EndProject
Project("{FAE04EC0-301F-11D3-BF4B-00C04F79EFBC}") = "WpfDataUi", "WpfDataUi\WpfDataUi.csproj", "{47241002-7EB5-433B-B931-A530BB6B84EE}"
EndProject
Project("{2150E333-8FDC-42A3-9474-1A3956D46DE8}") = "TextureCoordinateSelection", "TextureCoordinateSelection", "{5023613E-6272-411C-884C-1B78E4C89455}"
EndProject
Project("{FAE04EC0-301F-11D3-BF4B-00C04F79EFBC}") = "TextureCoordinateSelectionPlugin", "TextureCoordinateSelectionPlugin\TextureCoordinateSelectionPlugin.csproj", "{C6157099-F5FD-4632-8097-4071FE2BD982}"
EndProject
Project("{FAE04EC0-301F-11D3-BF4B-00C04F79EFBC}") = "FlatRedBall.SpecializedXnaControls", "FlatRedBall.SpecializedXnaControls\FlatRedBall.SpecializedXnaControls.csproj", "{8C80BA7B-1CBA-4579-9382-D9DC6C365070}"
EndProject
Project("{FAE04EC0-301F-11D3-BF4B-00C04F79EFBC}") = "EventOutputPlugin", "EventOutputPlugin\EventOutputPlugin.csproj", "{645E1916-35B9-4BC8-8949-C88301838296}"
EndProject
Project("{FAE04EC0-301F-11D3-BF4B-00C04F79EFBC}") = "SkiaPlugin", "SvgPlugin\SkiaPlugin.csproj", "{0FEE460B-616C-45AC-86D5-087B7E32546E}"
EndProject
Project("{FAE04EC0-301F-11D3-BF4B-00C04F79EFBC}") = "CodeOutputPlugin", "CodeOutputPlugin\CodeOutputPlugin.csproj", "{517D2748-414E-42F7-8523-516E59CE994C}"
EndProject
Project("{2150E333-8FDC-42A3-9474-1A3956D46DE8}") = "SkiaPlugins", "SkiaPlugins", "{F918B134-23D9-4541-A885-0A522475D492}"
EndProject
Project("{D954291E-2A0B-460D-934E-DC6B0785DB48}") = "SkiaInGumShared", "SvgPlugin\SkiaInGumShared\SkiaInGumShared.shproj", "{EE3C8564-6CB2-411C-A43C-19D33C819B90}"
EndProject
Project("{9A19103F-16F7-4668-BE54-9A1E7A4F7556}") = "ToolsUtilitiesStandard", "ToolsUtilities\ToolsUtilitiesStandard.csproj", "{CAE35F4B-8A10-4A85-B2FB-7F4A8D7C7138}"
EndProject
Global
	GlobalSection(SolutionConfigurationPlatforms) = preSolution
		Debug|Any CPU = Debug|Any CPU
		Debug|x86 = Debug|x86
		Release|Any CPU = Release|Any CPU
		Release|x86 = Release|x86
	EndGlobalSection
	GlobalSection(ProjectConfigurationPlatforms) = postSolution
		{121AC5A5-8F6A-42B2-8863-DEBC45B052BC}.Debug|Any CPU.ActiveCfg = Debug|x86
		{121AC5A5-8F6A-42B2-8863-DEBC45B052BC}.Debug|Any CPU.Build.0 = Debug|x86
		{121AC5A5-8F6A-42B2-8863-DEBC45B052BC}.Debug|x86.ActiveCfg = Debug|x86
		{121AC5A5-8F6A-42B2-8863-DEBC45B052BC}.Debug|x86.Build.0 = Debug|x86
		{121AC5A5-8F6A-42B2-8863-DEBC45B052BC}.Release|Any CPU.ActiveCfg = Release|x86
		{121AC5A5-8F6A-42B2-8863-DEBC45B052BC}.Release|Any CPU.Build.0 = Release|x86
		{121AC5A5-8F6A-42B2-8863-DEBC45B052BC}.Release|x86.ActiveCfg = Release|x86
		{121AC5A5-8F6A-42B2-8863-DEBC45B052BC}.Release|x86.Build.0 = Release|x86
		{5971A187-F6B2-4D65-A277-5613DED1F50F}.Debug|Any CPU.ActiveCfg = Debug|x86
		{5971A187-F6B2-4D65-A277-5613DED1F50F}.Debug|Any CPU.Build.0 = Debug|x86
		{5971A187-F6B2-4D65-A277-5613DED1F50F}.Debug|x86.ActiveCfg = Debug|x86
		{5971A187-F6B2-4D65-A277-5613DED1F50F}.Debug|x86.Build.0 = Debug|x86
		{5971A187-F6B2-4D65-A277-5613DED1F50F}.Release|Any CPU.ActiveCfg = Release|x86
		{5971A187-F6B2-4D65-A277-5613DED1F50F}.Release|Any CPU.Build.0 = Release|x86
		{5971A187-F6B2-4D65-A277-5613DED1F50F}.Release|x86.ActiveCfg = Release|x86
		{5971A187-F6B2-4D65-A277-5613DED1F50F}.Release|x86.Build.0 = Release|x86
		{C39A973C-66D6-4A6C-82B5-AE0042F210F8}.Debug|Any CPU.ActiveCfg = Debug|x86
		{C39A973C-66D6-4A6C-82B5-AE0042F210F8}.Debug|Any CPU.Build.0 = Debug|x86
		{C39A973C-66D6-4A6C-82B5-AE0042F210F8}.Debug|x86.ActiveCfg = Debug|x86
		{C39A973C-66D6-4A6C-82B5-AE0042F210F8}.Debug|x86.Build.0 = Debug|x86
		{C39A973C-66D6-4A6C-82B5-AE0042F210F8}.Release|Any CPU.ActiveCfg = Release|x86
		{C39A973C-66D6-4A6C-82B5-AE0042F210F8}.Release|Any CPU.Build.0 = Release|x86
		{C39A973C-66D6-4A6C-82B5-AE0042F210F8}.Release|x86.ActiveCfg = Release|x86
		{C39A973C-66D6-4A6C-82B5-AE0042F210F8}.Release|x86.Build.0 = Release|x86
		{A86EE399-7C93-42E1-80ED-CA4CBF4CA573}.Debug|Any CPU.ActiveCfg = Debug|x86
		{A86EE399-7C93-42E1-80ED-CA4CBF4CA573}.Debug|Any CPU.Build.0 = Debug|x86
		{A86EE399-7C93-42E1-80ED-CA4CBF4CA573}.Debug|x86.ActiveCfg = Debug|x86
		{A86EE399-7C93-42E1-80ED-CA4CBF4CA573}.Debug|x86.Build.0 = Debug|x86
		{A86EE399-7C93-42E1-80ED-CA4CBF4CA573}.Release|Any CPU.ActiveCfg = Release|x86
		{A86EE399-7C93-42E1-80ED-CA4CBF4CA573}.Release|Any CPU.Build.0 = Release|x86
		{A86EE399-7C93-42E1-80ED-CA4CBF4CA573}.Release|x86.ActiveCfg = Release|x86
		{A86EE399-7C93-42E1-80ED-CA4CBF4CA573}.Release|x86.Build.0 = Release|x86
		{938D9A00-8529-4CE8-9077-E0A3994A73EA}.Debug|Any CPU.ActiveCfg = Debug|x86
		{938D9A00-8529-4CE8-9077-E0A3994A73EA}.Debug|Any CPU.Build.0 = Debug|x86
		{938D9A00-8529-4CE8-9077-E0A3994A73EA}.Debug|x86.ActiveCfg = Debug|x86
		{938D9A00-8529-4CE8-9077-E0A3994A73EA}.Debug|x86.Build.0 = Debug|x86
		{938D9A00-8529-4CE8-9077-E0A3994A73EA}.Release|Any CPU.ActiveCfg = Release|x86
		{938D9A00-8529-4CE8-9077-E0A3994A73EA}.Release|Any CPU.Build.0 = Release|x86
		{938D9A00-8529-4CE8-9077-E0A3994A73EA}.Release|x86.ActiveCfg = Release|x86
		{938D9A00-8529-4CE8-9077-E0A3994A73EA}.Release|x86.Build.0 = Release|x86
		{54BFE18A-84B4-48AB-92E0-0774EA019202}.Debug|Any CPU.ActiveCfg = Debug|x86
		{54BFE18A-84B4-48AB-92E0-0774EA019202}.Debug|Any CPU.Build.0 = Debug|x86
		{54BFE18A-84B4-48AB-92E0-0774EA019202}.Debug|x86.ActiveCfg = Debug|x86
		{54BFE18A-84B4-48AB-92E0-0774EA019202}.Debug|x86.Build.0 = Debug|x86
		{54BFE18A-84B4-48AB-92E0-0774EA019202}.Release|Any CPU.ActiveCfg = Release|x86
		{54BFE18A-84B4-48AB-92E0-0774EA019202}.Release|Any CPU.Build.0 = Release|x86
		{54BFE18A-84B4-48AB-92E0-0774EA019202}.Release|x86.ActiveCfg = Release|x86
		{54BFE18A-84B4-48AB-92E0-0774EA019202}.Release|x86.Build.0 = Release|x86
		{277A9E05-C5DF-4A30-AD43-F7C16A6893ED}.Debug|Any CPU.ActiveCfg = Debug|x86
		{277A9E05-C5DF-4A30-AD43-F7C16A6893ED}.Debug|Any CPU.Build.0 = Debug|x86
		{277A9E05-C5DF-4A30-AD43-F7C16A6893ED}.Debug|x86.ActiveCfg = Debug|x86
		{277A9E05-C5DF-4A30-AD43-F7C16A6893ED}.Debug|x86.Build.0 = Debug|x86
		{277A9E05-C5DF-4A30-AD43-F7C16A6893ED}.Release|Any CPU.ActiveCfg = Release|x86
		{277A9E05-C5DF-4A30-AD43-F7C16A6893ED}.Release|Any CPU.Build.0 = Release|x86
		{277A9E05-C5DF-4A30-AD43-F7C16A6893ED}.Release|x86.ActiveCfg = Release|x86
		{277A9E05-C5DF-4A30-AD43-F7C16A6893ED}.Release|x86.Build.0 = Release|x86
		{991D5E91-45C6-44DE-AA07-9A3FF695AB9E}.Debug|Any CPU.ActiveCfg = Debug|x86
		{991D5E91-45C6-44DE-AA07-9A3FF695AB9E}.Debug|Any CPU.Build.0 = Debug|x86
		{991D5E91-45C6-44DE-AA07-9A3FF695AB9E}.Debug|x86.ActiveCfg = Debug|x86
		{991D5E91-45C6-44DE-AA07-9A3FF695AB9E}.Debug|x86.Build.0 = Debug|x86
		{991D5E91-45C6-44DE-AA07-9A3FF695AB9E}.Release|Any CPU.ActiveCfg = Release|x86
		{991D5E91-45C6-44DE-AA07-9A3FF695AB9E}.Release|Any CPU.Build.0 = Release|x86
		{991D5E91-45C6-44DE-AA07-9A3FF695AB9E}.Release|x86.ActiveCfg = Release|x86
		{991D5E91-45C6-44DE-AA07-9A3FF695AB9E}.Release|x86.Build.0 = Release|x86
		{8D388562-F5F6-4000-9489-33761112B974}.Debug|Any CPU.ActiveCfg = Debug|x86
		{8D388562-F5F6-4000-9489-33761112B974}.Debug|Any CPU.Build.0 = Debug|x86
		{8D388562-F5F6-4000-9489-33761112B974}.Debug|x86.ActiveCfg = Debug|x86
		{8D388562-F5F6-4000-9489-33761112B974}.Debug|x86.Build.0 = Debug|x86
		{8D388562-F5F6-4000-9489-33761112B974}.Release|Any CPU.ActiveCfg = Release|x86
		{8D388562-F5F6-4000-9489-33761112B974}.Release|Any CPU.Build.0 = Release|x86
		{8D388562-F5F6-4000-9489-33761112B974}.Release|x86.ActiveCfg = Release|x86
		{8D388562-F5F6-4000-9489-33761112B974}.Release|x86.Build.0 = Release|x86
		{47241002-7EB5-433B-B931-A530BB6B84EE}.Debug|Any CPU.ActiveCfg = Debug|x86
		{47241002-7EB5-433B-B931-A530BB6B84EE}.Debug|Any CPU.Build.0 = Debug|x86
		{47241002-7EB5-433B-B931-A530BB6B84EE}.Debug|x86.ActiveCfg = Debug|x86
		{47241002-7EB5-433B-B931-A530BB6B84EE}.Debug|x86.Build.0 = Debug|x86
		{47241002-7EB5-433B-B931-A530BB6B84EE}.Release|Any CPU.ActiveCfg = Release|x86
		{47241002-7EB5-433B-B931-A530BB6B84EE}.Release|Any CPU.Build.0 = Release|x86
		{47241002-7EB5-433B-B931-A530BB6B84EE}.Release|x86.ActiveCfg = Release|x86
		{47241002-7EB5-433B-B931-A530BB6B84EE}.Release|x86.Build.0 = Release|x86
		{C6157099-F5FD-4632-8097-4071FE2BD982}.Debug|Any CPU.ActiveCfg = Debug|Any CPU
		{C6157099-F5FD-4632-8097-4071FE2BD982}.Debug|Any CPU.Build.0 = Debug|Any CPU
		{C6157099-F5FD-4632-8097-4071FE2BD982}.Debug|x86.ActiveCfg = Debug|x86
		{C6157099-F5FD-4632-8097-4071FE2BD982}.Debug|x86.Build.0 = Debug|x86
		{C6157099-F5FD-4632-8097-4071FE2BD982}.Release|Any CPU.ActiveCfg = Release|Any CPU
		{C6157099-F5FD-4632-8097-4071FE2BD982}.Release|Any CPU.Build.0 = Release|Any CPU
		{C6157099-F5FD-4632-8097-4071FE2BD982}.Release|x86.ActiveCfg = Release|Any CPU
		{C6157099-F5FD-4632-8097-4071FE2BD982}.Release|x86.Build.0 = Release|Any CPU
		{8C80BA7B-1CBA-4579-9382-D9DC6C365070}.Debug|Any CPU.ActiveCfg = Debug|Any CPU
		{8C80BA7B-1CBA-4579-9382-D9DC6C365070}.Debug|Any CPU.Build.0 = Debug|Any CPU
		{8C80BA7B-1CBA-4579-9382-D9DC6C365070}.Debug|x86.ActiveCfg = Debug|x86
		{8C80BA7B-1CBA-4579-9382-D9DC6C365070}.Debug|x86.Build.0 = Debug|x86
		{8C80BA7B-1CBA-4579-9382-D9DC6C365070}.Release|Any CPU.ActiveCfg = Release|Any CPU
		{8C80BA7B-1CBA-4579-9382-D9DC6C365070}.Release|Any CPU.Build.0 = Release|Any CPU
		{8C80BA7B-1CBA-4579-9382-D9DC6C365070}.Release|x86.ActiveCfg = Release|x86
		{8C80BA7B-1CBA-4579-9382-D9DC6C365070}.Release|x86.Build.0 = Release|x86
		{645E1916-35B9-4BC8-8949-C88301838296}.Debug|Any CPU.ActiveCfg = Debug|Any CPU
		{645E1916-35B9-4BC8-8949-C88301838296}.Debug|Any CPU.Build.0 = Debug|Any CPU
		{645E1916-35B9-4BC8-8949-C88301838296}.Debug|x86.ActiveCfg = Debug|Any CPU
		{645E1916-35B9-4BC8-8949-C88301838296}.Debug|x86.Build.0 = Debug|Any CPU
		{645E1916-35B9-4BC8-8949-C88301838296}.Release|Any CPU.ActiveCfg = Release|Any CPU
		{645E1916-35B9-4BC8-8949-C88301838296}.Release|Any CPU.Build.0 = Release|Any CPU
		{645E1916-35B9-4BC8-8949-C88301838296}.Release|x86.ActiveCfg = Release|Any CPU
		{645E1916-35B9-4BC8-8949-C88301838296}.Release|x86.Build.0 = Release|Any CPU
		{0FEE460B-616C-45AC-86D5-087B7E32546E}.Debug|Any CPU.ActiveCfg = Debug|Any CPU
		{0FEE460B-616C-45AC-86D5-087B7E32546E}.Debug|Any CPU.Build.0 = Debug|Any CPU
		{0FEE460B-616C-45AC-86D5-087B7E32546E}.Debug|x86.ActiveCfg = Debug|x86
		{0FEE460B-616C-45AC-86D5-087B7E32546E}.Debug|x86.Build.0 = Debug|x86
		{0FEE460B-616C-45AC-86D5-087B7E32546E}.Release|Any CPU.ActiveCfg = Release|Any CPU
		{0FEE460B-616C-45AC-86D5-087B7E32546E}.Release|Any CPU.Build.0 = Release|Any CPU
		{0FEE460B-616C-45AC-86D5-087B7E32546E}.Release|x86.ActiveCfg = Release|Any CPU
		{0FEE460B-616C-45AC-86D5-087B7E32546E}.Release|x86.Build.0 = Release|Any CPU
		{517D2748-414E-42F7-8523-516E59CE994C}.Debug|Any CPU.ActiveCfg = Debug|Any CPU
		{517D2748-414E-42F7-8523-516E59CE994C}.Debug|Any CPU.Build.0 = Debug|Any CPU
		{517D2748-414E-42F7-8523-516E59CE994C}.Debug|x86.ActiveCfg = Debug|x86
		{517D2748-414E-42F7-8523-516E59CE994C}.Debug|x86.Build.0 = Debug|x86
		{517D2748-414E-42F7-8523-516E59CE994C}.Release|Any CPU.ActiveCfg = Release|Any CPU
		{517D2748-414E-42F7-8523-516E59CE994C}.Release|Any CPU.Build.0 = Release|Any CPU
		{517D2748-414E-42F7-8523-516E59CE994C}.Release|x86.ActiveCfg = Release|Any CPU
		{517D2748-414E-42F7-8523-516E59CE994C}.Release|x86.Build.0 = Release|Any CPU
		{CAE35F4B-8A10-4A85-B2FB-7F4A8D7C7138}.Debug|Any CPU.ActiveCfg = Debug|Any CPU
		{CAE35F4B-8A10-4A85-B2FB-7F4A8D7C7138}.Debug|Any CPU.Build.0 = Debug|Any CPU
		{CAE35F4B-8A10-4A85-B2FB-7F4A8D7C7138}.Debug|x86.ActiveCfg = Debug|x86
		{CAE35F4B-8A10-4A85-B2FB-7F4A8D7C7138}.Debug|x86.Build.0 = Debug|x86
		{CAE35F4B-8A10-4A85-B2FB-7F4A8D7C7138}.Release|Any CPU.ActiveCfg = Release|Any CPU
		{CAE35F4B-8A10-4A85-B2FB-7F4A8D7C7138}.Release|Any CPU.Build.0 = Release|Any CPU
		{CAE35F4B-8A10-4A85-B2FB-7F4A8D7C7138}.Release|x86.ActiveCfg = Release|Any CPU
		{CAE35F4B-8A10-4A85-B2FB-7F4A8D7C7138}.Release|x86.Build.0 = Release|Any CPU
	EndGlobalSection
	GlobalSection(SolutionProperties) = preSolution
		HideSolutionNode = FALSE
	EndGlobalSection
	GlobalSection(NestedProjects) = preSolution
		{121AC5A5-8F6A-42B2-8863-DEBC45B052BC} = {20FE6025-9144-4FFB-9F0E-97947EF3F7F0}
		{5971A187-F6B2-4D65-A277-5613DED1F50F} = {20FE6025-9144-4FFB-9F0E-97947EF3F7F0}
		{C39A973C-66D6-4A6C-82B5-AE0042F210F8} = {20FE6025-9144-4FFB-9F0E-97947EF3F7F0}
		{A86EE399-7C93-42E1-80ED-CA4CBF4CA573} = {20FE6025-9144-4FFB-9F0E-97947EF3F7F0}
		{938D9A00-8529-4CE8-9077-E0A3994A73EA} = {20FE6025-9144-4FFB-9F0E-97947EF3F7F0}
		{54BFE18A-84B4-48AB-92E0-0774EA019202} = {20FE6025-9144-4FFB-9F0E-97947EF3F7F0}
		{277A9E05-C5DF-4A30-AD43-F7C16A6893ED} = {20FE6025-9144-4FFB-9F0E-97947EF3F7F0}
		{28BBCA70-AFC9-4C9B-9114-E0E23FA01C3F} = {20FE6025-9144-4FFB-9F0E-97947EF3F7F0}
		{991D5E91-45C6-44DE-AA07-9A3FF695AB9E} = {28BBCA70-AFC9-4C9B-9114-E0E23FA01C3F}
		{8D388562-F5F6-4000-9489-33761112B974} = {28BBCA70-AFC9-4C9B-9114-E0E23FA01C3F}
		{47241002-7EB5-433B-B931-A530BB6B84EE} = {20FE6025-9144-4FFB-9F0E-97947EF3F7F0}
		{5023613E-6272-411C-884C-1B78E4C89455} = {28BBCA70-AFC9-4C9B-9114-E0E23FA01C3F}
		{C6157099-F5FD-4632-8097-4071FE2BD982} = {5023613E-6272-411C-884C-1B78E4C89455}
		{8C80BA7B-1CBA-4579-9382-D9DC6C365070} = {5023613E-6272-411C-884C-1B78E4C89455}
		{645E1916-35B9-4BC8-8949-C88301838296} = {28BBCA70-AFC9-4C9B-9114-E0E23FA01C3F}
		{0FEE460B-616C-45AC-86D5-087B7E32546E} = {F918B134-23D9-4541-A885-0A522475D492}
		{517D2748-414E-42F7-8523-516E59CE994C} = {28BBCA70-AFC9-4C9B-9114-E0E23FA01C3F}
		{F918B134-23D9-4541-A885-0A522475D492} = {28BBCA70-AFC9-4C9B-9114-E0E23FA01C3F}
		{EE3C8564-6CB2-411C-A43C-19D33C819B90} = {F918B134-23D9-4541-A885-0A522475D492}
		{CAE35F4B-8A10-4A85-B2FB-7F4A8D7C7138} = {20FE6025-9144-4FFB-9F0E-97947EF3F7F0}
	EndGlobalSection
	GlobalSection(ExtensibilityGlobals) = postSolution
		SolutionGuid = {691B2E2F-58CB-4FD2-8480-695E8DE0CCE2}
	EndGlobalSection
	GlobalSection(SharedMSBuildProjectFiles) = preSolution
		SvgPlugin\SkiaInGumShared\SkiaInGumShared.projitems*{0fee460b-616c-45ac-86d5-087b7e32546e}*SharedItemsImports = 4
		SvgPlugin\SkiaInGumShared\SkiaInGumShared.projitems*{ee3c8564-6cb2-411c-a43c-19d33c819b90}*SharedItemsImports = 13
	EndGlobalSection
EndGlobal
