
Microsoft Visual Studio Solution File, Format Version 12.00
# Visual Studio Version 17
VisualStudioVersion = 17.14.36301.6 d17.14
MinimumVisualStudioVersion = 10.0.40219.1
Project("{FAE04EC0-301F-11D3-BF4B-00C04F79EFBC}") = "CodeGen_Maui_FullCodegen", "CodeGen_Maui_FullCodegen.csproj", "{3DF8661A-7669-4F7C-922B-FDD74EACBD92}"
EndProject
Project("{FAE04EC0-301F-11D3-BF4B-00C04F79EFBC}") = "SkiaGum.Maui", "..\..\Runtimes\SkiaGum.Maui\SkiaGum.Maui.csproj", "{31911258-DF3C-17A4-198A-9BF557676CE3}"
EndProject
Global
	GlobalSection(SolutionConfigurationPlatforms) = preSolution
		Debug|Any CPU = Debug|Any CPU
		Release|Any CPU = Release|Any CPU
	EndGlobalSection
	GlobalSection(ProjectConfigurationPlatforms) = postSolution
		{3DF8661A-7669-4F7C-922B-FDD74EACBD92}.Debug|Any CPU.ActiveCfg = Debug|Any CPU
		{3DF8661A-7669-4F7C-922B-FDD74EACBD92}.Debug|Any CPU.Build.0 = Debug|Any CPU
		{3DF8661A-7669-4F7C-922B-FDD74EACBD92}.Debug|Any CPU.Deploy.0 = Debug|Any CPU
		{3DF8661A-7669-4F7C-922B-FDD74EACBD92}.Release|Any CPU.ActiveCfg = Release|Any CPU
		{3DF8661A-7669-4F7C-922B-FDD74EACBD92}.Release|Any CPU.Build.0 = Release|Any CPU
		{31911258-DF3C-17A4-198A-9BF557676CE3}.Debug|Any CPU.ActiveCfg = Debug|Any CPU
		{31911258-DF3C-17A4-198A-9BF557676CE3}.Debug|Any CPU.Build.0 = Debug|Any CPU
		{31911258-DF3C-17A4-198A-9BF557676CE3}.Release|Any CPU.ActiveCfg = Release|Any CPU
		{31911258-DF3C-17A4-198A-9BF557676CE3}.Release|Any CPU.Build.0 = Release|Any CPU
	EndGlobalSection
	GlobalSection(SolutionProperties) = preSolution
		HideSolutionNode = FALSE
	EndGlobalSection
	GlobalSection(ExtensibilityGlobals) = postSolution
		SolutionGuid = {B3AB0D94-7846-4DB7-9109-FCDEF0D3937D}
	EndGlobalSection
EndGlobal
