Microsoft Visual Studio Solution File, Format Version 12.00
# Visual Studio Version 17
VisualStudioVersion = 17.5.2.0
MinimumVisualStudioVersion = 10.0.40219.1
Project("{FAE04EC0-301F-11D3-BF4B-00C04F79EFBC}") = "GumToPythonHelpers", "GumToPythonHelpers.csproj", "{2F751AA2-105D-ACBB-EEB0-68A2172BF6A4}"
EndProject
Global
	GlobalSection(SolutionConfigurationPlatforms) = preSolution
		Debug|Any CPU = Debug|Any CPU
		Release|Any CPU = Release|Any CPU
	EndGlobalSection
	GlobalSection(ProjectConfigurationPlatforms) = postSolution
		{2F751AA2-105D-ACBB-EEB0-68A2172BF6A4}.Debug|Any CPU.ActiveCfg = Debug|Any CPU
		{2F751AA2-105D-ACBB-EEB0-68A2172BF6A4}.Debug|Any CPU.Build.0 = Debug|Any CPU
		{2F751AA2-105D-ACBB-EEB0-68A2172BF6A4}.Release|Any CPU.ActiveCfg = Release|Any CPU
		{2F751AA2-105D-ACBB-EEB0-68A2172BF6A4}.Release|Any CPU.Build.0 = Release|Any CPU
	EndGlobalSection
	GlobalSection(SolutionProperties) = preSolution
		HideSolutionNode = FALSE
	EndGlobalSection
	GlobalSection(ExtensibilityGlobals) = postSolution
		SolutionGuid = {DB05C692-F151-4ACB-8143-4FE94F7FC58C}
	EndGlobalSection
EndGlobal
