
Microsoft Visual Studio Solution File, Format Version 12.00
# Visual Studio Version 17
VisualStudioVersion = 17.9.34728.123
MinimumVisualStudioVersion = 10.0.40219.1
Project("{9A19103F-16F7-4668-BE54-9A1E7A4F7556}") = "MonoGameGumFormsSample", "MonoGameGumFormsSample\MonoGameGumFormsSample.csproj", "{D7A028CD-E18B-42E6-B830-B9BE721F6355}"
EndProject
Project("{9A19103F-16F7-4668-BE54-9A1E7A4F7556}") = "MonoGameGum", "..\..\MonoGameGum\MonoGameGum.csproj", "{42EFC8E8-8EF0-4334-B77A-F4616284179E}"
EndProject
Project("{9A19103F-16F7-4668-BE54-9A1E7A4F7556}") = "GumCommon", "..\..\GumCommon\GumCommon.csproj", "{7139F899-D1F1-436A-B5D1-6FD49BB5BE87}"
EndProject
Project("{9A19103F-16F7-4668-BE54-9A1E7A4F7556}") = "MonoGameGumFormsSampleCommon", "GumFormsSampleCommon\MonoGameGumFormsSampleCommon.csproj", "{7060DCA3-70DD-4799-9B67-63AB69D536BC}"
EndProject
Project("{2150E333-8FDC-42A3-9474-1A3956D46DE8}") = "Libraries", "Libraries", "{F357C0AC-2D4F-4B94-BA53-CBB7774ADDCB}"
EndProject
Global
	GlobalSection(SolutionConfigurationPlatforms) = preSolution
		Debug|Any CPU = Debug|Any CPU
		Debug|x86 = Debug|x86
		Release|Any CPU = Release|Any CPU
		Release|x86 = Release|x86
	EndGlobalSection
	GlobalSection(ProjectConfigurationPlatforms) = postSolution
		{D7A028CD-E18B-42E6-B830-B9BE721F6355}.Debug|Any CPU.ActiveCfg = Debug|Any CPU
		{D7A028CD-E18B-42E6-B830-B9BE721F6355}.Debug|Any CPU.Build.0 = Debug|Any CPU
		{D7A028CD-E18B-42E6-B830-B9BE721F6355}.Debug|x86.ActiveCfg = Debug|Any CPU
		{D7A028CD-E18B-42E6-B830-B9BE721F6355}.Debug|x86.Build.0 = Debug|Any CPU
		{D7A028CD-E18B-42E6-B830-B9BE721F6355}.Release|Any CPU.ActiveCfg = Release|Any CPU
		{D7A028CD-E18B-42E6-B830-B9BE721F6355}.Release|Any CPU.Build.0 = Release|Any CPU
		{D7A028CD-E18B-42E6-B830-B9BE721F6355}.Release|x86.ActiveCfg = Release|Any CPU
		{D7A028CD-E18B-42E6-B830-B9BE721F6355}.Release|x86.Build.0 = Release|Any CPU
		{42EFC8E8-8EF0-4334-B77A-F4616284179E}.Debug|Any CPU.ActiveCfg = Debug|Any CPU
		{42EFC8E8-8EF0-4334-B77A-F4616284179E}.Debug|Any CPU.Build.0 = Debug|Any CPU
		{42EFC8E8-8EF0-4334-B77A-F4616284179E}.Debug|x86.ActiveCfg = Debug|Any CPU
		{42EFC8E8-8EF0-4334-B77A-F4616284179E}.Debug|x86.Build.0 = Debug|Any CPU
		{42EFC8E8-8EF0-4334-B77A-F4616284179E}.Release|Any CPU.ActiveCfg = Release|Any CPU
		{42EFC8E8-8EF0-4334-B77A-F4616284179E}.Release|Any CPU.Build.0 = Release|Any CPU
		{42EFC8E8-8EF0-4334-B77A-F4616284179E}.Release|x86.ActiveCfg = Release|Any CPU
		{42EFC8E8-8EF0-4334-B77A-F4616284179E}.Release|x86.Build.0 = Release|Any CPU
		{7139F899-D1F1-436A-B5D1-6FD49BB5BE87}.Debug|Any CPU.ActiveCfg = Debug|Any CPU
		{7139F899-D1F1-436A-B5D1-6FD49BB5BE87}.Debug|Any CPU.Build.0 = Debug|Any CPU
		{7139F899-D1F1-436A-B5D1-6FD49BB5BE87}.Debug|x86.ActiveCfg = Debug|Any CPU
		{7139F899-D1F1-436A-B5D1-6FD49BB5BE87}.Debug|x86.Build.0 = Debug|Any CPU
		{7139F899-D1F1-436A-B5D1-6FD49BB5BE87}.Release|Any CPU.ActiveCfg = Release|Any CPU
		{7139F899-D1F1-436A-B5D1-6FD49BB5BE87}.Release|Any CPU.Build.0 = Release|Any CPU
		{7139F899-D1F1-436A-B5D1-6FD49BB5BE87}.Release|x86.ActiveCfg = Release|Any CPU
		{7139F899-D1F1-436A-B5D1-6FD49BB5BE87}.Release|x86.Build.0 = Release|Any CPU
		{7060DCA3-70DD-4799-9B67-63AB69D536BC}.Debug|Any CPU.ActiveCfg = Debug|Any CPU
		{7060DCA3-70DD-4799-9B67-63AB69D536BC}.Debug|Any CPU.Build.0 = Debug|Any CPU
		{7060DCA3-70DD-4799-9B67-63AB69D536BC}.Debug|x86.ActiveCfg = Debug|Any CPU
		{7060DCA3-70DD-4799-9B67-63AB69D536BC}.Debug|x86.Build.0 = Debug|Any CPU
		{7060DCA3-70DD-4799-9B67-63AB69D536BC}.Release|Any CPU.ActiveCfg = Release|Any CPU
		{7060DCA3-70DD-4799-9B67-63AB69D536BC}.Release|Any CPU.Build.0 = Release|Any CPU
		{7060DCA3-70DD-4799-9B67-63AB69D536BC}.Release|x86.ActiveCfg = Release|Any CPU
		{7060DCA3-70DD-4799-9B67-63AB69D536BC}.Release|x86.Build.0 = Release|Any CPU
	EndGlobalSection
	GlobalSection(SolutionProperties) = preSolution
		HideSolutionNode = FALSE
	EndGlobalSection
	GlobalSection(NestedProjects) = preSolution
		{42EFC8E8-8EF0-4334-B77A-F4616284179E} = {F357C0AC-2D4F-4B94-BA53-CBB7774ADDCB}
		{7139F899-D1F1-436A-B5D1-6FD49BB5BE87} = {F357C0AC-2D4F-4B94-BA53-CBB7774ADDCB}
	EndGlobalSection
	GlobalSection(ExtensibilityGlobals) = postSolution
		SolutionGuid = {9EA16B7B-4ED6-4249-8C76-9548D3128B5E}
	EndGlobalSection
EndGlobal
