
Microsoft Visual Studio Solution File, Format Version 12.00
# Visual Studio Version 17
VisualStudioVersion = 17.13.35931.197
MinimumVisualStudioVersion = 10.0.40219.1
Project("{FAE04EC0-301F-11D3-BF4B-00C04F79EFBC}") = "MauiSkiaGum", "MauiSkiaGum.csproj", "{966C9898-2853-433E-9298-13029E5F6ABC}"
EndProject
Project("{FAE04EC0-301F-11D3-BF4B-00C04F79EFBC}") = "SkiaGum.Maui", "..\..\Runtimes\SkiaGum.Maui\SkiaGum.Maui.csproj", "{93EC0A96-E7D4-336F-93DB-9FA665AAAF52}"
EndProject
Project("{FAE04EC0-301F-11D3-BF4B-00C04F79EFBC}") = "GumCommon", "..\..\GumCommon\GumCommon.csproj", "{4DB09B34-1EBE-7FC3-3E38-251BF602AF79}"
EndProject
Project("{FAE04EC0-301F-11D3-BF4B-00C04F79EFBC}") = "SkiaGum", "..\..\SkiaGum\SkiaGum.csproj", "{40A1FD91-0471-68E9-ABEE-C7EF715BAD8C}"
EndProject
Project("{2150E333-8FDC-42A3-9474-1A3956D46DE8}") = "Libraries", "Libraries", "{2ACD4071-A998-47FA-9B57-753FADD2545D}"
EndProject
Global
	GlobalSection(SolutionConfigurationPlatforms) = preSolution
		Debug|Any CPU = Debug|Any CPU
		Release|Any CPU = Release|Any CPU
	EndGlobalSection
	GlobalSection(ProjectConfigurationPlatforms) = postSolution
		{966C9898-2853-433E-9298-13029E5F6ABC}.Debug|Any CPU.ActiveCfg = Debug|Any CPU
		{966C9898-2853-433E-9298-13029E5F6ABC}.Debug|Any CPU.Build.0 = Debug|Any CPU
		{966C9898-2853-433E-9298-13029E5F6ABC}.Debug|Any CPU.Deploy.0 = Debug|Any CPU
		{966C9898-2853-433E-9298-13029E5F6ABC}.Release|Any CPU.ActiveCfg = Release|Any CPU
		{966C9898-2853-433E-9298-13029E5F6ABC}.Release|Any CPU.Build.0 = Release|Any CPU
		{93EC0A96-E7D4-336F-93DB-9FA665AAAF52}.Debug|Any CPU.ActiveCfg = Debug|Any CPU
		{93EC0A96-E7D4-336F-93DB-9FA665AAAF52}.Debug|Any CPU.Build.0 = Debug|Any CPU
		{93EC0A96-E7D4-336F-93DB-9FA665AAAF52}.Release|Any CPU.ActiveCfg = Release|Any CPU
		{93EC0A96-E7D4-336F-93DB-9FA665AAAF52}.Release|Any CPU.Build.0 = Release|Any CPU
		{4DB09B34-1EBE-7FC3-3E38-251BF602AF79}.Debug|Any CPU.ActiveCfg = Debug|Any CPU
		{4DB09B34-1EBE-7FC3-3E38-251BF602AF79}.Debug|Any CPU.Build.0 = Debug|Any CPU
		{4DB09B34-1EBE-7FC3-3E38-251BF602AF79}.Release|Any CPU.ActiveCfg = Release|Any CPU
		{4DB09B34-1EBE-7FC3-3E38-251BF602AF79}.Release|Any CPU.Build.0 = Release|Any CPU
		{40A1FD91-0471-68E9-ABEE-C7EF715BAD8C}.Debug|Any CPU.ActiveCfg = Debug|Any CPU
		{40A1FD91-0471-68E9-ABEE-C7EF715BAD8C}.Debug|Any CPU.Build.0 = Debug|Any CPU
		{40A1FD91-0471-68E9-ABEE-C7EF715BAD8C}.Release|Any CPU.ActiveCfg = Release|Any CPU
		{40A1FD91-0471-68E9-ABEE-C7EF715BAD8C}.Release|Any CPU.Build.0 = Release|Any CPU
	EndGlobalSection
	GlobalSection(SolutionProperties) = preSolution
		HideSolutionNode = FALSE
	EndGlobalSection
	GlobalSection(NestedProjects) = preSolution
		{93EC0A96-E7D4-336F-93DB-9FA665AAAF52} = {2ACD4071-A998-47FA-9B57-753FADD2545D}
		{4DB09B34-1EBE-7FC3-3E38-251BF602AF79} = {2ACD4071-A998-47FA-9B57-753FADD2545D}
		{40A1FD91-0471-68E9-ABEE-C7EF715BAD8C} = {2ACD4071-A998-47FA-9B57-753FADD2545D}
	EndGlobalSection
	GlobalSection(ExtensibilityGlobals) = postSolution
		SolutionGuid = {3F5F18D4-F9A0-4455-8F9E-F5743C3EC0C2}
	EndGlobalSection
EndGlobal
