
Microsoft Visual Studio Solution File, Format Version 12.00
# Visual Studio Version 17
VisualStudioVersion = 17.8.34316.72
MinimumVisualStudioVersion = 10.0.40219.1
Project("{FAE04EC0-301F-11D3-BF4B-00C04F79EFBC}") = "MonoGameGumInCode", "MonoGameGumInCode\MonoGameGumInCode.csproj", "{09BF1EC0-8568-4068-B332-7201A1554EE4}"
EndProject
Project("{9A19103F-16F7-4668-BE54-9A1E7A4F7556}") = "MonoGameGum", "..\..\MonoGameGum\MonoGameGum.csproj", "{B0AC0045-98DE-4C05-8BC8-9340B2DD3C7C}"
EndProject
Project("{9A19103F-16F7-4668-BE54-9A1E7A4F7556}") = "GumCommon", "..\..\GumCommon\GumCommon.csproj", "{B2814A65-9CF4-4D6F-8CE4-9F57DBB7A581}"
EndProject
Project("{2150E333-8FDC-42A3-9474-1A3956D46DE8}") = "LibraryProjects", "LibraryProjects", "{BA47214B-70E2-4BCE-A498-4AF4A57B8AEF}"
EndProject
Global
	GlobalSection(SolutionConfigurationPlatforms) = preSolution
		Debug|Any CPU = Debug|Any CPU
		Debug|x86 = Debug|x86
		Release|Any CPU = Release|Any CPU
		Release|x86 = Release|x86
	EndGlobalSection
	GlobalSection(ProjectConfigurationPlatforms) = postSolution
		{09BF1EC0-8568-4068-B332-7201A1554EE4}.Debug|Any CPU.ActiveCfg = Debug|Any CPU
		{09BF1EC0-8568-4068-B332-7201A1554EE4}.Debug|Any CPU.Build.0 = Debug|Any CPU
		{09BF1EC0-8568-4068-B332-7201A1554EE4}.Debug|x86.ActiveCfg = Debug|Any CPU
		{09BF1EC0-8568-4068-B332-7201A1554EE4}.Debug|x86.Build.0 = Debug|Any CPU
		{09BF1EC0-8568-4068-B332-7201A1554EE4}.Release|Any CPU.ActiveCfg = Release|Any CPU
		{09BF1EC0-8568-4068-B332-7201A1554EE4}.Release|Any CPU.Build.0 = Release|Any CPU
		{09BF1EC0-8568-4068-B332-7201A1554EE4}.Release|x86.ActiveCfg = Release|Any CPU
		{09BF1EC0-8568-4068-B332-7201A1554EE4}.Release|x86.Build.0 = Release|Any CPU
		{B0AC0045-98DE-4C05-8BC8-9340B2DD3C7C}.Debug|Any CPU.ActiveCfg = Debug|Any CPU
		{B0AC0045-98DE-4C05-8BC8-9340B2DD3C7C}.Debug|Any CPU.Build.0 = Debug|Any CPU
		{B0AC0045-98DE-4C05-8BC8-9340B2DD3C7C}.Debug|x86.ActiveCfg = Debug|Any CPU
		{B0AC0045-98DE-4C05-8BC8-9340B2DD3C7C}.Debug|x86.Build.0 = Debug|Any CPU
		{B0AC0045-98DE-4C05-8BC8-9340B2DD3C7C}.Release|Any CPU.ActiveCfg = Release|Any CPU
		{B0AC0045-98DE-4C05-8BC8-9340B2DD3C7C}.Release|Any CPU.Build.0 = Release|Any CPU
		{B0AC0045-98DE-4C05-8BC8-9340B2DD3C7C}.Release|x86.ActiveCfg = Release|Any CPU
		{B0AC0045-98DE-4C05-8BC8-9340B2DD3C7C}.Release|x86.Build.0 = Release|Any CPU
		{B2814A65-9CF4-4D6F-8CE4-9F57DBB7A581}.Debug|Any CPU.ActiveCfg = Debug|Any CPU
		{B2814A65-9CF4-4D6F-8CE4-9F57DBB7A581}.Debug|Any CPU.Build.0 = Debug|Any CPU
		{B2814A65-9CF4-4D6F-8CE4-9F57DBB7A581}.Debug|x86.ActiveCfg = Debug|Any CPU
		{B2814A65-9CF4-4D6F-8CE4-9F57DBB7A581}.Debug|x86.Build.0 = Debug|Any CPU
		{B2814A65-9CF4-4D6F-8CE4-9F57DBB7A581}.Release|Any CPU.ActiveCfg = Release|Any CPU
		{B2814A65-9CF4-4D6F-8CE4-9F57DBB7A581}.Release|Any CPU.Build.0 = Release|Any CPU
		{B2814A65-9CF4-4D6F-8CE4-9F57DBB7A581}.Release|x86.ActiveCfg = Release|Any CPU
		{B2814A65-9CF4-4D6F-8CE4-9F57DBB7A581}.Release|x86.Build.0 = Release|Any CPU
	EndGlobalSection
	GlobalSection(SolutionProperties) = preSolution
		HideSolutionNode = FALSE
	EndGlobalSection
	GlobalSection(NestedProjects) = preSolution
		{B0AC0045-98DE-4C05-8BC8-9340B2DD3C7C} = {BA47214B-70E2-4BCE-A498-4AF4A57B8AEF}
		{B2814A65-9CF4-4D6F-8CE4-9F57DBB7A581} = {BA47214B-70E2-4BCE-A498-4AF4A57B8AEF}
	EndGlobalSection
	GlobalSection(ExtensibilityGlobals) = postSolution
		SolutionGuid = {5A536017-6AF7-41AE-BAE8-47820035ACBD}
	EndGlobalSection
EndGlobal
