
Microsoft Visual Studio Solution File, Format Version 12.00
# Visual Studio Version 17
VisualStudioVersion = 17.8.34316.72
MinimumVisualStudioVersion = 10.0.40219.1
Project("{FAE04EC0-301F-11D3-BF4B-00C04F79EFBC}") = "MonoGameGumInCode", "MonoGameGumInCode\MonoGameGumInCode.csproj", "{09BF1EC0-8568-4068-B332-7201A1554EE4}"
EndProject
Project("{9A19103F-16F7-4668-BE54-9A1E7A4F7556}") = "MonoGameGum", "..\..\MonoGameGum\MonoGameGum.csproj", "{B0AC0045-98DE-4C05-8BC8-9340B2DD3C7C}"
EndProject
Project("{9A19103F-16F7-4668-BE54-9A1E7A4F7556}") = "GumCommon", "..\..\GumCommon\GumCommon.csproj", "{B2814A65-9CF4-4D6F-8CE4-9F57DBB7A581}"
EndProject
Project("{2150E333-8FDC-42A3-9474-1A3956D46DE8}") = "LibraryProjects", "LibraryProjects", "{BA47214B-70E2-4BCE-A498-4AF4A57B8AEF}"
EndProject
Project("{FAE04EC0-301F-11D3-BF4B-00C04F79EFBC}") = "KernSmith.MonoGameGum", "..\..\Integrations\KernSmith\KernSmith.MonoGameGum\KernSmith.MonoGameGum.csproj", "{A3BB043D-370A-4A2E-A548-C325CE556A16}"
EndProject
Project("{FAE04EC0-301F-11D3-BF4B-00C04F79EFBC}") = "KernSmith.GumCommon", "..\..\Integrations\KernSmith\KernSmith.GumCommon\KernSmith.GumCommon.csproj", "{3A990D8F-58B6-4D60-938D-2944E7366FF5}"
EndProject
Project("{9A19103F-16F7-4668-BE54-9A1E7A4F7556}") = "MonoGameGumShapes", "..\..\Runtimes\GumShapes\MonoGameGumShapes.csproj", "{E7F419A2-6D3B-4C81-9F5E-2A8C7B0D63E1}"
EndProject
Global
	GlobalSection(SolutionConfigurationPlatforms) = preSolution
		Debug|Any CPU = Debug|Any CPU
		Debug|x86 = Debug|x86
		Debug|x64 = Debug|x64
		Release|Any CPU = Release|Any CPU
		Release|x86 = Release|x86
		Release|x64 = Release|x64
	EndGlobalSection
	GlobalSection(ProjectConfigurationPlatforms) = postSolution
		{09BF1EC0-8568-4068-B332-7201A1554EE4}.Debug|Any CPU.ActiveCfg = Debug|Any CPU
		{09BF1EC0-8568-4068-B332-7201A1554EE4}.Debug|Any CPU.Build.0 = Debug|Any CPU
		{09BF1EC0-8568-4068-B332-7201A1554EE4}.Debug|x86.ActiveCfg = Debug|Any CPU
		{09BF1EC0-8568-4068-B332-7201A1554EE4}.Debug|x86.Build.0 = Debug|Any CPU
		{09BF1EC0-8568-4068-B332-7201A1554EE4}.Debug|x64.ActiveCfg = Debug|Any CPU
		{09BF1EC0-8568-4068-B332-7201A1554EE4}.Debug|x64.Build.0 = Debug|Any CPU
		{09BF1EC0-8568-4068-B332-7201A1554EE4}.Release|Any CPU.ActiveCfg = Release|Any CPU
		{09BF1EC0-8568-4068-B332-7201A1554EE4}.Release|Any CPU.Build.0 = Release|Any CPU
		{09BF1EC0-8568-4068-B332-7201A1554EE4}.Release|x86.ActiveCfg = Release|Any CPU
		{09BF1EC0-8568-4068-B332-7201A1554EE4}.Release|x86.Build.0 = Release|Any CPU
		{09BF1EC0-8568-4068-B332-7201A1554EE4}.Release|x64.ActiveCfg = Release|Any CPU
		{09BF1EC0-8568-4068-B332-7201A1554EE4}.Release|x64.Build.0 = Release|Any CPU
		{B0AC0045-98DE-4C05-8BC8-9340B2DD3C7C}.Debug|Any CPU.ActiveCfg = Debug|Any CPU
		{B0AC0045-98DE-4C05-8BC8-9340B2DD3C7C}.Debug|Any CPU.Build.0 = Debug|Any CPU
		{B0AC0045-98DE-4C05-8BC8-9340B2DD3C7C}.Debug|x86.ActiveCfg = Debug|Any CPU
		{B0AC0045-98DE-4C05-8BC8-9340B2DD3C7C}.Debug|x86.Build.0 = Debug|Any CPU
		{B0AC0045-98DE-4C05-8BC8-9340B2DD3C7C}.Debug|x64.ActiveCfg = Debug|Any CPU
		{B0AC0045-98DE-4C05-8BC8-9340B2DD3C7C}.Debug|x64.Build.0 = Debug|Any CPU
		{B0AC0045-98DE-4C05-8BC8-9340B2DD3C7C}.Release|Any CPU.ActiveCfg = Release|Any CPU
		{B0AC0045-98DE-4C05-8BC8-9340B2DD3C7C}.Release|Any CPU.Build.0 = Release|Any CPU
		{B0AC0045-98DE-4C05-8BC8-9340B2DD3C7C}.Release|x86.ActiveCfg = Release|Any CPU
		{B0AC0045-98DE-4C05-8BC8-9340B2DD3C7C}.Release|x86.Build.0 = Release|Any CPU
		{B0AC0045-98DE-4C05-8BC8-9340B2DD3C7C}.Release|x64.ActiveCfg = Release|Any CPU
		{B0AC0045-98DE-4C05-8BC8-9340B2DD3C7C}.Release|x64.Build.0 = Release|Any CPU
		{B2814A65-9CF4-4D6F-8CE4-9F57DBB7A581}.Debug|Any CPU.ActiveCfg = Debug|Any CPU
		{B2814A65-9CF4-4D6F-8CE4-9F57DBB7A581}.Debug|Any CPU.Build.0 = Debug|Any CPU
		{B2814A65-9CF4-4D6F-8CE4-9F57DBB7A581}.Debug|x86.ActiveCfg = Debug|Any CPU
		{B2814A65-9CF4-4D6F-8CE4-9F57DBB7A581}.Debug|x86.Build.0 = Debug|Any CPU
		{B2814A65-9CF4-4D6F-8CE4-9F57DBB7A581}.Debug|x64.ActiveCfg = Debug|Any CPU
		{B2814A65-9CF4-4D6F-8CE4-9F57DBB7A581}.Debug|x64.Build.0 = Debug|Any CPU
		{B2814A65-9CF4-4D6F-8CE4-9F57DBB7A581}.Release|Any CPU.ActiveCfg = Release|Any CPU
		{B2814A65-9CF4-4D6F-8CE4-9F57DBB7A581}.Release|Any CPU.Build.0 = Release|Any CPU
		{B2814A65-9CF4-4D6F-8CE4-9F57DBB7A581}.Release|x86.ActiveCfg = Release|Any CPU
		{B2814A65-9CF4-4D6F-8CE4-9F57DBB7A581}.Release|x86.Build.0 = Release|Any CPU
		{B2814A65-9CF4-4D6F-8CE4-9F57DBB7A581}.Release|x64.ActiveCfg = Release|Any CPU
		{B2814A65-9CF4-4D6F-8CE4-9F57DBB7A581}.Release|x64.Build.0 = Release|Any CPU
		{A3BB043D-370A-4A2E-A548-C325CE556A16}.Debug|Any CPU.ActiveCfg = Debug|Any CPU
		{A3BB043D-370A-4A2E-A548-C325CE556A16}.Debug|Any CPU.Build.0 = Debug|Any CPU
		{A3BB043D-370A-4A2E-A548-C325CE556A16}.Debug|x86.ActiveCfg = Debug|Any CPU
		{A3BB043D-370A-4A2E-A548-C325CE556A16}.Debug|x86.Build.0 = Debug|Any CPU
		{A3BB043D-370A-4A2E-A548-C325CE556A16}.Debug|x64.ActiveCfg = Debug|Any CPU
		{A3BB043D-370A-4A2E-A548-C325CE556A16}.Debug|x64.Build.0 = Debug|Any CPU
		{A3BB043D-370A-4A2E-A548-C325CE556A16}.Release|Any CPU.ActiveCfg = Release|Any CPU
		{A3BB043D-370A-4A2E-A548-C325CE556A16}.Release|Any CPU.Build.0 = Release|Any CPU
		{A3BB043D-370A-4A2E-A548-C325CE556A16}.Release|x86.ActiveCfg = Release|Any CPU
		{A3BB043D-370A-4A2E-A548-C325CE556A16}.Release|x86.Build.0 = Release|Any CPU
		{A3BB043D-370A-4A2E-A548-C325CE556A16}.Release|x64.ActiveCfg = Release|Any CPU
		{A3BB043D-370A-4A2E-A548-C325CE556A16}.Release|x64.Build.0 = Release|Any CPU
		{3A990D8F-58B6-4D60-938D-2944E7366FF5}.Debug|Any CPU.ActiveCfg = Debug|Any CPU
		{3A990D8F-58B6-4D60-938D-2944E7366FF5}.Debug|Any CPU.Build.0 = Debug|Any CPU
		{3A990D8F-58B6-4D60-938D-2944E7366FF5}.Debug|x86.ActiveCfg = Debug|Any CPU
		{3A990D8F-58B6-4D60-938D-2944E7366FF5}.Debug|x86.Build.0 = Debug|Any CPU
		{3A990D8F-58B6-4D60-938D-2944E7366FF5}.Debug|x64.ActiveCfg = Debug|Any CPU
		{3A990D8F-58B6-4D60-938D-2944E7366FF5}.Debug|x64.Build.0 = Debug|Any CPU
		{3A990D8F-58B6-4D60-938D-2944E7366FF5}.Release|Any CPU.ActiveCfg = Release|Any CPU
		{3A990D8F-58B6-4D60-938D-2944E7366FF5}.Release|Any CPU.Build.0 = Release|Any CPU
		{3A990D8F-58B6-4D60-938D-2944E7366FF5}.Release|x86.ActiveCfg = Release|Any CPU
		{3A990D8F-58B6-4D60-938D-2944E7366FF5}.Release|x86.Build.0 = Release|Any CPU
		{3A990D8F-58B6-4D60-938D-2944E7366FF5}.Release|x64.ActiveCfg = Release|Any CPU
		{3A990D8F-58B6-4D60-938D-2944E7366FF5}.Release|x64.Build.0 = Release|Any CPU
		{E7F419A2-6D3B-4C81-9F5E-2A8C7B0D63E1}.Debug|Any CPU.ActiveCfg = Debug|Any CPU
		{E7F419A2-6D3B-4C81-9F5E-2A8C7B0D63E1}.Debug|Any CPU.Build.0 = Debug|Any CPU
		{E7F419A2-6D3B-4C81-9F5E-2A8C7B0D63E1}.Debug|x86.ActiveCfg = Debug|Any CPU
		{E7F419A2-6D3B-4C81-9F5E-2A8C7B0D63E1}.Debug|x86.Build.0 = Debug|Any CPU
		{E7F419A2-6D3B-4C81-9F5E-2A8C7B0D63E1}.Debug|x64.ActiveCfg = Debug|Any CPU
		{E7F419A2-6D3B-4C81-9F5E-2A8C7B0D63E1}.Debug|x64.Build.0 = Debug|Any CPU
		{E7F419A2-6D3B-4C81-9F5E-2A8C7B0D63E1}.Release|Any CPU.ActiveCfg = Release|Any CPU
		{E7F419A2-6D3B-4C81-9F5E-2A8C7B0D63E1}.Release|Any CPU.Build.0 = Release|Any CPU
		{E7F419A2-6D3B-4C81-9F5E-2A8C7B0D63E1}.Release|x86.ActiveCfg = Release|Any CPU
		{E7F419A2-6D3B-4C81-9F5E-2A8C7B0D63E1}.Release|x86.Build.0 = Release|Any CPU
		{E7F419A2-6D3B-4C81-9F5E-2A8C7B0D63E1}.Release|x64.ActiveCfg = Release|Any CPU
		{E7F419A2-6D3B-4C81-9F5E-2A8C7B0D63E1}.Release|x64.Build.0 = Release|Any CPU
	EndGlobalSection
	GlobalSection(SolutionProperties) = preSolution
		HideSolutionNode = FALSE
	EndGlobalSection
	GlobalSection(NestedProjects) = preSolution
		{B0AC0045-98DE-4C05-8BC8-9340B2DD3C7C} = {BA47214B-70E2-4BCE-A498-4AF4A57B8AEF}
		{B2814A65-9CF4-4D6F-8CE4-9F57DBB7A581} = {BA47214B-70E2-4BCE-A498-4AF4A57B8AEF}
		{A3BB043D-370A-4A2E-A548-C325CE556A16} = {BA47214B-70E2-4BCE-A498-4AF4A57B8AEF}
		{3A990D8F-58B6-4D60-938D-2944E7366FF5} = {BA47214B-70E2-4BCE-A498-4AF4A57B8AEF}
		{E7F419A2-6D3B-4C81-9F5E-2A8C7B0D63E1} = {BA47214B-70E2-4BCE-A498-4AF4A57B8AEF}
	EndGlobalSection
	GlobalSection(ExtensibilityGlobals) = postSolution
		SolutionGuid = {5A536017-6AF7-41AE-BAE8-47820035ACBD}
	EndGlobalSection
EndGlobal
