
Microsoft Visual Studio Solution File, Format Version 12.00
# Visual Studio Version 17
VisualStudioVersion = 17.10.35122.118
MinimumVisualStudioVersion = 10.0.40219.1
Project("{FAE04EC0-301F-11D3-BF4B-00C04F79EFBC}") = "FntLoading", "FntLoading\FntLoading.csproj", "{49FB2E24-75C7-4D56-991F-14B86166553A}"
EndProject
Project("{9A19103F-16F7-4668-BE54-9A1E7A4F7556}") = "MonoGameGum", "..\..\..\MonoGameGum\MonoGameGum.csproj", "{DC280E99-5C89-40E1-9B51-5AD08F6E5F5B}"
EndProject
Project("{FAE04EC0-301F-11D3-BF4B-00C04F79EFBC}") = "GumCommon", "..\..\..\GumCommon\GumCommon.csproj", "{2A1862A8-FEB1-4E96-A6C0-535C9CC04768}"
EndProject
Global
	GlobalSection(SolutionConfigurationPlatforms) = preSolution
		Debug|Any CPU = Debug|Any CPU
		Release|Any CPU = Release|Any CPU
	EndGlobalSection
	GlobalSection(ProjectConfigurationPlatforms) = postSolution
		{49FB2E24-75C7-4D56-991F-14B86166553A}.Debug|Any CPU.ActiveCfg = Debug|Any CPU
		{49FB2E24-75C7-4D56-991F-14B86166553A}.Debug|Any CPU.Build.0 = Debug|Any CPU
		{49FB2E24-75C7-4D56-991F-14B86166553A}.Release|Any CPU.ActiveCfg = Release|Any CPU
		{49FB2E24-75C7-4D56-991F-14B86166553A}.Release|Any CPU.Build.0 = Release|Any CPU
		{DC280E99-5C89-40E1-9B51-5AD08F6E5F5B}.Debug|Any CPU.ActiveCfg = Debug|Any CPU
		{DC280E99-5C89-40E1-9B51-5AD08F6E5F5B}.Debug|Any CPU.Build.0 = Debug|Any CPU
		{DC280E99-5C89-40E1-9B51-5AD08F6E5F5B}.Release|Any CPU.ActiveCfg = Release|Any CPU
		{DC280E99-5C89-40E1-9B51-5AD08F6E5F5B}.Release|Any CPU.Build.0 = Release|Any CPU
		{2A1862A8-FEB1-4E96-A6C0-535C9CC04768}.Debug|Any CPU.ActiveCfg = Debug|Any CPU
		{2A1862A8-FEB1-4E96-A6C0-535C9CC04768}.Debug|Any CPU.Build.0 = Debug|Any CPU
		{2A1862A8-FEB1-4E96-A6C0-535C9CC04768}.Release|Any CPU.ActiveCfg = Release|Any CPU
		{2A1862A8-FEB1-4E96-A6C0-535C9CC04768}.Release|Any CPU.Build.0 = Release|Any CPU
	EndGlobalSection
	GlobalSection(SolutionProperties) = preSolution
		HideSolutionNode = FALSE
	EndGlobalSection
	GlobalSection(ExtensibilityGlobals) = postSolution
		SolutionGuid = {CD96D8D2-10B1-4911-950C-61E5A249F3CB}
	EndGlobalSection
EndGlobal
