
Microsoft Visual Studio Solution File, Format Version 12.00
# Visual Studio Version 17
VisualStudioVersion = 17.0.31903.59
MinimumVisualStudioVersion = 10.0.40219.1
Project("{2150E333-8FDC-42A3-9474-1A3956D46DE8}") = "Hosts", "Hosts", "{2F3EF1A3-B2B0-B28C-122D-FFB85167A4CE}"
EndProject
Project("{FAE04EC0-301F-11D3-BF4B-00C04F79EFBC}") = "MonoGameGumShapesGallery", "MonoGameGumShapesGallery\MonoGameGumShapesGallery.csproj", "{E1941EAD-2F39-4910-8A82-2C95DBCDBCD2}"
EndProject
Project("{FAE04EC0-301F-11D3-BF4B-00C04F79EFBC}") = "GumCommon", "..\..\GumCommon\GumCommon.csproj", "{2B560D6C-E68D-4E38-B48D-BE0241E4375B}"
EndProject
Project("{FAE04EC0-301F-11D3-BF4B-00C04F79EFBC}") = "MonoGameGum", "..\..\MonoGameGum\MonoGameGum.csproj", "{FEC94FAA-52D3-4787-A29D-321E203D0CBB}"
EndProject
Project("{FAE04EC0-301F-11D3-BF4B-00C04F79EFBC}") = "MonoGameGumShapes", "..\..\Runtimes\GumShapes\MonoGameGumShapes.csproj", "{05212FEB-BFE0-4D3A-A37B-4610391136A3}"
EndProject
Project("{FAE04EC0-301F-11D3-BF4B-00C04F79EFBC}") = "KniGumShapesGallery.BlazorGL", "KniGumShapesGallery.BlazorGL\KniGumShapesGallery.BlazorGL.csproj", "{C981D25F-CCF2-46CB-BD12-BCCC020F3E9A}"
EndProject
Project("{FAE04EC0-301F-11D3-BF4B-00C04F79EFBC}") = "KniGum", "..\..\MonoGameGum\KniGum\KniGum.csproj", "{F9855ECB-138E-4CE2-8A2B-A74484D16898}"
EndProject
Project("{FAE04EC0-301F-11D3-BF4B-00C04F79EFBC}") = "KniGumShapes", "..\..\Runtimes\GumShapes\KniGumShapes.csproj", "{4083659A-6591-4B7F-BB5D-0CF2D469340F}"
EndProject
Project("{FAE04EC0-301F-11D3-BF4B-00C04F79EFBC}") = "KniGumShapesGallery.DesktopGL", "KniGumShapesGallery.DesktopGL\KniGumShapesGallery.DesktopGL.csproj", "{72EA8D38-6308-46ED-9276-DC0DCC04408F}"
EndProject
Project("{FAE04EC0-301F-11D3-BF4B-00C04F79EFBC}") = "KniGumShapesGallery.WindowsDX", "KniGumShapesGallery.WindowsDX\KniGumShapesGallery.WindowsDX.csproj", "{837F1374-FEB5-42D9-9993-9B206A2E334D}"
EndProject
Project("{2150E333-8FDC-42A3-9474-1A3956D46DE8}") = "LibraryProjects", "LibraryProjects", "{516FC07F-03FA-8261-7278-7E7BC4530E41}"
EndProject
Global
	GlobalSection(SolutionConfigurationPlatforms) = preSolution
		Debug|Any CPU = Debug|Any CPU
		Debug|x64 = Debug|x64
		Debug|x86 = Debug|x86
		Release|Any CPU = Release|Any CPU
		Release|x64 = Release|x64
		Release|x86 = Release|x86
	EndGlobalSection
	GlobalSection(ProjectConfigurationPlatforms) = postSolution
		{E1941EAD-2F39-4910-8A82-2C95DBCDBCD2}.Debug|Any CPU.ActiveCfg = Debug|Any CPU
		{E1941EAD-2F39-4910-8A82-2C95DBCDBCD2}.Debug|Any CPU.Build.0 = Debug|Any CPU
		{E1941EAD-2F39-4910-8A82-2C95DBCDBCD2}.Debug|x64.ActiveCfg = Debug|Any CPU
		{E1941EAD-2F39-4910-8A82-2C95DBCDBCD2}.Debug|x64.Build.0 = Debug|Any CPU
		{E1941EAD-2F39-4910-8A82-2C95DBCDBCD2}.Debug|x86.ActiveCfg = Debug|Any CPU
		{E1941EAD-2F39-4910-8A82-2C95DBCDBCD2}.Debug|x86.Build.0 = Debug|Any CPU
		{E1941EAD-2F39-4910-8A82-2C95DBCDBCD2}.Release|Any CPU.ActiveCfg = Release|Any CPU
		{E1941EAD-2F39-4910-8A82-2C95DBCDBCD2}.Release|Any CPU.Build.0 = Release|Any CPU
		{E1941EAD-2F39-4910-8A82-2C95DBCDBCD2}.Release|x64.ActiveCfg = Release|Any CPU
		{E1941EAD-2F39-4910-8A82-2C95DBCDBCD2}.Release|x64.Build.0 = Release|Any CPU
		{E1941EAD-2F39-4910-8A82-2C95DBCDBCD2}.Release|x86.ActiveCfg = Release|Any CPU
		{E1941EAD-2F39-4910-8A82-2C95DBCDBCD2}.Release|x86.Build.0 = Release|Any CPU
		{2B560D6C-E68D-4E38-B48D-BE0241E4375B}.Debug|Any CPU.ActiveCfg = Debug|Any CPU
		{2B560D6C-E68D-4E38-B48D-BE0241E4375B}.Debug|Any CPU.Build.0 = Debug|Any CPU
		{2B560D6C-E68D-4E38-B48D-BE0241E4375B}.Debug|x64.ActiveCfg = Debug|Any CPU
		{2B560D6C-E68D-4E38-B48D-BE0241E4375B}.Debug|x64.Build.0 = Debug|Any CPU
		{2B560D6C-E68D-4E38-B48D-BE0241E4375B}.Debug|x86.ActiveCfg = Debug|Any CPU
		{2B560D6C-E68D-4E38-B48D-BE0241E4375B}.Debug|x86.Build.0 = Debug|Any CPU
		{2B560D6C-E68D-4E38-B48D-BE0241E4375B}.Release|Any CPU.ActiveCfg = Release|Any CPU
		{2B560D6C-E68D-4E38-B48D-BE0241E4375B}.Release|Any CPU.Build.0 = Release|Any CPU
		{2B560D6C-E68D-4E38-B48D-BE0241E4375B}.Release|x64.ActiveCfg = Release|Any CPU
		{2B560D6C-E68D-4E38-B48D-BE0241E4375B}.Release|x64.Build.0 = Release|Any CPU
		{2B560D6C-E68D-4E38-B48D-BE0241E4375B}.Release|x86.ActiveCfg = Release|Any CPU
		{2B560D6C-E68D-4E38-B48D-BE0241E4375B}.Release|x86.Build.0 = Release|Any CPU
		{FEC94FAA-52D3-4787-A29D-321E203D0CBB}.Debug|Any CPU.ActiveCfg = Debug|Any CPU
		{FEC94FAA-52D3-4787-A29D-321E203D0CBB}.Debug|Any CPU.Build.0 = Debug|Any CPU
		{FEC94FAA-52D3-4787-A29D-321E203D0CBB}.Debug|x64.ActiveCfg = Debug|Any CPU
		{FEC94FAA-52D3-4787-A29D-321E203D0CBB}.Debug|x64.Build.0 = Debug|Any CPU
		{FEC94FAA-52D3-4787-A29D-321E203D0CBB}.Debug|x86.ActiveCfg = Debug|Any CPU
		{FEC94FAA-52D3-4787-A29D-321E203D0CBB}.Debug|x86.Build.0 = Debug|Any CPU
		{FEC94FAA-52D3-4787-A29D-321E203D0CBB}.Release|Any CPU.ActiveCfg = Release|Any CPU
		{FEC94FAA-52D3-4787-A29D-321E203D0CBB}.Release|Any CPU.Build.0 = Release|Any CPU
		{FEC94FAA-52D3-4787-A29D-321E203D0CBB}.Release|x64.ActiveCfg = Release|Any CPU
		{FEC94FAA-52D3-4787-A29D-321E203D0CBB}.Release|x64.Build.0 = Release|Any CPU
		{FEC94FAA-52D3-4787-A29D-321E203D0CBB}.Release|x86.ActiveCfg = Release|Any CPU
		{FEC94FAA-52D3-4787-A29D-321E203D0CBB}.Release|x86.Build.0 = Release|Any CPU
		{05212FEB-BFE0-4D3A-A37B-4610391136A3}.Debug|Any CPU.ActiveCfg = Debug|Any CPU
		{05212FEB-BFE0-4D3A-A37B-4610391136A3}.Debug|Any CPU.Build.0 = Debug|Any CPU
		{05212FEB-BFE0-4D3A-A37B-4610391136A3}.Debug|x64.ActiveCfg = Debug|Any CPU
		{05212FEB-BFE0-4D3A-A37B-4610391136A3}.Debug|x64.Build.0 = Debug|Any CPU
		{05212FEB-BFE0-4D3A-A37B-4610391136A3}.Debug|x86.ActiveCfg = Debug|Any CPU
		{05212FEB-BFE0-4D3A-A37B-4610391136A3}.Debug|x86.Build.0 = Debug|Any CPU
		{05212FEB-BFE0-4D3A-A37B-4610391136A3}.Release|Any CPU.ActiveCfg = Release|Any CPU
		{05212FEB-BFE0-4D3A-A37B-4610391136A3}.Release|Any CPU.Build.0 = Release|Any CPU
		{05212FEB-BFE0-4D3A-A37B-4610391136A3}.Release|x64.ActiveCfg = Release|Any CPU
		{05212FEB-BFE0-4D3A-A37B-4610391136A3}.Release|x64.Build.0 = Release|Any CPU
		{05212FEB-BFE0-4D3A-A37B-4610391136A3}.Release|x86.ActiveCfg = Release|Any CPU
		{05212FEB-BFE0-4D3A-A37B-4610391136A3}.Release|x86.Build.0 = Release|Any CPU
		{C981D25F-CCF2-46CB-BD12-BCCC020F3E9A}.Debug|Any CPU.ActiveCfg = Debug|Any CPU
		{C981D25F-CCF2-46CB-BD12-BCCC020F3E9A}.Debug|Any CPU.Build.0 = Debug|Any CPU
		{C981D25F-CCF2-46CB-BD12-BCCC020F3E9A}.Debug|x64.ActiveCfg = Debug|Any CPU
		{C981D25F-CCF2-46CB-BD12-BCCC020F3E9A}.Debug|x64.Build.0 = Debug|Any CPU
		{C981D25F-CCF2-46CB-BD12-BCCC020F3E9A}.Debug|x86.ActiveCfg = Debug|Any CPU
		{C981D25F-CCF2-46CB-BD12-BCCC020F3E9A}.Debug|x86.Build.0 = Debug|Any CPU
		{C981D25F-CCF2-46CB-BD12-BCCC020F3E9A}.Release|Any CPU.ActiveCfg = Release|Any CPU
		{C981D25F-CCF2-46CB-BD12-BCCC020F3E9A}.Release|Any CPU.Build.0 = Release|Any CPU
		{C981D25F-CCF2-46CB-BD12-BCCC020F3E9A}.Release|x64.ActiveCfg = Release|Any CPU
		{C981D25F-CCF2-46CB-BD12-BCCC020F3E9A}.Release|x64.Build.0 = Release|Any CPU
		{C981D25F-CCF2-46CB-BD12-BCCC020F3E9A}.Release|x86.ActiveCfg = Release|Any CPU
		{C981D25F-CCF2-46CB-BD12-BCCC020F3E9A}.Release|x86.Build.0 = Release|Any CPU
		{F9855ECB-138E-4CE2-8A2B-A74484D16898}.Debug|Any CPU.ActiveCfg = Debug|Any CPU
		{F9855ECB-138E-4CE2-8A2B-A74484D16898}.Debug|Any CPU.Build.0 = Debug|Any CPU
		{F9855ECB-138E-4CE2-8A2B-A74484D16898}.Debug|x64.ActiveCfg = Debug|Any CPU
		{F9855ECB-138E-4CE2-8A2B-A74484D16898}.Debug|x64.Build.0 = Debug|Any CPU
		{F9855ECB-138E-4CE2-8A2B-A74484D16898}.Debug|x86.ActiveCfg = Debug|Any CPU
		{F9855ECB-138E-4CE2-8A2B-A74484D16898}.Debug|x86.Build.0 = Debug|Any CPU
		{F9855ECB-138E-4CE2-8A2B-A74484D16898}.Release|Any CPU.ActiveCfg = Release|Any CPU
		{F9855ECB-138E-4CE2-8A2B-A74484D16898}.Release|Any CPU.Build.0 = Release|Any CPU
		{F9855ECB-138E-4CE2-8A2B-A74484D16898}.Release|x64.ActiveCfg = Release|Any CPU
		{F9855ECB-138E-4CE2-8A2B-A74484D16898}.Release|x64.Build.0 = Release|Any CPU
		{F9855ECB-138E-4CE2-8A2B-A74484D16898}.Release|x86.ActiveCfg = Release|Any CPU
		{F9855ECB-138E-4CE2-8A2B-A74484D16898}.Release|x86.Build.0 = Release|Any CPU
		{4083659A-6591-4B7F-BB5D-0CF2D469340F}.Debug|Any CPU.ActiveCfg = Debug|Any CPU
		{4083659A-6591-4B7F-BB5D-0CF2D469340F}.Debug|Any CPU.Build.0 = Debug|Any CPU
		{4083659A-6591-4B7F-BB5D-0CF2D469340F}.Debug|x64.ActiveCfg = Debug|Any CPU
		{4083659A-6591-4B7F-BB5D-0CF2D469340F}.Debug|x64.Build.0 = Debug|Any CPU
		{4083659A-6591-4B7F-BB5D-0CF2D469340F}.Debug|x86.ActiveCfg = Debug|Any CPU
		{4083659A-6591-4B7F-BB5D-0CF2D469340F}.Debug|x86.Build.0 = Debug|Any CPU
		{4083659A-6591-4B7F-BB5D-0CF2D469340F}.Release|Any CPU.ActiveCfg = Release|Any CPU
		{4083659A-6591-4B7F-BB5D-0CF2D469340F}.Release|Any CPU.Build.0 = Release|Any CPU
		{4083659A-6591-4B7F-BB5D-0CF2D469340F}.Release|x64.ActiveCfg = Release|Any CPU
		{4083659A-6591-4B7F-BB5D-0CF2D469340F}.Release|x64.Build.0 = Release|Any CPU
		{4083659A-6591-4B7F-BB5D-0CF2D469340F}.Release|x86.ActiveCfg = Release|Any CPU
		{4083659A-6591-4B7F-BB5D-0CF2D469340F}.Release|x86.Build.0 = Release|Any CPU
		{72EA8D38-6308-46ED-9276-DC0DCC04408F}.Debug|Any CPU.ActiveCfg = Debug|Any CPU
		{72EA8D38-6308-46ED-9276-DC0DCC04408F}.Debug|Any CPU.Build.0 = Debug|Any CPU
		{72EA8D38-6308-46ED-9276-DC0DCC04408F}.Debug|x64.ActiveCfg = Debug|Any CPU
		{72EA8D38-6308-46ED-9276-DC0DCC04408F}.Debug|x64.Build.0 = Debug|Any CPU
		{72EA8D38-6308-46ED-9276-DC0DCC04408F}.Debug|x86.ActiveCfg = Debug|Any CPU
		{72EA8D38-6308-46ED-9276-DC0DCC04408F}.Debug|x86.Build.0 = Debug|Any CPU
		{72EA8D38-6308-46ED-9276-DC0DCC04408F}.Release|Any CPU.ActiveCfg = Release|Any CPU
		{72EA8D38-6308-46ED-9276-DC0DCC04408F}.Release|Any CPU.Build.0 = Release|Any CPU
		{72EA8D38-6308-46ED-9276-DC0DCC04408F}.Release|x64.ActiveCfg = Release|Any CPU
		{72EA8D38-6308-46ED-9276-DC0DCC04408F}.Release|x64.Build.0 = Release|Any CPU
		{72EA8D38-6308-46ED-9276-DC0DCC04408F}.Release|x86.ActiveCfg = Release|Any CPU
		{72EA8D38-6308-46ED-9276-DC0DCC04408F}.Release|x86.Build.0 = Release|Any CPU
		{837F1374-FEB5-42D9-9993-9B206A2E334D}.Debug|Any CPU.ActiveCfg = Debug|Any CPU
		{837F1374-FEB5-42D9-9993-9B206A2E334D}.Debug|Any CPU.Build.0 = Debug|Any CPU
		{837F1374-FEB5-42D9-9993-9B206A2E334D}.Debug|x64.ActiveCfg = Debug|Any CPU
		{837F1374-FEB5-42D9-9993-9B206A2E334D}.Debug|x64.Build.0 = Debug|Any CPU
		{837F1374-FEB5-42D9-9993-9B206A2E334D}.Debug|x86.ActiveCfg = Debug|Any CPU
		{837F1374-FEB5-42D9-9993-9B206A2E334D}.Debug|x86.Build.0 = Debug|Any CPU
		{837F1374-FEB5-42D9-9993-9B206A2E334D}.Release|Any CPU.ActiveCfg = Release|Any CPU
		{837F1374-FEB5-42D9-9993-9B206A2E334D}.Release|Any CPU.Build.0 = Release|Any CPU
		{837F1374-FEB5-42D9-9993-9B206A2E334D}.Release|x64.ActiveCfg = Release|Any CPU
		{837F1374-FEB5-42D9-9993-9B206A2E334D}.Release|x64.Build.0 = Release|Any CPU
		{837F1374-FEB5-42D9-9993-9B206A2E334D}.Release|x86.ActiveCfg = Release|Any CPU
		{837F1374-FEB5-42D9-9993-9B206A2E334D}.Release|x86.Build.0 = Release|Any CPU
	EndGlobalSection
	GlobalSection(SolutionProperties) = preSolution
		HideSolutionNode = FALSE
	EndGlobalSection
	GlobalSection(NestedProjects) = preSolution
		{E1941EAD-2F39-4910-8A82-2C95DBCDBCD2} = {2F3EF1A3-B2B0-B28C-122D-FFB85167A4CE}
		{2B560D6C-E68D-4E38-B48D-BE0241E4375B} = {2F3EF1A3-B2B0-B28C-122D-FFB85167A4CE}
		{FEC94FAA-52D3-4787-A29D-321E203D0CBB} = {2F3EF1A3-B2B0-B28C-122D-FFB85167A4CE}
		{05212FEB-BFE0-4D3A-A37B-4610391136A3} = {2F3EF1A3-B2B0-B28C-122D-FFB85167A4CE}
		{C981D25F-CCF2-46CB-BD12-BCCC020F3E9A} = {2F3EF1A3-B2B0-B28C-122D-FFB85167A4CE}
		{F9855ECB-138E-4CE2-8A2B-A74484D16898} = {2F3EF1A3-B2B0-B28C-122D-FFB85167A4CE}
		{4083659A-6591-4B7F-BB5D-0CF2D469340F} = {2F3EF1A3-B2B0-B28C-122D-FFB85167A4CE}
		{72EA8D38-6308-46ED-9276-DC0DCC04408F} = {2F3EF1A3-B2B0-B28C-122D-FFB85167A4CE}
		{837F1374-FEB5-42D9-9993-9B206A2E334D} = {2F3EF1A3-B2B0-B28C-122D-FFB85167A4CE}
	EndGlobalSection
EndGlobal
