
Microsoft Visual Studio Solution File, Format Version 12.00
# Visual Studio Version 17
VisualStudioVersion = 17.9.34728.123
MinimumVisualStudioVersion = 10.0.40219.1
Project("{2150E333-8FDC-42A3-9474-1A3956D46DE8}") = "KniGumInCode", "KniGumInCode", "{A3522793-0D68-4FA3-BE05-CC37888E8B42}"
EndProject
Project("{9A19103F-16F7-4668-BE54-9A1E7A4F7556}") = "KniGumInCode.Android", "KniGumInCode.Android\KniGumInCode.Android.csproj", "{16E767A3-BE53-4718-A6B5-1D08CF95DFC5}"
EndProject
Project("{9A19103F-16F7-4668-BE54-9A1E7A4F7556}") = "KniGumInCode.WindowsDX", "KniGumInCode.WindowsDX\KniGumInCode.WindowsDX.csproj", "{3AF2E807-5B3D-4B2F-AB79-41C4EAB0AF98}"
EndProject
Project("{9A19103F-16F7-4668-BE54-9A1E7A4F7556}") = "KniGumInCode.DesktopGL", "KniGumInCode.DesktopGL\KniGumInCode.DesktopGL.csproj", "{7FBDB67C-3E17-4856-9B98-FB06F5327631}"
EndProject
Project("{9A19103F-16F7-4668-BE54-9A1E7A4F7556}") = "KniGumInCode.BlazorGL", "KniGumInCode.BlazorGL\KniGumInCode.BlazorGL.csproj", "{92E4BA45-E9CB-466B-852C-2BB3033CD2FD}"
EndProject
Project("{9A19103F-16F7-4668-BE54-9A1E7A4F7556}") = "KniGumInCodeCommon", "KniGumInCodeCommon\KniGumInCodeCommon.csproj", "{F9B43EC9-835E-4224-AA3D-EDDA6E31B482}"
EndProject
Project("{2150E333-8FDC-42A3-9474-1A3956D46DE8}") = "LibraryProjects", "LibraryProjects", "{784E1D79-FFD7-417F-A1BA-270F09F09F30}"
EndProject
Project("{9A19103F-16F7-4668-BE54-9A1E7A4F7556}") = "GumCommon", "..\..\GumCommon\GumCommon.csproj", "{DFD2B477-3811-4806-8B20-F4F44D354189}"
EndProject
Project("{9A19103F-16F7-4668-BE54-9A1E7A4F7556}") = "KniGum", "..\..\MonoGameGum\KniGum\KniGum.csproj", "{5FD51919-6C1D-4017-A3AF-D42A53119640}"
EndProject
Global
	GlobalSection(SolutionConfigurationPlatforms) = preSolution
		Debug|Any CPU = Debug|Any CPU
		Debug|x86 = Debug|x86
		Release|Any CPU = Release|Any CPU
		Release|x86 = Release|x86
	EndGlobalSection
	GlobalSection(ProjectConfigurationPlatforms) = postSolution
		{16E767A3-BE53-4718-A6B5-1D08CF95DFC5}.Debug|Any CPU.ActiveCfg = Debug|Any CPU
		{16E767A3-BE53-4718-A6B5-1D08CF95DFC5}.Debug|Any CPU.Build.0 = Debug|Any CPU
		{16E767A3-BE53-4718-A6B5-1D08CF95DFC5}.Debug|Any CPU.Deploy.0 = Debug|Any CPU
		{16E767A3-BE53-4718-A6B5-1D08CF95DFC5}.Debug|x86.ActiveCfg = Debug|Any CPU
		{16E767A3-BE53-4718-A6B5-1D08CF95DFC5}.Debug|x86.Build.0 = Debug|Any CPU
		{16E767A3-BE53-4718-A6B5-1D08CF95DFC5}.Debug|x86.Deploy.0 = Debug|Any CPU
		{16E767A3-BE53-4718-A6B5-1D08CF95DFC5}.Release|Any CPU.ActiveCfg = Release|Any CPU
		{16E767A3-BE53-4718-A6B5-1D08CF95DFC5}.Release|Any CPU.Build.0 = Release|Any CPU
		{16E767A3-BE53-4718-A6B5-1D08CF95DFC5}.Release|Any CPU.Deploy.0 = Release|Any CPU
		{16E767A3-BE53-4718-A6B5-1D08CF95DFC5}.Release|x86.ActiveCfg = Release|Any CPU
		{16E767A3-BE53-4718-A6B5-1D08CF95DFC5}.Release|x86.Build.0 = Release|Any CPU
		{16E767A3-BE53-4718-A6B5-1D08CF95DFC5}.Release|x86.Deploy.0 = Release|Any CPU
		{3AF2E807-5B3D-4B2F-AB79-41C4EAB0AF98}.Debug|Any CPU.ActiveCfg = Debug|Any CPU
		{3AF2E807-5B3D-4B2F-AB79-41C4EAB0AF98}.Debug|Any CPU.Build.0 = Debug|Any CPU
		{3AF2E807-5B3D-4B2F-AB79-41C4EAB0AF98}.Debug|x86.ActiveCfg = Debug|Any CPU
		{3AF2E807-5B3D-4B2F-AB79-41C4EAB0AF98}.Debug|x86.Build.0 = Debug|Any CPU
		{3AF2E807-5B3D-4B2F-AB79-41C4EAB0AF98}.Release|Any CPU.ActiveCfg = Release|Any CPU
		{3AF2E807-5B3D-4B2F-AB79-41C4EAB0AF98}.Release|Any CPU.Build.0 = Release|Any CPU
		{3AF2E807-5B3D-4B2F-AB79-41C4EAB0AF98}.Release|x86.ActiveCfg = Release|Any CPU
		{3AF2E807-5B3D-4B2F-AB79-41C4EAB0AF98}.Release|x86.Build.0 = Release|Any CPU
		{7FBDB67C-3E17-4856-9B98-FB06F5327631}.Debug|Any CPU.ActiveCfg = Debug|Any CPU
		{7FBDB67C-3E17-4856-9B98-FB06F5327631}.Debug|Any CPU.Build.0 = Debug|Any CPU
		{7FBDB67C-3E17-4856-9B98-FB06F5327631}.Debug|x86.ActiveCfg = Debug|Any CPU
		{7FBDB67C-3E17-4856-9B98-FB06F5327631}.Debug|x86.Build.0 = Debug|Any CPU
		{7FBDB67C-3E17-4856-9B98-FB06F5327631}.Release|Any CPU.ActiveCfg = Release|Any CPU
		{7FBDB67C-3E17-4856-9B98-FB06F5327631}.Release|Any CPU.Build.0 = Release|Any CPU
		{7FBDB67C-3E17-4856-9B98-FB06F5327631}.Release|x86.ActiveCfg = Release|Any CPU
		{7FBDB67C-3E17-4856-9B98-FB06F5327631}.Release|x86.Build.0 = Release|Any CPU
		{92E4BA45-E9CB-466B-852C-2BB3033CD2FD}.Debug|Any CPU.ActiveCfg = Debug|Any CPU
		{92E4BA45-E9CB-466B-852C-2BB3033CD2FD}.Debug|Any CPU.Build.0 = Debug|Any CPU
		{92E4BA45-E9CB-466B-852C-2BB3033CD2FD}.Debug|x86.ActiveCfg = Debug|Any CPU
		{92E4BA45-E9CB-466B-852C-2BB3033CD2FD}.Debug|x86.Build.0 = Debug|Any CPU
		{92E4BA45-E9CB-466B-852C-2BB3033CD2FD}.Release|Any CPU.ActiveCfg = Release|Any CPU
		{92E4BA45-E9CB-466B-852C-2BB3033CD2FD}.Release|Any CPU.Build.0 = Release|Any CPU
		{92E4BA45-E9CB-466B-852C-2BB3033CD2FD}.Release|x86.ActiveCfg = Release|Any CPU
		{92E4BA45-E9CB-466B-852C-2BB3033CD2FD}.Release|x86.Build.0 = Release|Any CPU
		{F9B43EC9-835E-4224-AA3D-EDDA6E31B482}.Debug|Any CPU.ActiveCfg = Debug|Any CPU
		{F9B43EC9-835E-4224-AA3D-EDDA6E31B482}.Debug|Any CPU.Build.0 = Debug|Any CPU
		{F9B43EC9-835E-4224-AA3D-EDDA6E31B482}.Debug|x86.ActiveCfg = Debug|Any CPU
		{F9B43EC9-835E-4224-AA3D-EDDA6E31B482}.Debug|x86.Build.0 = Debug|Any CPU
		{F9B43EC9-835E-4224-AA3D-EDDA6E31B482}.Release|Any CPU.ActiveCfg = Release|Any CPU
		{F9B43EC9-835E-4224-AA3D-EDDA6E31B482}.Release|Any CPU.Build.0 = Release|Any CPU
		{F9B43EC9-835E-4224-AA3D-EDDA6E31B482}.Release|x86.ActiveCfg = Release|Any CPU
		{F9B43EC9-835E-4224-AA3D-EDDA6E31B482}.Release|x86.Build.0 = Release|Any CPU
		{DFD2B477-3811-4806-8B20-F4F44D354189}.Debug|Any CPU.ActiveCfg = Debug|Any CPU
		{DFD2B477-3811-4806-8B20-F4F44D354189}.Debug|Any CPU.Build.0 = Debug|Any CPU
		{DFD2B477-3811-4806-8B20-F4F44D354189}.Debug|x86.ActiveCfg = Debug|Any CPU
		{DFD2B477-3811-4806-8B20-F4F44D354189}.Debug|x86.Build.0 = Debug|Any CPU
		{DFD2B477-3811-4806-8B20-F4F44D354189}.Release|Any CPU.ActiveCfg = Release|Any CPU
		{DFD2B477-3811-4806-8B20-F4F44D354189}.Release|Any CPU.Build.0 = Release|Any CPU
		{DFD2B477-3811-4806-8B20-F4F44D354189}.Release|x86.ActiveCfg = Release|Any CPU
		{DFD2B477-3811-4806-8B20-F4F44D354189}.Release|x86.Build.0 = Release|Any CPU
		{5FD51919-6C1D-4017-A3AF-D42A53119640}.Debug|Any CPU.ActiveCfg = Debug|Any CPU
		{5FD51919-6C1D-4017-A3AF-D42A53119640}.Debug|Any CPU.Build.0 = Debug|Any CPU
		{5FD51919-6C1D-4017-A3AF-D42A53119640}.Debug|x86.ActiveCfg = Debug|Any CPU
		{5FD51919-6C1D-4017-A3AF-D42A53119640}.Debug|x86.Build.0 = Debug|Any CPU
		{5FD51919-6C1D-4017-A3AF-D42A53119640}.Release|Any CPU.ActiveCfg = Release|Any CPU
		{5FD51919-6C1D-4017-A3AF-D42A53119640}.Release|Any CPU.Build.0 = Release|Any CPU
		{5FD51919-6C1D-4017-A3AF-D42A53119640}.Release|x86.ActiveCfg = Release|Any CPU
		{5FD51919-6C1D-4017-A3AF-D42A53119640}.Release|x86.Build.0 = Release|Any CPU
	EndGlobalSection
	GlobalSection(SolutionProperties) = preSolution
		HideSolutionNode = FALSE
	EndGlobalSection
	GlobalSection(NestedProjects) = preSolution
		{16E767A3-BE53-4718-A6B5-1D08CF95DFC5} = {A3522793-0D68-4FA3-BE05-CC37888E8B42}
		{3AF2E807-5B3D-4B2F-AB79-41C4EAB0AF98} = {A3522793-0D68-4FA3-BE05-CC37888E8B42}
		{7FBDB67C-3E17-4856-9B98-FB06F5327631} = {A3522793-0D68-4FA3-BE05-CC37888E8B42}
		{92E4BA45-E9CB-466B-852C-2BB3033CD2FD} = {A3522793-0D68-4FA3-BE05-CC37888E8B42}
		{F9B43EC9-835E-4224-AA3D-EDDA6E31B482} = {A3522793-0D68-4FA3-BE05-CC37888E8B42}
		{DFD2B477-3811-4806-8B20-F4F44D354189} = {784E1D79-FFD7-417F-A1BA-270F09F09F30}
		{5FD51919-6C1D-4017-A3AF-D42A53119640} = {784E1D79-FFD7-417F-A1BA-270F09F09F30}
	EndGlobalSection
	GlobalSection(ExtensibilityGlobals) = postSolution
		SolutionGuid = {934CDD9D-1AFB-446E-98F5-2FAA75CB419A}
	EndGlobalSection
EndGlobal
